// !$*UTF8*$!
{
	archiveVersion = 1;
	classes = {
	};
	objectVersion = 52;
	objects = {

/* Begin PBXBuildFile section */
		03F8193524E004A7004F7F36 /* VideoProcessingManager.m in Sources */ = {isa = PBXBuildFile; fileRef = 03F8193024E004A7004F7F36 /* VideoProcessingManager.m */; };
		03F8193624E004A7004F7F36 /* CapturerManager.m in Sources */ = {isa = PBXBuildFile; fileRef = 03F8193424E004A7004F7F36 /* CapturerManager.m */; };
		03F8194524E0E75C004F7F36 /* authpack.h in Sources */ = {isa = PBXBuildFile; fileRef = 03F8193D24E0E66A004F7F36 /* authpack.h */; };
		03F8196324E1371B004F7F36 /* KeyCenter.m in Sources */ = {isa = PBXBuildFile; fileRef = 03F8196224E1371B004F7F36 /* KeyCenter.m */; };
		09C6666424D7BC89001D7AE2 /* AppDelegate.m in Sources */ = {isa = PBXBuildFile; fileRef = 09C6666324D7BC89001D7AE2 /* AppDelegate.m */; };
		09C6666A24D7BC89001D7AE2 /* ViewController.m in Sources */ = {isa = PBXBuildFile; fileRef = 09C6666924D7BC89001D7AE2 /* ViewController.m */; };
		09C6666D24D7BC89001D7AE2 /* Main.storyboard in Resources */ = {isa = PBXBuildFile; fileRef = 09C6666B24D7BC89001D7AE2 /* Main.storyboard */; };
		09C6666F24D7BC8B001D7AE2 /* Assets.xcassets in Resources */ = {isa = PBXBuildFile; fileRef = 09C6666E24D7BC8B001D7AE2 /* Assets.xcassets */; };
		09C6667224D7BC8B001D7AE2 /* LaunchScreen.storyboard in Resources */ = {isa = PBXBuildFile; fileRef = 09C6667024D7BC8B001D7AE2 /* LaunchScreen.storyboard */; };
		09C6667524D7BC8B001D7AE2 /* main.m in Sources */ = {isa = PBXBuildFile; fileRef = 09C6667424D7BC8B001D7AE2 /* main.m */; };
		09C6667F24D7BC8B001D7AE2 /* BeautifyExampleTests.m in Sources */ = {isa = PBXBuildFile; fileRef = 09C6667E24D7BC8B001D7AE2 /* BeautifyExampleTests.m */; };
		09D97239251DE97400EF9E46 /* VideoToolbox.framework in Frameworks */ = {isa = PBXBuildFile; fileRef = 09D97238251DE97400EF9E46 /* VideoToolbox.framework */; };
		09D9725525206D9D00EF9E46 /* CoreML.framework in Frameworks */ = {isa = PBXBuildFile; fileRef = 09D9725425206D9D00EF9E46 /* CoreML.framework */; settings = {ATTRIBUTES = (Weak, ); }; };
		2D8ABD2F2511B63200D28745 /* MainViewController.m in Sources */ = {isa = PBXBuildFile; fileRef = 2D8ABD2E2511B63200D28745 /* MainViewController.m */; };
		2DC7D6142537240200DA0A4B /* AVFoundation.framework in Frameworks */ = {isa = PBXBuildFile; fileRef = 2DC7D6132537240100DA0A4B /* AVFoundation.framework */; };
		2DC7D6162537240800DA0A4B /* Accelerate.framework in Frameworks */ = {isa = PBXBuildFile; fileRef = 2DC7D6152537240800DA0A4B /* Accelerate.framework */; };
		2DC7D61A2537244900DA0A4B /* SystemConfiguration.framework in Frameworks */ = {isa = PBXBuildFile; fileRef = 2DC7D6192537244900DA0A4B /* SystemConfiguration.framework */; };
		2DC7D61C2537245400DA0A4B /* CoreMedia.framework in Frameworks */ = {isa = PBXBuildFile; fileRef = 2DC7D61B2537245400DA0A4B /* CoreMedia.framework */; };
		2DC7D61E2537246D00DA0A4B /* CoreMotion.framework in Frameworks */ = {isa = PBXBuildFile; fileRef = 2DC7D61D2537246D00DA0A4B /* CoreMotion.framework */; };
		2DC7D6202537247900DA0A4B /* AudioToolbox.framework in Frameworks */ = {isa = PBXBuildFile; fileRef = 2DC7D61F2537247900DA0A4B /* AudioToolbox.framework */; };
		2DC7D6272537248600DA0A4B /* libc++.tbd in Frameworks */ = {isa = PBXBuildFile; fileRef = 2DC7D60A2537238B00DA0A4B /* libc++.tbd */; };
		2DF48BEE2514912900575424 /* FUManager.m in Sources */ = {isa = PBXBuildFile; fileRef = 2DF48BED2514912900575424 /* FUManager.m */; };
		2DFDCC862779ACFA005FD7A7 /* ai_human_processor_mb_fast.bundle in Resources */ = {isa = PBXBuildFile; fileRef = 2DFDCC752779ACF8005FD7A7 /* ai_human_processor_mb_fast.bundle */; };
		2DFDCC872779ACFA005FD7A7 /* ai_face_recognizer.bundle in Resources */ = {isa = PBXBuildFile; fileRef = 2DFDCC762779ACF8005FD7A7 /* ai_face_recognizer.bundle */; };
		2DFDCC882779ACFA005FD7A7 /* ai_hand_processor.bundle in Resources */ = {isa = PBXBuildFile; fileRef = 2DFDCC772779ACF8005FD7A7 /* ai_hand_processor.bundle */; };
		2DFDCC892779ACFA005FD7A7 /* ai_face_processor.bundle in Resources */ = {isa = PBXBuildFile; fileRef = 2DFDCC782779ACF8005FD7A7 /* ai_face_processor.bundle */; };
		2DFDCC8A2779ACFA005FD7A7 /* ai_bgseg_green.bundle in Resources */ = {isa = PBXBuildFile; fileRef = 2DFDCC792779ACF8005FD7A7 /* ai_bgseg_green.bundle */; };
		2DFDCC8B2779ACFA005FD7A7 /* ai_face_processor_lite.bundle in Resources */ = {isa = PBXBuildFile; fileRef = 2DFDCC7A2779ACF8005FD7A7 /* ai_face_processor_lite.bundle */; };
		2DFDCC8C2779ACFA005FD7A7 /* ai_hairseg.bundle in Resources */ = {isa = PBXBuildFile; fileRef = 2DFDCC7B2779ACF8005FD7A7 /* ai_hairseg.bundle */; };
		2DFDCC8D2779ACFA005FD7A7 /* ai_human_processor.bundle in Resources */ = {isa = PBXBuildFile; fileRef = 2DFDCC7C2779ACF8005FD7A7 /* ai_human_processor.bundle */; };
		2DFDCC8E2779ACFA005FD7A7 /* tongue.bundle in Resources */ = {isa = PBXBuildFile; fileRef = 2DFDCC7E2779ACF8005FD7A7 /* tongue.bundle */; };
		2DFDCC8F2779ACFA005FD7A7 /* fxaa.bundle in Resources */ = {isa = PBXBuildFile; fileRef = 2DFDCC7F2779ACF8005FD7A7 /* fxaa.bundle */; };
		2DFDCC902779ACFA005FD7A7 /* face_makeup.bundle in Resources */ = {isa = PBXBuildFile; fileRef = 2DFDCC802779ACF8005FD7A7 /* face_makeup.bundle */; };
		2DFDCC912779ACFA005FD7A7 /* controller_cpp.bundle in Resources */ = {isa = PBXBuildFile; fileRef = 2DFDCC812779ACF8005FD7A7 /* controller_cpp.bundle */; };
		2DFDCC922779ACFA005FD7A7 /* body_slim.bundle in Resources */ = {isa = PBXBuildFile; fileRef = 2DFDCC822779ACF8005FD7A7 /* body_slim.bundle */; };
		2DFDCC932779ACFA005FD7A7 /* fuzzytoonfilter.bundle in Resources */ = {isa = PBXBuildFile; fileRef = 2DFDCC832779ACF8005FD7A7 /* fuzzytoonfilter.bundle */; };
		2DFDCC942779ACFA005FD7A7 /* face_beautification.bundle in Resources */ = {isa = PBXBuildFile; fileRef = 2DFDCC842779ACF8005FD7A7 /* face_beautification.bundle */; };
		2DFDCC962779AD01005FD7A7 /* FURenderKit.framework in Frameworks */ = {isa = PBXBuildFile; fileRef = 2DFDCC852779ACFA005FD7A7 /* FURenderKit.framework */; platformFilter = ios; };
		2DFDCC972779AD01005FD7A7 /* FURenderKit.framework in Embed Frameworks */ = {isa = PBXBuildFile; fileRef = 2DFDCC852779ACFA005FD7A7 /* FURenderKit.framework */; platformFilter = ios; settings = {ATTRIBUTES = (CodeSignOnCopy, RemoveHeadersOnCopy, ); }; };
		5F66A41254472834DB1BBB0E /* Pods_BeautifyExample.framework in Frameworks */ = {isa = PBXBuildFile; fileRef = 3D32F315DAB48F1AE0AFB5C4 /* Pods_BeautifyExample.framework */; };
		610C64E814134B04440D425B /* Pods_BeautifyExample.framework in Frameworks */ = {isa = PBXBuildFile; fileRef = 3D32F315DAB48F1AE0AFB5C4 /* Pods_BeautifyExample.framework */; };
		E3583EAA271198AF008E52A7 /* FUDemoManager.m in Sources */ = {isa = PBXBuildFile; fileRef = E3583EA8271198AF008E52A7 /* FUDemoManager.m */; };
		E3583EF5271198D2008E52A7 /* FUBeautyShapeModel.m in Sources */ = {isa = PBXBuildFile; fileRef = E3583EAD271198CF008E52A7 /* FUBeautyShapeModel.m */; };
		E3583EF6271198D2008E52A7 /* FUBeautySkinModel.m in Sources */ = {isa = PBXBuildFile; fileRef = E3583EAE271198CF008E52A7 /* FUBeautySkinModel.m */; };
		E3583EF7271198D2008E52A7 /* FUBeautyBodyModel.m in Sources */ = {isa = PBXBuildFile; fileRef = E3583EAF271198CF008E52A7 /* FUBeautyBodyModel.m */; };
		E3583EF8271198D2008E52A7 /* FUFilterModel.m in Sources */ = {isa = PBXBuildFile; fileRef = E3583EB0271198CF008E52A7 /* FUFilterModel.m */; };
		E3583EF9271198D2008E52A7 /* FUModel.m in Sources */ = {isa = PBXBuildFile; fileRef = E3583EB4271198CF008E52A7 /* FUModel.m */; };
		E3583EFA271198D2008E52A7 /* FUStickerModel.m in Sources */ = {isa = PBXBuildFile; fileRef = E3583EB8271198CF008E52A7 /* FUStickerModel.m */; };
		E3583EFB271198D2008E52A7 /* FUMakeupModel.m in Sources */ = {isa = PBXBuildFile; fileRef = E3583EB9271198CF008E52A7 /* FUMakeupModel.m */; };
		E3583EFC271198D2008E52A7 /* FUViewModel.m in Sources */ = {isa = PBXBuildFile; fileRef = E3583EBB271198CF008E52A7 /* FUViewModel.m */; };
		E3583EFD271198D2008E52A7 /* FUBeautySkinViewModel.m in Sources */ = {isa = PBXBuildFile; fileRef = E3583EBC271198CF008E52A7 /* FUBeautySkinViewModel.m */; };
		E3583EFE271198D2008E52A7 /* FUBeautyShapeViewModel.m in Sources */ = {isa = PBXBuildFile; fileRef = E3583EBD271198CF008E52A7 /* FUBeautyShapeViewModel.m */; };
		E3583EFF271198D2008E52A7 /* FUStickerViewModel.m in Sources */ = {isa = PBXBuildFile; fileRef = E3583EC4271198CF008E52A7 /* FUStickerViewModel.m */; };
		E3583F00271198D2008E52A7 /* FUMakeupViewModel.m in Sources */ = {isa = PBXBuildFile; fileRef = E3583EC6271198CF008E52A7 /* FUMakeupViewModel.m */; };
		E3583F01271198D2008E52A7 /* FUFilterViewModel.m in Sources */ = {isa = PBXBuildFile; fileRef = E3583EC7271198CF008E52A7 /* FUFilterViewModel.m */; };
		E3583F02271198D2008E52A7 /* FUBeautyBodyViewModel.m in Sources */ = {isa = PBXBuildFile; fileRef = E3583EC8271198CF008E52A7 /* FUBeautyBodyViewModel.m */; };
		E3583F03271198D2008E52A7 /* FaceUnity.strings in Resources */ = {isa = PBXBuildFile; fileRef = E3583ECA271198D1008E52A7 /* FaceUnity.strings */; };
		E3583F04271198D2008E52A7 /* oumei.bundle in Resources */ = {isa = PBXBuildFile; fileRef = E3583ECD271198D1008E52A7 /* oumei.bundle */; };
		E3583F05271198D2008E52A7 /* Rose.bundle in Resources */ = {isa = PBXBuildFile; fileRef = E3583ECE271198D1008E52A7 /* Rose.bundle */; };
		E3583F06271198D2008E52A7 /* linjia.bundle in Resources */ = {isa = PBXBuildFile; fileRef = E3583ECF271198D1008E52A7 /* linjia.bundle */; };
		E3583F07271198D2008E52A7 /* yanshimao.bundle in Resources */ = {isa = PBXBuildFile; fileRef = E3583ED0271198D1008E52A7 /* yanshimao.bundle */; };
		E3583F08271198D2008E52A7 /* tianmei.bundle in Resources */ = {isa = PBXBuildFile; fileRef = E3583ED1271198D1008E52A7 /* tianmei.bundle */; };
		E3583F09271198D2008E52A7 /* ziyun.bundle in Resources */ = {isa = PBXBuildFile; fileRef = E3583ED2271198D1008E52A7 /* ziyun.bundle */; };
		E3583F0A271198D2008E52A7 /* chaomo.bundle in Resources */ = {isa = PBXBuildFile; fileRef = E3583ED3271198D1008E52A7 /* chaomo.bundle */; };
		E3583F0B271198D2008E52A7 /* hongfeng.bundle in Resources */ = {isa = PBXBuildFile; fileRef = E3583ED4271198D1008E52A7 /* hongfeng.bundle */; };
		E3583F0C271198D2008E52A7 /* jianling.bundle in Resources */ = {isa = PBXBuildFile; fileRef = E3583ED5271198D1008E52A7 /* jianling.bundle */; };
		E3583F0D271198D2008E52A7 /* gangfeng.bundle in Resources */ = {isa = PBXBuildFile; fileRef = E3583ED6271198D1008E52A7 /* gangfeng.bundle */; };
		E3583F0E271198D2008E52A7 /* chuju.bundle in Resources */ = {isa = PBXBuildFile; fileRef = E3583ED7271198D1008E52A7 /* chuju.bundle */; };
		E3583F0F271198D2008E52A7 /* renyu.bundle in Resources */ = {isa = PBXBuildFile; fileRef = E3583ED8271198D1008E52A7 /* renyu.bundle */; };
		E3583F10271198D2008E52A7 /* qianzhihe.bundle in Resources */ = {isa = PBXBuildFile; fileRef = E3583ED9271198D1008E52A7 /* qianzhihe.bundle */; };
		E3583F11271198D2008E52A7 /* wumei.bundle in Resources */ = {isa = PBXBuildFile; fileRef = E3583EDA271198D1008E52A7 /* wumei.bundle */; };
		E3583F12271198D2008E52A7 /* shaonv.bundle in Resources */ = {isa = PBXBuildFile; fileRef = E3583EDB271198D1008E52A7 /* shaonv.bundle */; };
		E3583F13271198D2008E52A7 /* chuqiu.bundle in Resources */ = {isa = PBXBuildFile; fileRef = E3583EDC271198D1008E52A7 /* chuqiu.bundle */; };
		E3583F14271198D2008E52A7 /* nuandong.bundle in Resources */ = {isa = PBXBuildFile; fileRef = E3583EDD271198D1008E52A7 /* nuandong.bundle */; };
		E3583F15271198D2008E52A7 /* xinggan.bundle in Resources */ = {isa = PBXBuildFile; fileRef = E3583EDE271198D1008E52A7 /* xinggan.bundle */; };
		E3583F16271198D2008E52A7 /* FaceUnity.xcassets in Resources */ = {isa = PBXBuildFile; fileRef = E3583EE0271198D1008E52A7 /* FaceUnity.xcassets */; };
		E3583F17271198D2008E52A7 /* fashi.bundle in Resources */ = {isa = PBXBuildFile; fileRef = E3583EE2271198D1008E52A7 /* fashi.bundle */; };
		E3583F18271198D2008E52A7 /* sdlu.bundle in Resources */ = {isa = PBXBuildFile; fileRef = E3583EE3271198D1008E52A7 /* sdlu.bundle */; };
		E3583F19271198D2008E52A7 /* xueqiu_lm_fu.bundle in Resources */ = {isa = PBXBuildFile; fileRef = E3583EE4271198D1008E52A7 /* xueqiu_lm_fu.bundle */; };
		E3583F1A271198D2008E52A7 /* DaisyPig.bundle in Resources */ = {isa = PBXBuildFile; fileRef = E3583EE5271198D1008E52A7 /* DaisyPig.bundle */; };
		E3583F1B271198D2008E52A7 /* FUBottomBar.m in Sources */ = {isa = PBXBuildFile; fileRef = E3583EE9271198D2008E52A7 /* FUBottomBar.m */; };
		E3583F1D271198D2008E52A7 /* FUSquareButton.m in Sources */ = {isa = PBXBuildFile; fileRef = E3583EEC271198D2008E52A7 /* FUSquareButton.m */; };
		E3583F1E271198D2008E52A7 /* FUOthersFunctionView.m in Sources */ = {isa = PBXBuildFile; fileRef = E3583EEE271198D2008E52A7 /* FUOthersFunctionView.m */; };
		E3583F1F271198D2008E52A7 /* FUFunctionView.m in Sources */ = {isa = PBXBuildFile; fileRef = E3583EF1271198D2008E52A7 /* FUFunctionView.m */; };
		E3583F20271198D2008E52A7 /* FUBeautyFunctionView.m in Sources */ = {isa = PBXBuildFile; fileRef = E3583EF2271198D2008E52A7 /* FUBeautyFunctionView.m */; };
		E35B22CA253571FF00F50AC2 /* FUTestRecorder.m in Sources */ = {isa = PBXBuildFile; fileRef = E35B22C9253571FF00F50AC2 /* FUTestRecorder.m */; };
		E3C850922717037F007E2CA0 /* FUSlider.m in Sources */ = {isa = PBXBuildFile; fileRef = E3C850902717037F007E2CA0 /* FUSlider.m */; };
		EF9F4BBC82E8B0644E0F1CD2 /* Pods_BeautifyExampleTests.framework in Frameworks */ = {isa = PBXBuildFile; fileRef = DDA4FF26FEF71B547AC46AE1 /* Pods_BeautifyExampleTests.framework */; };
/* End PBXBuildFile section */

/* Begin PBXContainerItemProxy section */
		09C6667B24D7BC8B001D7AE2 /* PBXContainerItemProxy */ = {
			isa = PBXContainerItemProxy;
			containerPortal = 09C6665724D7BC89001D7AE2 /* Project object */;
			proxyType = 1;
			remoteGlobalIDString = 09C6665E24D7BC89001D7AE2;
			remoteInfo = BeautifyExample;
		};
/* End PBXContainerItemProxy section */

/* Begin PBXCopyFilesBuildPhase section */
		E3583EA62711914A008E52A7 /* Embed Frameworks */ = {
			isa = PBXCopyFilesBuildPhase;
			buildActionMask = 2147483647;
			dstPath = "";
			dstSubfolderSpec = 10;
			files = (
				2DFDCC972779AD01005FD7A7 /* FURenderKit.framework in Embed Frameworks */,
			);
			name = "Embed Frameworks";
			runOnlyForDeploymentPostprocessing = 0;
		};
/* End PBXCopyFilesBuildPhase section */

/* Begin PBXFileReference section */
		03F8192F24E004A7004F7F36 /* CapturerManager.h */ = {isa = PBXFileReference; fileEncoding = 4; lastKnownFileType = sourcecode.c.h; path = CapturerManager.h; sourceTree = "<group>"; };
		03F8193024E004A7004F7F36 /* VideoProcessingManager.m */ = {isa = PBXFileReference; fileEncoding = 4; lastKnownFileType = sourcecode.c.objc; path = VideoProcessingManager.m; sourceTree = "<group>"; };
		03F8193124E004A7004F7F36 /* CapturerManagerDelegate.h */ = {isa = PBXFileReference; fileEncoding = 4; lastKnownFileType = sourcecode.c.h; path = CapturerManagerDelegate.h; sourceTree = "<group>"; };
		03F8193224E004A7004F7F36 /* VideoFilterDelegate.h */ = {isa = PBXFileReference; fileEncoding = 4; lastKnownFileType = sourcecode.c.h; path = VideoFilterDelegate.h; sourceTree = "<group>"; };
		03F8193324E004A7004F7F36 /* VideoProcessingManager.h */ = {isa = PBXFileReference; fileEncoding = 4; lastKnownFileType = sourcecode.c.h; path = VideoProcessingManager.h; sourceTree = "<group>"; };
		03F8193424E004A7004F7F36 /* CapturerManager.m */ = {isa = PBXFileReference; fileEncoding = 4; lastKnownFileType = sourcecode.c.objc; path = CapturerManager.m; sourceTree = "<group>"; };
		03F8193D24E0E66A004F7F36 /* authpack.h */ = {isa = PBXFileReference; fileEncoding = 4; lastKnownFileType = sourcecode.c.h; path = authpack.h; sourceTree = "<group>"; };
		03F8196124E1371B004F7F36 /* KeyCenter.h */ = {isa = PBXFileReference; lastKnownFileType = sourcecode.c.h; path = KeyCenter.h; sourceTree = "<group>"; };
		03F8196224E1371B004F7F36 /* KeyCenter.m */ = {isa = PBXFileReference; lastKnownFileType = sourcecode.c.objc; path = KeyCenter.m; sourceTree = "<group>"; };
		09197A8F25354D4200F94343 /* AGMRenderer.framework */ = {isa = PBXFileReference; lastKnownFileType = wrapper.framework; path = AGMRenderer.framework; sourceTree = "<group>"; };
		09197A9025354D4200F94343 /* AGMBase.framework */ = {isa = PBXFileReference; lastKnownFileType = wrapper.framework; path = AGMBase.framework; sourceTree = "<group>"; };
		09197A9125354D4300F94343 /* AGMCapturer.framework */ = {isa = PBXFileReference; lastKnownFileType = wrapper.framework; path = AGMCapturer.framework; sourceTree = "<group>"; };
		09C6665F24D7BC89001D7AE2 /* BeautifyExample.app */ = {isa = PBXFileReference; explicitFileType = wrapper.application; includeInIndex = 0; path = BeautifyExample.app; sourceTree = BUILT_PRODUCTS_DIR; };
		09C6666224D7BC89001D7AE2 /* AppDelegate.h */ = {isa = PBXFileReference; lastKnownFileType = sourcecode.c.h; path = AppDelegate.h; sourceTree = "<group>"; };
		09C6666324D7BC89001D7AE2 /* AppDelegate.m */ = {isa = PBXFileReference; lastKnownFileType = sourcecode.c.objc; path = AppDelegate.m; sourceTree = "<group>"; };
		09C6666824D7BC89001D7AE2 /* ViewController.h */ = {isa = PBXFileReference; lastKnownFileType = sourcecode.c.h; path = ViewController.h; sourceTree = "<group>"; };
		09C6666924D7BC89001D7AE2 /* ViewController.m */ = {isa = PBXFileReference; lastKnownFileType = sourcecode.c.objc; path = ViewController.m; sourceTree = "<group>"; };
		09C6666C24D7BC89001D7AE2 /* Base */ = {isa = PBXFileReference; lastKnownFileType = file.storyboard; name = Base; path = Base.lproj/Main.storyboard; sourceTree = "<group>"; };
		09C6666E24D7BC8B001D7AE2 /* Assets.xcassets */ = {isa = PBXFileReference; lastKnownFileType = folder.assetcatalog; path = Assets.xcassets; sourceTree = "<group>"; };
		09C6667124D7BC8B001D7AE2 /* Base */ = {isa = PBXFileReference; lastKnownFileType = file.storyboard; name = Base; path = Base.lproj/LaunchScreen.storyboard; sourceTree = "<group>"; };
		09C6667324D7BC8B001D7AE2 /* Info.plist */ = {isa = PBXFileReference; lastKnownFileType = text.plist.xml; path = Info.plist; sourceTree = "<group>"; };
		09C6667424D7BC8B001D7AE2 /* main.m */ = {isa = PBXFileReference; lastKnownFileType = sourcecode.c.objc; path = main.m; sourceTree = "<group>"; };
		09C6667A24D7BC8B001D7AE2 /* BeautifyExampleTests.xctest */ = {isa = PBXFileReference; explicitFileType = wrapper.cfbundle; includeInIndex = 0; path = BeautifyExampleTests.xctest; sourceTree = BUILT_PRODUCTS_DIR; };
		09C6667E24D7BC8B001D7AE2 /* BeautifyExampleTests.m */ = {isa = PBXFileReference; lastKnownFileType = sourcecode.c.objc; path = BeautifyExampleTests.m; sourceTree = "<group>"; };
		09C6668024D7BC8B001D7AE2 /* Info.plist */ = {isa = PBXFileReference; lastKnownFileType = text.plist.xml; path = Info.plist; sourceTree = "<group>"; };
		09D97238251DE97400EF9E46 /* VideoToolbox.framework */ = {isa = PBXFileReference; lastKnownFileType = wrapper.framework; name = VideoToolbox.framework; path = System/Library/Frameworks/VideoToolbox.framework; sourceTree = SDKROOT; };
		09D9725425206D9D00EF9E46 /* CoreML.framework */ = {isa = PBXFileReference; lastKnownFileType = wrapper.framework; name = CoreML.framework; path = System/Library/Frameworks/CoreML.framework; sourceTree = SDKROOT; };
		13B61FCDC551C4F0C0E850DB /* Pods-BeautifyExampleTests.debug.xcconfig */ = {isa = PBXFileReference; includeInIndex = 1; lastKnownFileType = text.xcconfig; name = "Pods-BeautifyExampleTests.debug.xcconfig"; path = "Target Support Files/Pods-BeautifyExampleTests/Pods-BeautifyExampleTests.debug.xcconfig"; sourceTree = "<group>"; };
		2D8ABD2D2511B63200D28745 /* MainViewController.h */ = {isa = PBXFileReference; lastKnownFileType = sourcecode.c.h; path = MainViewController.h; sourceTree = "<group>"; };
		2D8ABD2E2511B63200D28745 /* MainViewController.m */ = {isa = PBXFileReference; lastKnownFileType = sourcecode.c.objc; path = MainViewController.m; sourceTree = "<group>"; };
		2DC7D60A2537238B00DA0A4B /* libc++.tbd */ = {isa = PBXFileReference; lastKnownFileType = "sourcecode.text-based-dylib-definition"; name = "libc++.tbd"; path = "usr/lib/libc++.tbd"; sourceTree = SDKROOT; };
		2DC7D6132537240100DA0A4B /* AVFoundation.framework */ = {isa = PBXFileReference; lastKnownFileType = wrapper.framework; name = AVFoundation.framework; path = System/Library/Frameworks/AVFoundation.framework; sourceTree = SDKROOT; };
		2DC7D6152537240800DA0A4B /* Accelerate.framework */ = {isa = PBXFileReference; lastKnownFileType = wrapper.framework; name = Accelerate.framework; path = System/Library/Frameworks/Accelerate.framework; sourceTree = SDKROOT; };
		2DC7D6172537241000DA0A4B /* libz.tbd */ = {isa = PBXFileReference; lastKnownFileType = "sourcecode.text-based-dylib-definition"; name = libz.tbd; path = usr/lib/libz.tbd; sourceTree = SDKROOT; };
		2DC7D6192537244900DA0A4B /* SystemConfiguration.framework */ = {isa = PBXFileReference; lastKnownFileType = wrapper.framework; name = SystemConfiguration.framework; path = System/Library/Frameworks/SystemConfiguration.framework; sourceTree = SDKROOT; };
		2DC7D61B2537245400DA0A4B /* CoreMedia.framework */ = {isa = PBXFileReference; lastKnownFileType = wrapper.framework; name = CoreMedia.framework; path = System/Library/Frameworks/CoreMedia.framework; sourceTree = SDKROOT; };
		2DC7D61D2537246D00DA0A4B /* CoreMotion.framework */ = {isa = PBXFileReference; lastKnownFileType = wrapper.framework; name = CoreMotion.framework; path = System/Library/Frameworks/CoreMotion.framework; sourceTree = SDKROOT; };
		2DC7D61F2537247900DA0A4B /* AudioToolbox.framework */ = {isa = PBXFileReference; lastKnownFileType = wrapper.framework; name = AudioToolbox.framework; path = System/Library/Frameworks/AudioToolbox.framework; sourceTree = SDKROOT; };
		2DF48BEC2514912900575424 /* FUManager.h */ = {isa = PBXFileReference; fileEncoding = 4; lastKnownFileType = sourcecode.c.h; path = FUManager.h; sourceTree = "<group>"; };
		2DF48BED2514912900575424 /* FUManager.m */ = {isa = PBXFileReference; fileEncoding = 4; lastKnownFileType = sourcecode.c.objc; path = FUManager.m; sourceTree = "<group>"; usesTabs = 0; };
		2DFDCC752779ACF8005FD7A7 /* ai_human_processor_mb_fast.bundle */ = {isa = PBXFileReference; lastKnownFileType = file; path = ai_human_processor_mb_fast.bundle; sourceTree = "<group>"; };
		2DFDCC762779ACF8005FD7A7 /* ai_face_recognizer.bundle */ = {isa = PBXFileReference; lastKnownFileType = file; path = ai_face_recognizer.bundle; sourceTree = "<group>"; };
		2DFDCC772779ACF8005FD7A7 /* ai_hand_processor.bundle */ = {isa = PBXFileReference; lastKnownFileType = file; path = ai_hand_processor.bundle; sourceTree = "<group>"; };
		2DFDCC782779ACF8005FD7A7 /* ai_face_processor.bundle */ = {isa = PBXFileReference; lastKnownFileType = file; path = ai_face_processor.bundle; sourceTree = "<group>"; };
		2DFDCC792779ACF8005FD7A7 /* ai_bgseg_green.bundle */ = {isa = PBXFileReference; lastKnownFileType = file; path = ai_bgseg_green.bundle; sourceTree = "<group>"; };
		2DFDCC7A2779ACF8005FD7A7 /* ai_face_processor_lite.bundle */ = {isa = PBXFileReference; lastKnownFileType = file; path = ai_face_processor_lite.bundle; sourceTree = "<group>"; };
		2DFDCC7B2779ACF8005FD7A7 /* ai_hairseg.bundle */ = {isa = PBXFileReference; lastKnownFileType = file; path = ai_hairseg.bundle; sourceTree = "<group>"; };
		2DFDCC7C2779ACF8005FD7A7 /* ai_human_processor.bundle */ = {isa = PBXFileReference; lastKnownFileType = file; path = ai_human_processor.bundle; sourceTree = "<group>"; };
		2DFDCC7E2779ACF8005FD7A7 /* tongue.bundle */ = {isa = PBXFileReference; lastKnownFileType = file; path = tongue.bundle; sourceTree = "<group>"; };
		2DFDCC7F2779ACF8005FD7A7 /* fxaa.bundle */ = {isa = PBXFileReference; lastKnownFileType = file; path = fxaa.bundle; sourceTree = "<group>"; };
		2DFDCC802779ACF8005FD7A7 /* face_makeup.bundle */ = {isa = PBXFileReference; lastKnownFileType = file; path = face_makeup.bundle; sourceTree = "<group>"; };
		2DFDCC812779ACF8005FD7A7 /* controller_cpp.bundle */ = {isa = PBXFileReference; lastKnownFileType = file; path = controller_cpp.bundle; sourceTree = "<group>"; };
		2DFDCC822779ACF8005FD7A7 /* body_slim.bundle */ = {isa = PBXFileReference; lastKnownFileType = file; path = body_slim.bundle; sourceTree = "<group>"; };
		2DFDCC832779ACF8005FD7A7 /* fuzzytoonfilter.bundle */ = {isa = PBXFileReference; lastKnownFileType = file; path = fuzzytoonfilter.bundle; sourceTree = "<group>"; };
		2DFDCC842779ACF8005FD7A7 /* face_beautification.bundle */ = {isa = PBXFileReference; lastKnownFileType = file; path = face_beautification.bundle; sourceTree = "<group>"; };
		2DFDCC852779ACFA005FD7A7 /* FURenderKit.framework */ = {isa = PBXFileReference; lastKnownFileType = wrapper.framework; path = FURenderKit.framework; sourceTree = "<group>"; };
		36236FA0D16FC95D3991BC76 /* Pods-BeautifyExampleTests.release.xcconfig */ = {isa = PBXFileReference; includeInIndex = 1; lastKnownFileType = text.xcconfig; name = "Pods-BeautifyExampleTests.release.xcconfig"; path = "Target Support Files/Pods-BeautifyExampleTests/Pods-BeautifyExampleTests.release.xcconfig"; sourceTree = "<group>"; };
		3D32F315DAB48F1AE0AFB5C4 /* Pods_BeautifyExample.framework */ = {isa = PBXFileReference; explicitFileType = wrapper.framework; includeInIndex = 0; path = Pods_BeautifyExample.framework; sourceTree = BUILT_PRODUCTS_DIR; };
		55AE3D698E3E43CFA1B47A16 /* Pods-BeautifyExample.debug.xcconfig */ = {isa = PBXFileReference; includeInIndex = 1; lastKnownFileType = text.xcconfig; name = "Pods-BeautifyExample.debug.xcconfig"; path = "Target Support Files/Pods-BeautifyExample/Pods-BeautifyExample.debug.xcconfig"; sourceTree = "<group>"; };
		AC523AADA896ACCF33329856 /* Pods-BeautifyExample.release.xcconfig */ = {isa = PBXFileReference; includeInIndex = 1; lastKnownFileType = text.xcconfig; name = "Pods-BeautifyExample.release.xcconfig"; path = "Target Support Files/Pods-BeautifyExample/Pods-BeautifyExample.release.xcconfig"; sourceTree = "<group>"; };
		DDA4FF26FEF71B547AC46AE1 /* Pods_BeautifyExampleTests.framework */ = {isa = PBXFileReference; explicitFileType = wrapper.framework; includeInIndex = 0; path = Pods_BeautifyExampleTests.framework; sourceTree = BUILT_PRODUCTS_DIR; };
		E3583EA8271198AF008E52A7 /* FUDemoManager.m */ = {isa = PBXFileReference; fileEncoding = 4; lastKnownFileType = sourcecode.c.objc; path = FUDemoManager.m; sourceTree = "<group>"; };
		E3583EA9271198AF008E52A7 /* FUDemoManager.h */ = {isa = PBXFileReference; fileEncoding = 4; lastKnownFileType = sourcecode.c.h; path = FUDemoManager.h; sourceTree = "<group>"; };
		E3583EAC271198CF008E52A7 /* FUModel.h */ = {isa = PBXFileReference; fileEncoding = 4; lastKnownFileType = sourcecode.c.h; path = FUModel.h; sourceTree = "<group>"; };
		E3583EAD271198CF008E52A7 /* FUBeautyShapeModel.m */ = {isa = PBXFileReference; fileEncoding = 4; lastKnownFileType = sourcecode.c.objc; path = FUBeautyShapeModel.m; sourceTree = "<group>"; };
		E3583EAE271198CF008E52A7 /* FUBeautySkinModel.m */ = {isa = PBXFileReference; fileEncoding = 4; lastKnownFileType = sourcecode.c.objc; path = FUBeautySkinModel.m; sourceTree = "<group>"; };
		E3583EAF271198CF008E52A7 /* FUBeautyBodyModel.m */ = {isa = PBXFileReference; fileEncoding = 4; lastKnownFileType = sourcecode.c.objc; path = FUBeautyBodyModel.m; sourceTree = "<group>"; };
		E3583EB0271198CF008E52A7 /* FUFilterModel.m */ = {isa = PBXFileReference; fileEncoding = 4; lastKnownFileType = sourcecode.c.objc; path = FUFilterModel.m; sourceTree = "<group>"; };
		E3583EB1271198CF008E52A7 /* FUMakeupModel.h */ = {isa = PBXFileReference; fileEncoding = 4; lastKnownFileType = sourcecode.c.h; path = FUMakeupModel.h; sourceTree = "<group>"; };
		E3583EB2271198CF008E52A7 /* FUStickerModel.h */ = {isa = PBXFileReference; fileEncoding = 4; lastKnownFileType = sourcecode.c.h; path = FUStickerModel.h; sourceTree = "<group>"; };
		E3583EB3271198CF008E52A7 /* FUBeautyShapeModel.h */ = {isa = PBXFileReference; fileEncoding = 4; lastKnownFileType = sourcecode.c.h; path = FUBeautyShapeModel.h; sourceTree = "<group>"; };
		E3583EB4271198CF008E52A7 /* FUModel.m */ = {isa = PBXFileReference; fileEncoding = 4; lastKnownFileType = sourcecode.c.objc; path = FUModel.m; sourceTree = "<group>"; };
		E3583EB5271198CF008E52A7 /* FUFilterModel.h */ = {isa = PBXFileReference; fileEncoding = 4; lastKnownFileType = sourcecode.c.h; path = FUFilterModel.h; sourceTree = "<group>"; };
		E3583EB6271198CF008E52A7 /* FUBeautyBodyModel.h */ = {isa = PBXFileReference; fileEncoding = 4; lastKnownFileType = sourcecode.c.h; path = FUBeautyBodyModel.h; sourceTree = "<group>"; };
		E3583EB7271198CF008E52A7 /* FUBeautySkinModel.h */ = {isa = PBXFileReference; fileEncoding = 4; lastKnownFileType = sourcecode.c.h; path = FUBeautySkinModel.h; sourceTree = "<group>"; };
		E3583EB8271198CF008E52A7 /* FUStickerModel.m */ = {isa = PBXFileReference; fileEncoding = 4; lastKnownFileType = sourcecode.c.objc; path = FUStickerModel.m; sourceTree = "<group>"; };
		E3583EB9271198CF008E52A7 /* FUMakeupModel.m */ = {isa = PBXFileReference; fileEncoding = 4; lastKnownFileType = sourcecode.c.objc; path = FUMakeupModel.m; sourceTree = "<group>"; };
		E3583EBB271198CF008E52A7 /* FUViewModel.m */ = {isa = PBXFileReference; fileEncoding = 4; lastKnownFileType = sourcecode.c.objc; path = FUViewModel.m; sourceTree = "<group>"; };
		E3583EBC271198CF008E52A7 /* FUBeautySkinViewModel.m */ = {isa = PBXFileReference; fileEncoding = 4; lastKnownFileType = sourcecode.c.objc; path = FUBeautySkinViewModel.m; sourceTree = "<group>"; };
		E3583EBD271198CF008E52A7 /* FUBeautyShapeViewModel.m */ = {isa = PBXFileReference; fileEncoding = 4; lastKnownFileType = sourcecode.c.objc; path = FUBeautyShapeViewModel.m; sourceTree = "<group>"; };
		E3583EBE271198CF008E52A7 /* FUStickerViewModel.h */ = {isa = PBXFileReference; fileEncoding = 4; lastKnownFileType = sourcecode.c.h; path = FUStickerViewModel.h; sourceTree = "<group>"; };
		E3583EBF271198CF008E52A7 /* FUBeautyBodyViewModel.h */ = {isa = PBXFileReference; fileEncoding = 4; lastKnownFileType = sourcecode.c.h; path = FUBeautyBodyViewModel.h; sourceTree = "<group>"; };
		E3583EC0271198CF008E52A7 /* FUFilterViewModel.h */ = {isa = PBXFileReference; fileEncoding = 4; lastKnownFileType = sourcecode.c.h; path = FUFilterViewModel.h; sourceTree = "<group>"; };
		E3583EC1271198CF008E52A7 /* FUMakeupViewModel.h */ = {isa = PBXFileReference; fileEncoding = 4; lastKnownFileType = sourcecode.c.h; path = FUMakeupViewModel.h; sourceTree = "<group>"; };
		E3583EC2271198CF008E52A7 /* FUViewModel.h */ = {isa = PBXFileReference; fileEncoding = 4; lastKnownFileType = sourcecode.c.h; path = FUViewModel.h; sourceTree = "<group>"; };
		E3583EC3271198CF008E52A7 /* FUBeautySkinViewModel.h */ = {isa = PBXFileReference; fileEncoding = 4; lastKnownFileType = sourcecode.c.h; path = FUBeautySkinViewModel.h; sourceTree = "<group>"; };
		E3583EC4271198CF008E52A7 /* FUStickerViewModel.m */ = {isa = PBXFileReference; fileEncoding = 4; lastKnownFileType = sourcecode.c.objc; path = FUStickerViewModel.m; sourceTree = "<group>"; };
		E3583EC5271198CF008E52A7 /* FUBeautyShapeViewModel.h */ = {isa = PBXFileReference; fileEncoding = 4; lastKnownFileType = sourcecode.c.h; path = FUBeautyShapeViewModel.h; sourceTree = "<group>"; };
		E3583EC6271198CF008E52A7 /* FUMakeupViewModel.m */ = {isa = PBXFileReference; fileEncoding = 4; lastKnownFileType = sourcecode.c.objc; path = FUMakeupViewModel.m; sourceTree = "<group>"; };
		E3583EC7271198CF008E52A7 /* FUFilterViewModel.m */ = {isa = PBXFileReference; fileEncoding = 4; lastKnownFileType = sourcecode.c.objc; path = FUFilterViewModel.m; sourceTree = "<group>"; };
		E3583EC8271198CF008E52A7 /* FUBeautyBodyViewModel.m */ = {isa = PBXFileReference; fileEncoding = 4; lastKnownFileType = sourcecode.c.objc; path = FUBeautyBodyViewModel.m; sourceTree = "<group>"; };
		E3583ECB271198D1008E52A7 /* zh-Hans */ = {isa = PBXFileReference; lastKnownFileType = text.plist.strings; name = "zh-Hans"; path = "zh-Hans.lproj/FaceUnity.strings"; sourceTree = "<group>"; };
		E3583ECD271198D1008E52A7 /* oumei.bundle */ = {isa = PBXFileReference; lastKnownFileType = file; path = oumei.bundle; sourceTree = "<group>"; };
		E3583ECE271198D1008E52A7 /* Rose.bundle */ = {isa = PBXFileReference; lastKnownFileType = file; path = Rose.bundle; sourceTree = "<group>"; };
		E3583ECF271198D1008E52A7 /* linjia.bundle */ = {isa = PBXFileReference; lastKnownFileType = file; path = linjia.bundle; sourceTree = "<group>"; };
		E3583ED0271198D1008E52A7 /* yanshimao.bundle */ = {isa = PBXFileReference; lastKnownFileType = file; path = yanshimao.bundle; sourceTree = "<group>"; };
		E3583ED1271198D1008E52A7 /* tianmei.bundle */ = {isa = PBXFileReference; lastKnownFileType = file; path = tianmei.bundle; sourceTree = "<group>"; };
		E3583ED2271198D1008E52A7 /* ziyun.bundle */ = {isa = PBXFileReference; lastKnownFileType = file; path = ziyun.bundle; sourceTree = "<group>"; };
		E3583ED3271198D1008E52A7 /* chaomo.bundle */ = {isa = PBXFileReference; lastKnownFileType = file; path = chaomo.bundle; sourceTree = "<group>"; };
		E3583ED4271198D1008E52A7 /* hongfeng.bundle */ = {isa = PBXFileReference; lastKnownFileType = file; path = hongfeng.bundle; sourceTree = "<group>"; };
		E3583ED5271198D1008E52A7 /* jianling.bundle */ = {isa = PBXFileReference; lastKnownFileType = file; path = jianling.bundle; sourceTree = "<group>"; };
		E3583ED6271198D1008E52A7 /* gangfeng.bundle */ = {isa = PBXFileReference; lastKnownFileType = file; path = gangfeng.bundle; sourceTree = "<group>"; };
		E3583ED7271198D1008E52A7 /* chuju.bundle */ = {isa = PBXFileReference; lastKnownFileType = file; path = chuju.bundle; sourceTree = "<group>"; };
		E3583ED8271198D1008E52A7 /* renyu.bundle */ = {isa = PBXFileReference; lastKnownFileType = file; path = renyu.bundle; sourceTree = "<group>"; };
		E3583ED9271198D1008E52A7 /* qianzhihe.bundle */ = {isa = PBXFileReference; lastKnownFileType = file; path = qianzhihe.bundle; sourceTree = "<group>"; };
		E3583EDA271198D1008E52A7 /* wumei.bundle */ = {isa = PBXFileReference; lastKnownFileType = file; path = wumei.bundle; sourceTree = "<group>"; };
		E3583EDB271198D1008E52A7 /* shaonv.bundle */ = {isa = PBXFileReference; lastKnownFileType = file; path = shaonv.bundle; sourceTree = "<group>"; };
		E3583EDC271198D1008E52A7 /* chuqiu.bundle */ = {isa = PBXFileReference; lastKnownFileType = file; path = chuqiu.bundle; sourceTree = "<group>"; };
		E3583EDD271198D1008E52A7 /* nuandong.bundle */ = {isa = PBXFileReference; lastKnownFileType = file; path = nuandong.bundle; sourceTree = "<group>"; };
		E3583EDE271198D1008E52A7 /* xinggan.bundle */ = {isa = PBXFileReference; lastKnownFileType = file; path = xinggan.bundle; sourceTree = "<group>"; };
		E3583EDF271198D1008E52A7 /* en */ = {isa = PBXFileReference; lastKnownFileType = text.plist.strings; name = en; path = en.lproj/FaceUnity.strings; sourceTree = "<group>"; };
		E3583EE0271198D1008E52A7 /* FaceUnity.xcassets */ = {isa = PBXFileReference; lastKnownFileType = folder.assetcatalog; path = FaceUnity.xcassets; sourceTree = "<group>"; };
		E3583EE2271198D1008E52A7 /* fashi.bundle */ = {isa = PBXFileReference; lastKnownFileType = file; path = fashi.bundle; sourceTree = "<group>"; };
		E3583EE3271198D1008E52A7 /* sdlu.bundle */ = {isa = PBXFileReference; lastKnownFileType = file; path = sdlu.bundle; sourceTree = "<group>"; };
		E3583EE4271198D1008E52A7 /* xueqiu_lm_fu.bundle */ = {isa = PBXFileReference; lastKnownFileType = file; path = xueqiu_lm_fu.bundle; sourceTree = "<group>"; };
		E3583EE5271198D1008E52A7 /* DaisyPig.bundle */ = {isa = PBXFileReference; lastKnownFileType = file; path = DaisyPig.bundle; sourceTree = "<group>"; };
		E3583EE7271198D2008E52A7 /* FUDefines.h */ = {isa = PBXFileReference; fileEncoding = 4; lastKnownFileType = sourcecode.c.h; path = FUDefines.h; sourceTree = "<group>"; };
		E3583EE9271198D2008E52A7 /* FUBottomBar.m */ = {isa = PBXFileReference; fileEncoding = 4; lastKnownFileType = sourcecode.c.objc; path = FUBottomBar.m; sourceTree = "<group>"; };
		E3583EEA271198D2008E52A7 /* FUFunctionView.h */ = {isa = PBXFileReference; fileEncoding = 4; lastKnownFileType = sourcecode.c.h; path = FUFunctionView.h; sourceTree = "<group>"; };
		E3583EEC271198D2008E52A7 /* FUSquareButton.m */ = {isa = PBXFileReference; fileEncoding = 4; lastKnownFileType = sourcecode.c.objc; path = FUSquareButton.m; sourceTree = "<group>"; };
		E3583EED271198D2008E52A7 /* FUBeautyFunctionView.h */ = {isa = PBXFileReference; fileEncoding = 4; lastKnownFileType = sourcecode.c.h; path = FUBeautyFunctionView.h; sourceTree = "<group>"; };
		E3583EEE271198D2008E52A7 /* FUOthersFunctionView.m */ = {isa = PBXFileReference; fileEncoding = 4; lastKnownFileType = sourcecode.c.objc; path = FUOthersFunctionView.m; sourceTree = "<group>"; };
		E3583EEF271198D2008E52A7 /* FUBottomBar.h */ = {isa = PBXFileReference; fileEncoding = 4; lastKnownFileType = sourcecode.c.h; path = FUBottomBar.h; sourceTree = "<group>"; };
		E3583EF1271198D2008E52A7 /* FUFunctionView.m */ = {isa = PBXFileReference; fileEncoding = 4; lastKnownFileType = sourcecode.c.objc; path = FUFunctionView.m; sourceTree = "<group>"; };
		E3583EF2271198D2008E52A7 /* FUBeautyFunctionView.m */ = {isa = PBXFileReference; fileEncoding = 4; lastKnownFileType = sourcecode.c.objc; path = FUBeautyFunctionView.m; sourceTree = "<group>"; };
		E3583EF3271198D2008E52A7 /* FUSquareButton.h */ = {isa = PBXFileReference; fileEncoding = 4; lastKnownFileType = sourcecode.c.h; path = FUSquareButton.h; sourceTree = "<group>"; };
		E3583EF4271198D2008E52A7 /* FUOthersFunctionView.h */ = {isa = PBXFileReference; fileEncoding = 4; lastKnownFileType = sourcecode.c.h; path = FUOthersFunctionView.h; sourceTree = "<group>"; };
		E35B22C8253571FF00F50AC2 /* FUTestRecorder.h */ = {isa = PBXFileReference; fileEncoding = 4; lastKnownFileType = sourcecode.c.h; path = FUTestRecorder.h; sourceTree = "<group>"; };
		E35B22C9253571FF00F50AC2 /* FUTestRecorder.m */ = {isa = PBXFileReference; fileEncoding = 4; lastKnownFileType = sourcecode.c.objc; path = FUTestRecorder.m; sourceTree = "<group>"; };
		E3C850902717037F007E2CA0 /* FUSlider.m */ = {isa = PBXFileReference; fileEncoding = 4; lastKnownFileType = sourcecode.c.objc; path = FUSlider.m; sourceTree = "<group>"; };
		E3C850912717037F007E2CA0 /* FUSlider.h */ = {isa = PBXFileReference; fileEncoding = 4; lastKnownFileType = sourcecode.c.h; path = FUSlider.h; sourceTree = "<group>"; };
/* End PBXFileReference section */

/* Begin PBXFrameworksBuildPhase section */
		09C6665C24D7BC89001D7AE2 /* Frameworks */ = {
			isa = PBXFrameworksBuildPhase;
			buildActionMask = 2147483647;
			files = (
				2DC7D61C2537245400DA0A4B /* CoreMedia.framework in Frameworks */,
				09D9725525206D9D00EF9E46 /* CoreML.framework in Frameworks */,
				2DC7D6142537240200DA0A4B /* AVFoundation.framework in Frameworks */,
				2DC7D6162537240800DA0A4B /* Accelerate.framework in Frameworks */,
				2DC7D6272537248600DA0A4B /* libc++.tbd in Frameworks */,
				2DC7D61E2537246D00DA0A4B /* CoreMotion.framework in Frameworks */,
				09D97239251DE97400EF9E46 /* VideoToolbox.framework in Frameworks */,
				2DC7D61A2537244900DA0A4B /* SystemConfiguration.framework in Frameworks */,
				2DFDCC962779AD01005FD7A7 /* FURenderKit.framework in Frameworks */,
				610C64E814134B04440D425B /* Pods_BeautifyExample.framework in Frameworks */,
				5F66A41254472834DB1BBB0E /* Pods_BeautifyExample.framework in Frameworks */,
				2DC7D6202537247900DA0A4B /* AudioToolbox.framework in Frameworks */,
			);
			runOnlyForDeploymentPostprocessing = 0;
		};
		09C6667724D7BC8B001D7AE2 /* Frameworks */ = {
			isa = PBXFrameworksBuildPhase;
			buildActionMask = 2147483647;
			files = (
				EF9F4BBC82E8B0644E0F1CD2 /* Pods_BeautifyExampleTests.framework in Frameworks */,
			);
			runOnlyForDeploymentPostprocessing = 0;
		};
/* End PBXFrameworksBuildPhase section */

/* Begin PBXGroup section */
		03F8192E24E004A7004F7F36 /* Utils */ = {
			isa = PBXGroup;
			children = (
				03F8193324E004A7004F7F36 /* VideoProcessingManager.h */,
				03F8193024E004A7004F7F36 /* VideoProcessingManager.m */,
				03F8192F24E004A7004F7F36 /* CapturerManager.h */,
				03F8193424E004A7004F7F36 /* CapturerManager.m */,
				03F8193124E004A7004F7F36 /* CapturerManagerDelegate.h */,
				03F8193224E004A7004F7F36 /* VideoFilterDelegate.h */,
			);
			path = Utils;
			sourceTree = "<group>";
		};
		09275D0D24DBE135005302C0 /* FaceUnity */ = {
			isa = PBXGroup;
			children = (
				E3BB02B527156EDD00E3B367 /* Lib */,
				E3583EA72711920A008E52A7 /* Demo */,
			);
			path = FaceUnity;
			sourceTree = "<group>";
		};
		09C6665624D7BC89001D7AE2 = {
			isa = PBXGroup;
			children = (
				09C6666124D7BC89001D7AE2 /* BeautifyExample */,
				09C6667D24D7BC8B001D7AE2 /* BeautifyExampleTests */,
				09C6666024D7BC89001D7AE2 /* Products */,
				42A85BEAC6A36FA392D1839E /* Pods */,
				6559BDE7DAD51B36F91DD89D /* Frameworks */,
			);
			sourceTree = "<group>";
		};
		09C6666024D7BC89001D7AE2 /* Products */ = {
			isa = PBXGroup;
			children = (
				09C6665F24D7BC89001D7AE2 /* BeautifyExample.app */,
				09C6667A24D7BC8B001D7AE2 /* BeautifyExampleTests.xctest */,
			);
			name = Products;
			sourceTree = "<group>";
		};
		09C6666124D7BC89001D7AE2 /* BeautifyExample */ = {
			isa = PBXGroup;
			children = (
				03F8192E24E004A7004F7F36 /* Utils */,
				09275D0D24DBE135005302C0 /* FaceUnity */,
				09C6666224D7BC89001D7AE2 /* AppDelegate.h */,
				09C6666324D7BC89001D7AE2 /* AppDelegate.m */,
				2D8ABD2D2511B63200D28745 /* MainViewController.h */,
				2D8ABD2E2511B63200D28745 /* MainViewController.m */,
				09C6666824D7BC89001D7AE2 /* ViewController.h */,
				09C6666924D7BC89001D7AE2 /* ViewController.m */,
				09C6666B24D7BC89001D7AE2 /* Main.storyboard */,
				09C6666E24D7BC8B001D7AE2 /* Assets.xcassets */,
				09C6667024D7BC8B001D7AE2 /* LaunchScreen.storyboard */,
				09C6667324D7BC8B001D7AE2 /* Info.plist */,
				09C6667424D7BC8B001D7AE2 /* main.m */,
				03F8196124E1371B004F7F36 /* KeyCenter.h */,
				03F8196224E1371B004F7F36 /* KeyCenter.m */,
			);
			path = BeautifyExample;
			sourceTree = "<group>";
		};
		09C6667D24D7BC8B001D7AE2 /* BeautifyExampleTests */ = {
			isa = PBXGroup;
			children = (
				09C6667E24D7BC8B001D7AE2 /* BeautifyExampleTests.m */,
				09C6668024D7BC8B001D7AE2 /* Info.plist */,
			);
			path = BeautifyExampleTests;
			sourceTree = "<group>";
		};
		2DFDCC732779ACF8005FD7A7 /* Resources */ = {
			isa = PBXGroup;
			children = (
				2DFDCC742779ACF8005FD7A7 /* model */,
				2DFDCC7D2779ACF8005FD7A7 /* graphics */,
			);
			path = Resources;
			sourceTree = "<group>";
		};
		2DFDCC742779ACF8005FD7A7 /* model */ = {
			isa = PBXGroup;
			children = (
				2DFDCC752779ACF8005FD7A7 /* ai_human_processor_mb_fast.bundle */,
				2DFDCC762779ACF8005FD7A7 /* ai_face_recognizer.bundle */,
				2DFDCC772779ACF8005FD7A7 /* ai_hand_processor.bundle */,
				2DFDCC782779ACF8005FD7A7 /* ai_face_processor.bundle */,
				2DFDCC792779ACF8005FD7A7 /* ai_bgseg_green.bundle */,
				2DFDCC7A2779ACF8005FD7A7 /* ai_face_processor_lite.bundle */,
				2DFDCC7B2779ACF8005FD7A7 /* ai_hairseg.bundle */,
				2DFDCC7C2779ACF8005FD7A7 /* ai_human_processor.bundle */,
			);
			path = model;
			sourceTree = "<group>";
		};
		2DFDCC7D2779ACF8005FD7A7 /* graphics */ = {
			isa = PBXGroup;
			children = (
				2DFDCC7E2779ACF8005FD7A7 /* tongue.bundle */,
				2DFDCC7F2779ACF8005FD7A7 /* fxaa.bundle */,
				2DFDCC802779ACF8005FD7A7 /* face_makeup.bundle */,
				2DFDCC812779ACF8005FD7A7 /* controller_cpp.bundle */,
				2DFDCC822779ACF8005FD7A7 /* body_slim.bundle */,
				2DFDCC832779ACF8005FD7A7 /* fuzzytoonfilter.bundle */,
				2DFDCC842779ACF8005FD7A7 /* face_beautification.bundle */,
			);
			path = graphics;
			sourceTree = "<group>";
		};
		42A85BEAC6A36FA392D1839E /* Pods */ = {
			isa = PBXGroup;
			children = (
				13B61FCDC551C4F0C0E850DB /* Pods-BeautifyExampleTests.debug.xcconfig */,
				36236FA0D16FC95D3991BC76 /* Pods-BeautifyExampleTests.release.xcconfig */,
				55AE3D698E3E43CFA1B47A16 /* Pods-BeautifyExample.debug.xcconfig */,
				AC523AADA896ACCF33329856 /* Pods-BeautifyExample.release.xcconfig */,
			);
			path = Pods;
			sourceTree = "<group>";
		};
		6559BDE7DAD51B36F91DD89D /* Frameworks */ = {
			isa = PBXGroup;
			children = (
				2DC7D61F2537247900DA0A4B /* AudioToolbox.framework */,
				2DC7D61D2537246D00DA0A4B /* CoreMotion.framework */,
				2DC7D61B2537245400DA0A4B /* CoreMedia.framework */,
				2DC7D6192537244900DA0A4B /* SystemConfiguration.framework */,
				2DC7D6172537241000DA0A4B /* libz.tbd */,
				2DC7D6152537240800DA0A4B /* Accelerate.framework */,
				2DC7D6132537240100DA0A4B /* AVFoundation.framework */,
				2DC7D60A2537238B00DA0A4B /* libc++.tbd */,
				09197A9025354D4200F94343 /* AGMBase.framework */,
				09197A9125354D4300F94343 /* AGMCapturer.framework */,
				09197A8F25354D4200F94343 /* AGMRenderer.framework */,
				09D9725425206D9D00EF9E46 /* CoreML.framework */,
				09D97238251DE97400EF9E46 /* VideoToolbox.framework */,
				3D32F315DAB48F1AE0AFB5C4 /* Pods_BeautifyExample.framework */,
				DDA4FF26FEF71B547AC46AE1 /* Pods_BeautifyExampleTests.framework */,
			);
			name = Frameworks;
			sourceTree = "<group>";
		};
		E3583EA72711920A008E52A7 /* Demo */ = {
			isa = PBXGroup;
			children = (
				2DF48BEC2514912900575424 /* FUManager.h */,
				2DF48BED2514912900575424 /* FUManager.m */,
				E3583EA9271198AF008E52A7 /* FUDemoManager.h */,
				E3583EA8271198AF008E52A7 /* FUDemoManager.m */,
				E35B22C8253571FF00F50AC2 /* FUTestRecorder.h */,
				E35B22C9253571FF00F50AC2 /* FUTestRecorder.m */,
				E3583EE8271198D2008E52A7 /* View */,
				E3583EBA271198CF008E52A7 /* ViewModel */,
				E3583EAB271198CF008E52A7 /* Model */,
				E3583EE6271198D2008E52A7 /* Defines */,
				E3583EC9271198D1008E52A7 /* Resource */,
			);
			path = Demo;
			sourceTree = "<group>";
		};
		E3583EAB271198CF008E52A7 /* Model */ = {
			isa = PBXGroup;
			children = (
				E3583EAC271198CF008E52A7 /* FUModel.h */,
				E3583EB4271198CF008E52A7 /* FUModel.m */,
				E3583EB6271198CF008E52A7 /* FUBeautyBodyModel.h */,
				E3583EAF271198CF008E52A7 /* FUBeautyBodyModel.m */,
				E3583EB3271198CF008E52A7 /* FUBeautyShapeModel.h */,
				E3583EAD271198CF008E52A7 /* FUBeautyShapeModel.m */,
				E3583EB7271198CF008E52A7 /* FUBeautySkinModel.h */,
				E3583EAE271198CF008E52A7 /* FUBeautySkinModel.m */,
				E3583EB5271198CF008E52A7 /* FUFilterModel.h */,
				E3583EB0271198CF008E52A7 /* FUFilterModel.m */,
				E3583EB1271198CF008E52A7 /* FUMakeupModel.h */,
				E3583EB9271198CF008E52A7 /* FUMakeupModel.m */,
				E3583EB2271198CF008E52A7 /* FUStickerModel.h */,
				E3583EB8271198CF008E52A7 /* FUStickerModel.m */,
			);
			path = Model;
			sourceTree = "<group>";
		};
		E3583EBA271198CF008E52A7 /* ViewModel */ = {
			isa = PBXGroup;
			children = (
				E3583EC2271198CF008E52A7 /* FUViewModel.h */,
				E3583EBB271198CF008E52A7 /* FUViewModel.m */,
				E3583EBF271198CF008E52A7 /* FUBeautyBodyViewModel.h */,
				E3583EC8271198CF008E52A7 /* FUBeautyBodyViewModel.m */,
				E3583EC5271198CF008E52A7 /* FUBeautyShapeViewModel.h */,
				E3583EBD271198CF008E52A7 /* FUBeautyShapeViewModel.m */,
				E3583EC3271198CF008E52A7 /* FUBeautySkinViewModel.h */,
				E3583EBC271198CF008E52A7 /* FUBeautySkinViewModel.m */,
				E3583EC0271198CF008E52A7 /* FUFilterViewModel.h */,
				E3583EC7271198CF008E52A7 /* FUFilterViewModel.m */,
				E3583EC1271198CF008E52A7 /* FUMakeupViewModel.h */,
				E3583EC6271198CF008E52A7 /* FUMakeupViewModel.m */,
				E3583EBE271198CF008E52A7 /* FUStickerViewModel.h */,
				E3583EC4271198CF008E52A7 /* FUStickerViewModel.m */,
			);
			path = ViewModel;
			sourceTree = "<group>";
		};
		E3583EC9271198D1008E52A7 /* Resource */ = {
			isa = PBXGroup;
			children = (
				E3583EE0271198D1008E52A7 /* FaceUnity.xcassets */,
				E3583ECA271198D1008E52A7 /* FaceUnity.strings */,
				E3583ECC271198D1008E52A7 /* 美妆 */,
				E3583EE1271198D1008E52A7 /* 贴纸 */,
			);
			path = Resource;
			sourceTree = "<group>";
		};
		E3583ECC271198D1008E52A7 /* 美妆 */ = {
			isa = PBXGroup;
			children = (
				E3583ECD271198D1008E52A7 /* oumei.bundle */,
				E3583ECE271198D1008E52A7 /* Rose.bundle */,
				E3583ECF271198D1008E52A7 /* linjia.bundle */,
				E3583ED0271198D1008E52A7 /* yanshimao.bundle */,
				E3583ED1271198D1008E52A7 /* tianmei.bundle */,
				E3583ED2271198D1008E52A7 /* ziyun.bundle */,
				E3583ED3271198D1008E52A7 /* chaomo.bundle */,
				E3583ED4271198D1008E52A7 /* hongfeng.bundle */,
				E3583ED5271198D1008E52A7 /* jianling.bundle */,
				E3583ED6271198D1008E52A7 /* gangfeng.bundle */,
				E3583ED7271198D1008E52A7 /* chuju.bundle */,
				E3583ED8271198D1008E52A7 /* renyu.bundle */,
				E3583ED9271198D1008E52A7 /* qianzhihe.bundle */,
				E3583EDA271198D1008E52A7 /* wumei.bundle */,
				E3583EDB271198D1008E52A7 /* shaonv.bundle */,
				E3583EDC271198D1008E52A7 /* chuqiu.bundle */,
				E3583EDD271198D1008E52A7 /* nuandong.bundle */,
				E3583EDE271198D1008E52A7 /* xinggan.bundle */,
			);
			path = "美妆";
			sourceTree = "<group>";
		};
		E3583EE1271198D1008E52A7 /* 贴纸 */ = {
			isa = PBXGroup;
			children = (
				E3583EE2271198D1008E52A7 /* fashi.bundle */,
				E3583EE3271198D1008E52A7 /* sdlu.bundle */,
				E3583EE4271198D1008E52A7 /* xueqiu_lm_fu.bundle */,
				E3583EE5271198D1008E52A7 /* DaisyPig.bundle */,
			);
			path = "贴纸";
			sourceTree = "<group>";
		};
		E3583EE6271198D2008E52A7 /* Defines */ = {
			isa = PBXGroup;
			children = (
				E3583EE7271198D2008E52A7 /* FUDefines.h */,
			);
			path = Defines;
			sourceTree = "<group>";
		};
		E3583EE8271198D2008E52A7 /* View */ = {
			isa = PBXGroup;
			children = (
				E3583EEF271198D2008E52A7 /* FUBottomBar.h */,
				E3583EE9271198D2008E52A7 /* FUBottomBar.m */,
				E3583EEA271198D2008E52A7 /* FUFunctionView.h */,
				E3583EF1271198D2008E52A7 /* FUFunctionView.m */,
				E3583EED271198D2008E52A7 /* FUBeautyFunctionView.h */,
				E3583EF2271198D2008E52A7 /* FUBeautyFunctionView.m */,
				E3583EF4271198D2008E52A7 /* FUOthersFunctionView.h */,
				E3583EEE271198D2008E52A7 /* FUOthersFunctionView.m */,
				E3C850912717037F007E2CA0 /* FUSlider.h */,
				E3C850902717037F007E2CA0 /* FUSlider.m */,
				E3583EF3271198D2008E52A7 /* FUSquareButton.h */,
				E3583EEC271198D2008E52A7 /* FUSquareButton.m */,
			);
			path = View;
			sourceTree = "<group>";
		};
		E3BB02B527156EDD00E3B367 /* Lib */ = {
			isa = PBXGroup;
			children = (
				2DFDCC852779ACFA005FD7A7 /* FURenderKit.framework */,
				2DFDCC732779ACF8005FD7A7 /* Resources */,
				03F8193D24E0E66A004F7F36 /* authpack.h */,
			);
			path = Lib;
			sourceTree = "<group>";
		};
/* End PBXGroup section */

/* Begin PBXNativeTarget section */
		09C6665E24D7BC89001D7AE2 /* BeautifyExample */ = {
			isa = PBXNativeTarget;
			buildConfigurationList = 09C6668324D7BC8B001D7AE2 /* Build configuration list for PBXNativeTarget "BeautifyExample" */;
			buildPhases = (
				A1EBB42BE36B3239F94E3017 /* [CP] Check Pods Manifest.lock */,
				09C6665B24D7BC89001D7AE2 /* Sources */,
				09C6665C24D7BC89001D7AE2 /* Frameworks */,
				09C6665D24D7BC89001D7AE2 /* Resources */,
				AB7B94B55A971FAC4E9EBF43 /* [CP] Embed Pods Frameworks */,
				E3583EA62711914A008E52A7 /* Embed Frameworks */,
			);
			buildRules = (
			);
			dependencies = (
			);
			name = BeautifyExample;
			productName = BeautifyExample;
			productReference = 09C6665F24D7BC89001D7AE2 /* BeautifyExample.app */;
			productType = "com.apple.product-type.application";
		};
		09C6667924D7BC8B001D7AE2 /* BeautifyExampleTests */ = {
			isa = PBXNativeTarget;
			buildConfigurationList = 09C6668624D7BC8B001D7AE2 /* Build configuration list for PBXNativeTarget "BeautifyExampleTests" */;
			buildPhases = (
				74349EBC31DE4BC52CC4BB83 /* [CP] Check Pods Manifest.lock */,
				09C6667624D7BC8B001D7AE2 /* Sources */,
				09C6667724D7BC8B001D7AE2 /* Frameworks */,
				09C6667824D7BC8B001D7AE2 /* Resources */,
			);
			buildRules = (
			);
			dependencies = (
				09C6667C24D7BC8B001D7AE2 /* PBXTargetDependency */,
			);
			name = BeautifyExampleTests;
			productName = BeautifyExampleTests;
			productReference = 09C6667A24D7BC8B001D7AE2 /* BeautifyExampleTests.xctest */;
			productType = "com.apple.product-type.bundle.unit-test";
		};
/* End PBXNativeTarget section */

/* Begin PBXProject section */
		09C6665724D7BC89001D7AE2 /* Project object */ = {
			isa = PBXProject;
			attributes = {
				LastUpgradeCheck = 1160;
				ORGANIZATIONNAME = Agora;
				TargetAttributes = {
					09C6665E24D7BC89001D7AE2 = {
						CreatedOnToolsVersion = 11.6;
					};
					09C6667924D7BC8B001D7AE2 = {
						CreatedOnToolsVersion = 11.6;
						TestTargetID = 09C6665E24D7BC89001D7AE2;
					};
				};
			};
			buildConfigurationList = 09C6665A24D7BC89001D7AE2 /* Build configuration list for PBXProject "BeautifyExample" */;
			compatibilityVersion = "Xcode 9.3";
			developmentRegion = en;
			hasScannedForEncodings = 0;
			knownRegions = (
				en,
				Base,
				"zh-Hans",
			);
			mainGroup = 09C6665624D7BC89001D7AE2;
			productRefGroup = 09C6666024D7BC89001D7AE2 /* Products */;
			projectDirPath = "";
			projectRoot = "";
			targets = (
				09C6665E24D7BC89001D7AE2 /* BeautifyExample */,
				09C6667924D7BC8B001D7AE2 /* BeautifyExampleTests */,
			);
		};
/* End PBXProject section */

/* Begin PBXResourcesBuildPhase section */
		09C6665D24D7BC89001D7AE2 /* Resources */ = {
			isa = PBXResourcesBuildPhase;
			buildActionMask = 2147483647;
			files = (
				E3583F0C271198D2008E52A7 /* jianling.bundle in Resources */,
				2DFDCC902779ACFA005FD7A7 /* face_makeup.bundle in Resources */,
				2DFDCC922779ACFA005FD7A7 /* body_slim.bundle in Resources */,
				E3583F0E271198D2008E52A7 /* chuju.bundle in Resources */,
				E3583F10271198D2008E52A7 /* qianzhihe.bundle in Resources */,
				E3583F0F271198D2008E52A7 /* renyu.bundle in Resources */,
				E3583F19271198D2008E52A7 /* xueqiu_lm_fu.bundle in Resources */,
				E3583F0D271198D2008E52A7 /* gangfeng.bundle in Resources */,
				E3583F1A271198D2008E52A7 /* DaisyPig.bundle in Resources */,
				E3583F17271198D2008E52A7 /* fashi.bundle in Resources */,
				E3583F05271198D2008E52A7 /* Rose.bundle in Resources */,
				2DFDCC912779ACFA005FD7A7 /* controller_cpp.bundle in Resources */,
				E3583F15271198D2008E52A7 /* xinggan.bundle in Resources */,
				E3583F0B271198D2008E52A7 /* hongfeng.bundle in Resources */,
				2DFDCC862779ACFA005FD7A7 /* ai_human_processor_mb_fast.bundle in Resources */,
				E3583F04271198D2008E52A7 /* oumei.bundle in Resources */,
				E3583F18271198D2008E52A7 /* sdlu.bundle in Resources */,
				2DFDCC8B2779ACFA005FD7A7 /* ai_face_processor_lite.bundle in Resources */,
				E3583F14271198D2008E52A7 /* nuandong.bundle in Resources */,
				E3583F09271198D2008E52A7 /* ziyun.bundle in Resources */,
				E3583F13271198D2008E52A7 /* chuqiu.bundle in Resources */,
				E3583F16271198D2008E52A7 /* FaceUnity.xcassets in Resources */,
				2DFDCC8C2779ACFA005FD7A7 /* ai_hairseg.bundle in Resources */,
				E3583F11271198D2008E52A7 /* wumei.bundle in Resources */,
				09C6667224D7BC8B001D7AE2 /* LaunchScreen.storyboard in Resources */,
				E3583F06271198D2008E52A7 /* linjia.bundle in Resources */,
				E3583F08271198D2008E52A7 /* tianmei.bundle in Resources */,
				E3583F0A271198D2008E52A7 /* chaomo.bundle in Resources */,
				2DFDCC8F2779ACFA005FD7A7 /* fxaa.bundle in Resources */,
				2DFDCC932779ACFA005FD7A7 /* fuzzytoonfilter.bundle in Resources */,
				E3583F07271198D2008E52A7 /* yanshimao.bundle in Resources */,
				09C6666F24D7BC8B001D7AE2 /* Assets.xcassets in Resources */,
				E3583F03271198D2008E52A7 /* FaceUnity.strings in Resources */,
				2DFDCC942779ACFA005FD7A7 /* face_beautification.bundle in Resources */,
				E3583F12271198D2008E52A7 /* shaonv.bundle in Resources */,
				2DFDCC872779ACFA005FD7A7 /* ai_face_recognizer.bundle in Resources */,
				2DFDCC8D2779ACFA005FD7A7 /* ai_human_processor.bundle in Resources */,
				2DFDCC8E2779ACFA005FD7A7 /* tongue.bundle in Resources */,
				2DFDCC892779ACFA005FD7A7 /* ai_face_processor.bundle in Resources */,
				09C6666D24D7BC89001D7AE2 /* Main.storyboard in Resources */,
				2DFDCC8A2779ACFA005FD7A7 /* ai_bgseg_green.bundle in Resources */,
				2DFDCC882779ACFA005FD7A7 /* ai_hand_processor.bundle in Resources */,
			);
			runOnlyForDeploymentPostprocessing = 0;
		};
		09C6667824D7BC8B001D7AE2 /* Resources */ = {
			isa = PBXResourcesBuildPhase;
			buildActionMask = 2147483647;
			files = (
			);
			runOnlyForDeploymentPostprocessing = 0;
		};
/* End PBXResourcesBuildPhase section */

/* Begin PBXShellScriptBuildPhase section */
		74349EBC31DE4BC52CC4BB83 /* [CP] Check Pods Manifest.lock */ = {
			isa = PBXShellScriptBuildPhase;
			buildActionMask = 2147483647;
			files = (
			);
			inputFileListPaths = (
			);
			inputPaths = (
				"${PODS_PODFILE_DIR_PATH}/Podfile.lock",
				"${PODS_ROOT}/Manifest.lock",
			);
			name = "[CP] Check Pods Manifest.lock";
			outputFileListPaths = (
			);
			outputPaths = (
				"$(DERIVED_FILE_DIR)/Pods-BeautifyExampleTests-checkManifestLockResult.txt",
			);
			runOnlyForDeploymentPostprocessing = 0;
			shellPath = /bin/sh;
			shellScript = "diff \"${PODS_PODFILE_DIR_PATH}/Podfile.lock\" \"${PODS_ROOT}/Manifest.lock\" > /dev/null\nif [ $? != 0 ] ; then\n    # print error to STDERR\n    echo \"error: The sandbox is not in sync with the Podfile.lock. Run 'pod install' or update your CocoaPods installation.\" >&2\n    exit 1\nfi\n# This output is used by Xcode 'outputs' to avoid re-running this script phase.\necho \"SUCCESS\" > \"${SCRIPT_OUTPUT_FILE_0}\"\n";
			showEnvVarsInLog = 0;
		};
		A1EBB42BE36B3239F94E3017 /* [CP] Check Pods Manifest.lock */ = {
			isa = PBXShellScriptBuildPhase;
			buildActionMask = 2147483647;
			files = (
			);
			inputFileListPaths = (
			);
			inputPaths = (
				"${PODS_PODFILE_DIR_PATH}/Podfile.lock",
				"${PODS_ROOT}/Manifest.lock",
			);
			name = "[CP] Check Pods Manifest.lock";
			outputFileListPaths = (
			);
			outputPaths = (
				"$(DERIVED_FILE_DIR)/Pods-BeautifyExample-checkManifestLockResult.txt",
			);
			runOnlyForDeploymentPostprocessing = 0;
			shellPath = /bin/sh;
			shellScript = "diff \"${PODS_PODFILE_DIR_PATH}/Podfile.lock\" \"${PODS_ROOT}/Manifest.lock\" > /dev/null\nif [ $? != 0 ] ; then\n    # print error to STDERR\n    echo \"error: The sandbox is not in sync with the Podfile.lock. Run 'pod install' or update your CocoaPods installation.\" >&2\n    exit 1\nfi\n# This output is used by Xcode 'outputs' to avoid re-running this script phase.\necho \"SUCCESS\" > \"${SCRIPT_OUTPUT_FILE_0}\"\n";
			showEnvVarsInLog = 0;
		};
		AB7B94B55A971FAC4E9EBF43 /* [CP] Embed Pods Frameworks */ = {
			isa = PBXShellScriptBuildPhase;
			buildActionMask = 2147483647;
			files = (
			);
			inputFileListPaths = (
				"${PODS_ROOT}/Target Support Files/Pods-BeautifyExample/Pods-BeautifyExample-frameworks-${CONFIGURATION}-input-files.xcfilelist",
			);
			name = "[CP] Embed Pods Frameworks";
			outputFileListPaths = (
				"${PODS_ROOT}/Target Support Files/Pods-BeautifyExample/Pods-BeautifyExample-frameworks-${CONFIGURATION}-output-files.xcfilelist",
			);
			runOnlyForDeploymentPostprocessing = 0;
			shellPath = /bin/sh;
			shellScript = "\"${PODS_ROOT}/Target Support Files/Pods-BeautifyExample/Pods-BeautifyExample-frameworks.sh\"\n";
			showEnvVarsInLog = 0;
		};
/* End PBXShellScriptBuildPhase section */

/* Begin PBXSourcesBuildPhase section */
		09C6665B24D7BC89001D7AE2 /* Sources */ = {
			isa = PBXSourcesBuildPhase;
			buildActionMask = 2147483647;
			files = (
				E3583F02271198D2008E52A7 /* FUBeautyBodyViewModel.m in Sources */,
				E3583EF7271198D2008E52A7 /* FUBeautyBodyModel.m in Sources */,
				E3583EFE271198D2008E52A7 /* FUBeautyShapeViewModel.m in Sources */,
				03F8194524E0E75C004F7F36 /* authpack.h in Sources */,
				E3583EFB271198D2008E52A7 /* FUMakeupModel.m in Sources */,
				E35B22CA253571FF00F50AC2 /* FUTestRecorder.m in Sources */,
				E3583EF5271198D2008E52A7 /* FUBeautyShapeModel.m in Sources */,
				03F8193624E004A7004F7F36 /* CapturerManager.m in Sources */,
				E3583EFF271198D2008E52A7 /* FUStickerViewModel.m in Sources */,
				E3583F00271198D2008E52A7 /* FUMakeupViewModel.m in Sources */,
				E3583EAA271198AF008E52A7 /* FUDemoManager.m in Sources */,
				E3583EFA271198D2008E52A7 /* FUStickerModel.m in Sources */,
				2D8ABD2F2511B63200D28745 /* MainViewController.m in Sources */,
				E3583EF9271198D2008E52A7 /* FUModel.m in Sources */,
				03F8193524E004A7004F7F36 /* VideoProcessingManager.m in Sources */,
				E3583EF8271198D2008E52A7 /* FUFilterModel.m in Sources */,
				03F8196324E1371B004F7F36 /* KeyCenter.m in Sources */,
				E3583F1B271198D2008E52A7 /* FUBottomBar.m in Sources */,
				2DF48BEE2514912900575424 /* FUManager.m in Sources */,
				09C6666A24D7BC89001D7AE2 /* ViewController.m in Sources */,
				E3583F1F271198D2008E52A7 /* FUFunctionView.m in Sources */,
				09C6666424D7BC89001D7AE2 /* AppDelegate.m in Sources */,
				E3583F1E271198D2008E52A7 /* FUOthersFunctionView.m in Sources */,
				E3583F1D271198D2008E52A7 /* FUSquareButton.m in Sources */,
				E3583EF6271198D2008E52A7 /* FUBeautySkinModel.m in Sources */,
				E3583EFD271198D2008E52A7 /* FUBeautySkinViewModel.m in Sources */,
				E3C850922717037F007E2CA0 /* FUSlider.m in Sources */,
				09C6667524D7BC8B001D7AE2 /* main.m in Sources */,
				E3583F01271198D2008E52A7 /* FUFilterViewModel.m in Sources */,
				E3583EFC271198D2008E52A7 /* FUViewModel.m in Sources */,
				E3583F20271198D2008E52A7 /* FUBeautyFunctionView.m in Sources */,
			);
			runOnlyForDeploymentPostprocessing = 0;
		};
		09C6667624D7BC8B001D7AE2 /* Sources */ = {
			isa = PBXSourcesBuildPhase;
			buildActionMask = 2147483647;
			files = (
				09C6667F24D7BC8B001D7AE2 /* BeautifyExampleTests.m in Sources */,
			);
			runOnlyForDeploymentPostprocessing = 0;
		};
/* End PBXSourcesBuildPhase section */

/* Begin PBXTargetDependency section */
		09C6667C24D7BC8B001D7AE2 /* PBXTargetDependency */ = {
			isa = PBXTargetDependency;
			target = 09C6665E24D7BC89001D7AE2 /* BeautifyExample */;
			targetProxy = 09C6667B24D7BC8B001D7AE2 /* PBXContainerItemProxy */;
		};
/* End PBXTargetDependency section */

/* Begin PBXVariantGroup section */
		09C6666B24D7BC89001D7AE2 /* Main.storyboard */ = {
			isa = PBXVariantGroup;
			children = (
				09C6666C24D7BC89001D7AE2 /* Base */,
			);
			name = Main.storyboard;
			sourceTree = "<group>";
		};
		09C6667024D7BC8B001D7AE2 /* LaunchScreen.storyboard */ = {
			isa = PBXVariantGroup;
			children = (
				09C6667124D7BC8B001D7AE2 /* Base */,
			);
			name = LaunchScreen.storyboard;
			sourceTree = "<group>";
		};
		E3583ECA271198D1008E52A7 /* FaceUnity.strings */ = {
			isa = PBXVariantGroup;
			children = (
				E3583ECB271198D1008E52A7 /* zh-Hans */,
				E3583EDF271198D1008E52A7 /* en */,
			);
			name = FaceUnity.strings;
			sourceTree = "<group>";
		};
/* End PBXVariantGroup section */

/* Begin XCBuildConfiguration section */
		09C6668124D7BC8B001D7AE2 /* Debug */ = {
			isa = XCBuildConfiguration;
			buildSettings = {
				ALWAYS_SEARCH_USER_PATHS = NO;
				CLANG_ANALYZER_NONNULL = YES;
				CLANG_ANALYZER_NUMBER_OBJECT_CONVERSION = YES_AGGRESSIVE;
				CLANG_CXX_LANGUAGE_STANDARD = "gnu++14";
				CLANG_CXX_LIBRARY = "libc++";
				CLANG_ENABLE_MODULES = YES;
				CLANG_ENABLE_OBJC_ARC = YES;
				CLANG_ENABLE_OBJC_WEAK = YES;
				CLANG_WARN_BLOCK_CAPTURE_AUTORELEASING = YES;
				CLANG_WARN_BOOL_CONVERSION = YES;
				CLANG_WARN_COMMA = YES;
				CLANG_WARN_CONSTANT_CONVERSION = YES;
				CLANG_WARN_DEPRECATED_OBJC_IMPLEMENTATIONS = YES;
				CLANG_WARN_DIRECT_OBJC_ISA_USAGE = YES_ERROR;
				CLANG_WARN_DOCUMENTATION_COMMENTS = YES;
				CLANG_WARN_EMPTY_BODY = YES;
				CLANG_WARN_ENUM_CONVERSION = YES;
				CLANG_WARN_INFINITE_RECURSION = YES;
				CLANG_WARN_INT_CONVERSION = YES;
				CLANG_WARN_NON_LITERAL_NULL_CONVERSION = YES;
				CLANG_WARN_OBJC_IMPLICIT_RETAIN_SELF = YES;
				CLANG_WARN_OBJC_LITERAL_CONVERSION = YES;
				CLANG_WARN_OBJC_ROOT_CLASS = YES_ERROR;
				CLANG_WARN_RANGE_LOOP_ANALYSIS = YES;
				CLANG_WARN_STRICT_PROTOTYPES = YES;
				CLANG_WARN_SUSPICIOUS_MOVE = YES;
				CLANG_WARN_UNGUARDED_AVAILABILITY = YES_AGGRESSIVE;
				CLANG_WARN_UNREACHABLE_CODE = YES;
				CLANG_WARN__DUPLICATE_METHOD_MATCH = YES;
				COPY_PHASE_STRIP = NO;
				DEBUG_INFORMATION_FORMAT = dwarf;
				ENABLE_STRICT_OBJC_MSGSEND = YES;
				ENABLE_TESTABILITY = YES;
				GCC_C_LANGUAGE_STANDARD = gnu11;
				GCC_DYNAMIC_NO_PIC = NO;
				GCC_NO_COMMON_BLOCKS = YES;
				GCC_OPTIMIZATION_LEVEL = 0;
				GCC_PREPROCESSOR_DEFINITIONS = (
					"DEBUG=1",
					"$(inherited)",
				);
				GCC_WARN_64_TO_32_BIT_CONVERSION = YES;
				GCC_WARN_ABOUT_RETURN_TYPE = YES_ERROR;
				GCC_WARN_UNDECLARED_SELECTOR = YES;
				GCC_WARN_UNINITIALIZED_AUTOS = YES_AGGRESSIVE;
				GCC_WARN_UNUSED_FUNCTION = YES;
				GCC_WARN_UNUSED_VARIABLE = YES;
				IPHONEOS_DEPLOYMENT_TARGET = 9.0;
				MTL_ENABLE_DEBUG_INFO = INCLUDE_SOURCE;
				MTL_FAST_MATH = YES;
				ONLY_ACTIVE_ARCH = YES;
				SDKROOT = iphoneos;
			};
			name = Debug;
		};
		09C6668224D7BC8B001D7AE2 /* Release */ = {
			isa = XCBuildConfiguration;
			buildSettings = {
				ALWAYS_SEARCH_USER_PATHS = NO;
				CLANG_ANALYZER_NONNULL = YES;
				CLANG_ANALYZER_NUMBER_OBJECT_CONVERSION = YES_AGGRESSIVE;
				CLANG_CXX_LANGUAGE_STANDARD = "gnu++14";
				CLANG_CXX_LIBRARY = "libc++";
				CLANG_ENABLE_MODULES = YES;
				CLANG_ENABLE_OBJC_ARC = YES;
				CLANG_ENABLE_OBJC_WEAK = YES;
				CLANG_WARN_BLOCK_CAPTURE_AUTORELEASING = YES;
				CLANG_WARN_BOOL_CONVERSION = YES;
				CLANG_WARN_COMMA = YES;
				CLANG_WARN_CONSTANT_CONVERSION = YES;
				CLANG_WARN_DEPRECATED_OBJC_IMPLEMENTATIONS = YES;
				CLANG_WARN_DIRECT_OBJC_ISA_USAGE = YES_ERROR;
				CLANG_WARN_DOCUMENTATION_COMMENTS = YES;
				CLANG_WARN_EMPTY_BODY = YES;
				CLANG_WARN_ENUM_CONVERSION = YES;
				CLANG_WARN_INFINITE_RECURSION = YES;
				CLANG_WARN_INT_CONVERSION = YES;
				CLANG_WARN_NON_LITERAL_NULL_CONVERSION = YES;
				CLANG_WARN_OBJC_IMPLICIT_RETAIN_SELF = YES;
				CLANG_WARN_OBJC_LITERAL_CONVERSION = YES;
				CLANG_WARN_OBJC_ROOT_CLASS = YES_ERROR;
				CLANG_WARN_RANGE_LOOP_ANALYSIS = YES;
				CLANG_WARN_STRICT_PROTOTYPES = YES;
				CLANG_WARN_SUSPICIOUS_MOVE = YES;
				CLANG_WARN_UNGUARDED_AVAILABILITY = YES_AGGRESSIVE;
				CLANG_WARN_UNREACHABLE_CODE = YES;
				CLANG_WARN__DUPLICATE_METHOD_MATCH = YES;
				COPY_PHASE_STRIP = NO;
				DEBUG_INFORMATION_FORMAT = "dwarf-with-dsym";
				ENABLE_NS_ASSERTIONS = NO;
				ENABLE_STRICT_OBJC_MSGSEND = YES;
				GCC_C_LANGUAGE_STANDARD = gnu11;
				GCC_NO_COMMON_BLOCKS = YES;
				GCC_WARN_64_TO_32_BIT_CONVERSION = YES;
				GCC_WARN_ABOUT_RETURN_TYPE = YES_ERROR;
				GCC_WARN_UNDECLARED_SELECTOR = YES;
				GCC_WARN_UNINITIALIZED_AUTOS = YES_AGGRESSIVE;
				GCC_WARN_UNUSED_FUNCTION = YES;
				GCC_WARN_UNUSED_VARIABLE = YES;
				IPHONEOS_DEPLOYMENT_TARGET = 9.0;
				MTL_ENABLE_DEBUG_INFO = NO;
				MTL_FAST_MATH = YES;
				SDKROOT = iphoneos;
				VALIDATE_PRODUCT = YES;
			};
			name = Release;
		};
		09C6668424D7BC8B001D7AE2 /* Debug */ = {
			isa = XCBuildConfiguration;
			baseConfigurationReference = 55AE3D698E3E43CFA1B47A16 /* Pods-BeautifyExample.debug.xcconfig */;
			buildSettings = {
				ASSETCATALOG_COMPILER_APPICON_NAME = AppIcon;
				CODE_SIGN_IDENTITY = "Apple Development";
				CODE_SIGN_STYLE = Automatic;
				DEVELOPMENT_TEAM = 35A6KD62ZJ;
				ENABLE_BITCODE = NO;
				FRAMEWORK_SEARCH_PATHS = (
					"$(inherited)",
					"$(PROJECT_DIR)",
					"$(PROJECT_DIR)/BeautifyExample/FaceUnity/Lib",
					"$(PROJECT_DIR)/BeautifyExample/Lib",
					"$(PROJECT_DIR)/BeautifyExample/FaceUnity",
				);
				INFOPLIST_FILE = BeautifyExample/Info.plist;
				LD_RUNPATH_SEARCH_PATHS = (
					"$(inherited)",
					"@executable_path/Frameworks",
				);
				PRODUCT_BUNDLE_IDENTIFIER = io.agora.AgoraLiveBroadcastxx;
				PRODUCT_NAME = "$(TARGET_NAME)";
				PROVISIONING_PROFILE_SPECIFIER = "";
				TARGETED_DEVICE_FAMILY = 1;
			};
			name = Debug;
		};
		09C6668524D7BC8B001D7AE2 /* Release */ = {
			isa = XCBuildConfiguration;
			baseConfigurationReference = AC523AADA896ACCF33329856 /* Pods-BeautifyExample.release.xcconfig */;
			buildSettings = {
				ASSETCATALOG_COMPILER_APPICON_NAME = AppIcon;
				CODE_SIGN_IDENTITY = "iPhone Developer";
				CODE_SIGN_STYLE = Manual;
				DEVELOPMENT_TEAM = 35A6KD62ZJ;
				ENABLE_BITCODE = NO;
				FRAMEWORK_SEARCH_PATHS = (
					"$(inherited)",
					"$(PROJECT_DIR)",
					"$(PROJECT_DIR)/BeautifyExample/FaceUnity/Lib",
					"$(PROJECT_DIR)/BeautifyExample/Lib",
					"$(PROJECT_DIR)/BeautifyExample/FaceUnity",
				);
				INFOPLIST_FILE = BeautifyExample/Info.plist;
				LD_RUNPATH_SEARCH_PATHS = (
					"$(inherited)",
					"@executable_path/Frameworks",
				);
				PRODUCT_BUNDLE_IDENTIFIER = io.agora.AgoraLiveBroadcast;
				PRODUCT_NAME = "$(TARGET_NAME)";
				PROVISIONING_PROFILE_SPECIFIER = FUWildcard;
				TARGETED_DEVICE_FAMILY = 1;
			};
			name = Release;
		};
		09C6668724D7BC8B001D7AE2 /* Debug */ = {
			isa = XCBuildConfiguration;
			baseConfigurationReference = 13B61FCDC551C4F0C0E850DB /* Pods-BeautifyExampleTests.debug.xcconfig */;
			buildSettings = {
				BUNDLE_LOADER = "$(TEST_HOST)";
				CODE_SIGN_STYLE = Automatic;
				INFOPLIST_FILE = BeautifyExampleTests/Info.plist;
				IPHONEOS_DEPLOYMENT_TARGET = 13.6;
				LD_RUNPATH_SEARCH_PATHS = (
					"$(inherited)",
					"@executable_path/Frameworks",
					"@loader_path/Frameworks",
				);
				PRODUCT_BUNDLE_IDENTIFIER = com.Agora.BeautifyExampleTests;
				PRODUCT_NAME = "$(TARGET_NAME)";
				TARGETED_DEVICE_FAMILY = "1,2";
				TEST_HOST = "$(BUILT_PRODUCTS_DIR)/BeautifyExample.app/BeautifyExample";
			};
			name = Debug;
		};
		09C6668824D7BC8B001D7AE2 /* Release */ = {
			isa = XCBuildConfiguration;
			baseConfigurationReference = 36236FA0D16FC95D3991BC76 /* Pods-BeautifyExampleTests.release.xcconfig */;
			buildSettings = {
				BUNDLE_LOADER = "$(TEST_HOST)";
				CODE_SIGN_STYLE = Automatic;
				INFOPLIST_FILE = BeautifyExampleTests/Info.plist;
				IPHONEOS_DEPLOYMENT_TARGET = 13.6;
				LD_RUNPATH_SEARCH_PATHS = (
					"$(inherited)",
					"@executable_path/Frameworks",
					"@loader_path/Frameworks",
				);
				PRODUCT_BUNDLE_IDENTIFIER = com.Agora.BeautifyExampleTests;
				PRODUCT_NAME = "$(TARGET_NAME)";
				TARGETED_DEVICE_FAMILY = "1,2";
				TEST_HOST = "$(BUILT_PRODUCTS_DIR)/BeautifyExample.app/BeautifyExample";
			};
			name = Release;
		};
/* End XCBuildConfiguration section */

/* Begin XCConfigurationList section */
		09C6665A24D7BC89001D7AE2 /* Build configuration list for PBXProject "BeautifyExample" */ = {
			isa = XCConfigurationList;
			buildConfigurations = (
				09C6668124D7BC8B001D7AE2 /* Debug */,
				09C6668224D7BC8B001D7AE2 /* Release */,
			);
			defaultConfigurationIsVisible = 0;
			defaultConfigurationName = Release;
		};
		09C6668324D7BC8B001D7AE2 /* Build configuration list for PBXNativeTarget "BeautifyExample" */ = {
			isa = XCConfigurationList;
			buildConfigurations = (
				09C6668424D7BC8B001D7AE2 /* Debug */,
				09C6668524D7BC8B001D7AE2 /* Release */,
			);
			defaultConfigurationIsVisible = 0;
			defaultConfigurationName = Release;
		};
		09C6668624D7BC8B001D7AE2 /* Build configuration list for PBXNativeTarget "BeautifyExampleTests" */ = {
			isa = XCConfigurationList;
			buildConfigurations = (
				09C6668724D7BC8B001D7AE2 /* Debug */,
				09C6668824D7BC8B001D7AE2 /* Release */,
			);
			defaultConfigurationIsVisible = 0;
			defaultConfigurationName = Release;
		};
/* End XCConfigurationList section */
	};
	rootObject = 09C6665724D7BC89001D7AE2 /* Project object */;
}
