// !$*UTF8*$!
{
	archiveVersion = 1;
	classes = {
	};
	objectVersion = 48;
	objects = {

/* Begin PBXBuildFile section */
		09A71CE0246D7217007AE11A /* FUAPIDemoBar.framework in Frameworks */ = {isa = PBXBuildFile; fileRef = 09A71CDF246D7217007AE11A /* FUAPIDemoBar.framework */; };
		09A71CE4246D724E007AE11A /* AGMBase.framework in Frameworks */ = {isa = PBXBuildFile; fileRef = 09A71CE1246D724D007AE11A /* AGMBase.framework */; };
		09A71CE5246D724E007AE11A /* AGMCapturer.framework in Frameworks */ = {isa = PBXBuildFile; fileRef = 09A71CE2246D724D007AE11A /* AGMCapturer.framework */; };
		09EF1A1A246D7D390013C1EF /* FUAPIDemoBar.framework in Frameworks */ = {isa = PBXBuildFile; fileRef = 09A71CDF246D7217007AE11A /* FUAPIDemoBar.framework */; };
		09EF1A1B246D7D390013C1EF /* FUAPIDemoBar.framework in CopyFiles */ = {isa = PBXBuildFile; fileRef = 09A71CDF246D7217007AE11A /* FUAPIDemoBar.framework */; settings = {ATTRIBUTES = (CodeSignOnCopy, RemoveHeadersOnCopy, ); }; };
		09EF1A1C246D7D3E0013C1EF /* AGMCapturer.framework in Frameworks */ = {isa = PBXBuildFile; fileRef = 09A71CE2246D724D007AE11A /* AGMCapturer.framework */; };
		09EF1A1D246D7D3E0013C1EF /* AGMCapturer.framework in CopyFiles */ = {isa = PBXBuildFile; fileRef = 09A71CE2246D724D007AE11A /* AGMCapturer.framework */; settings = {ATTRIBUTES = (CodeSignOnCopy, RemoveHeadersOnCopy, ); }; };
		09EF1A1E246D7D410013C1EF /* AGMBase.framework in Frameworks */ = {isa = PBXBuildFile; fileRef = 09A71CE1246D724D007AE11A /* AGMBase.framework */; };
		09EF1A1F246D7D410013C1EF /* AGMBase.framework in CopyFiles */ = {isa = PBXBuildFile; fileRef = 09A71CE1246D724D007AE11A /* AGMBase.framework */; settings = {ATTRIBUTES = (CodeSignOnCopy, RemoveHeadersOnCopy, ); }; };
		0F02C1F120550936006EF198 /* MainViewController.m in Sources */ = {isa = PBXBuildFile; fileRef = 0F02C1F020550936006EF198 /* MainViewController.m */; };
		0F02C1F420550948006EF198 /* RoomViewController.m in Sources */ = {isa = PBXBuildFile; fileRef = 0F02C1F320550948006EF198 /* RoomViewController.m */; };
		0F02C1F620561CF6006EF198 /* CoreMedia.framework in Frameworks */ = {isa = PBXBuildFile; fileRef = 0F29C6E520527DFC000F8159 /* CoreMedia.framework */; };
		0F02C1F720561CF6006EF198 /* CoreMotion.framework in Frameworks */ = {isa = PBXBuildFile; fileRef = 0F29C6E720527E0B000F8159 /* CoreMotion.framework */; };
		0F02C1F820561D04006EF198 /* CoreTelephony.framework in Frameworks */ = {isa = PBXBuildFile; fileRef = 0F29C6E920527E15000F8159 /* CoreTelephony.framework */; };
		0F02C1F920561D0D006EF198 /* AVFoundation.framework in Frameworks */ = {isa = PBXBuildFile; fileRef = 0F29C6EB20527E23000F8159 /* AVFoundation.framework */; };
		0F02C1FA20561D14006EF198 /* VideoToolbox.framework in Frameworks */ = {isa = PBXBuildFile; fileRef = 0F29C6ED20527E2F000F8159 /* VideoToolbox.framework */; };
		0F02C1FB20561D1B006EF198 /* AudioToolbox.framework in Frameworks */ = {isa = PBXBuildFile; fileRef = 0F29C6EF20527E3A000F8159 /* AudioToolbox.framework */; };
		0F112314233C39CC00414A13 /* KeyCenter.m in Sources */ = {isa = PBXBuildFile; fileRef = 0F280F94205666D100CF70CC /* KeyCenter.m */; };
		0F29C65C20525BC6000F8159 /* AppDelegate.m in Sources */ = {isa = PBXBuildFile; fileRef = 0F29C65B20525BC6000F8159 /* AppDelegate.m */; };
		0F29C66220525BC6000F8159 /* Main.storyboard in Resources */ = {isa = PBXBuildFile; fileRef = 0F29C66020525BC6000F8159 /* Main.storyboard */; };
		0F29C66420525BC6000F8159 /* Assets.xcassets in Resources */ = {isa = PBXBuildFile; fileRef = 0F29C66320525BC6000F8159 /* Assets.xcassets */; };
		0F29C66720525BC6000F8159 /* LaunchScreen.storyboard in Resources */ = {isa = PBXBuildFile; fileRef = 0F29C66520525BC6000F8159 /* LaunchScreen.storyboard */; };
		0F29C66A20525BC6000F8159 /* main.m in Sources */ = {isa = PBXBuildFile; fileRef = 0F29C66920525BC6000F8159 /* main.m */; };
		0F29C6DA205271C1000F8159 /* Accelerate.framework in Frameworks */ = {isa = PBXBuildFile; fileRef = 0F29C6D9205271C1000F8159 /* Accelerate.framework */; };
		0F29C6E420527DF4000F8159 /* SystemConfiguration.framework in Frameworks */ = {isa = PBXBuildFile; fileRef = 0F29C6E320527DF4000F8159 /* SystemConfiguration.framework */; };
		0F29C6F420527E50000F8159 /* libresolv.tbd in Frameworks */ = {isa = PBXBuildFile; fileRef = 0F29C6F320527E50000F8159 /* libresolv.tbd */; };
		0F7FAAFB20E09DC400EF49FD /* FUItemsView.m in Sources */ = {isa = PBXBuildFile; fileRef = 0F7FAAFA20E09DC400EF49FD /* FUItemsView.m */; };
		0F7FAAFE20E09E1200EF49FD /* FUItemsViewCell.m in Sources */ = {isa = PBXBuildFile; fileRef = 0F7FAAFD20E09E1200EF49FD /* FUItemsViewCell.m */; };
		0F7FAB0120E0A4A000EF49FD /* FUCamera.m in Sources */ = {isa = PBXBuildFile; fileRef = 0F7FAB0020E0A49F00EF49FD /* FUCamera.m */; };
		0F7FAB0420E0D61E00EF49FD /* FUManager.m in Sources */ = {isa = PBXBuildFile; fileRef = 0F7FAB0320E0D61D00EF49FD /* FUManager.m */; };
		0FD4E2052105C747006E46A1 /* Localizable.strings in Resources */ = {isa = PBXBuildFile; fileRef = 0FD4E2072105C747006E46A1 /* Localizable.strings */; };
		0FDB807E20DA4633005D9C58 /* FULiveCell.m in Sources */ = {isa = PBXBuildFile; fileRef = 0FDB807D20DA4633005D9C58 /* FULiveCell.m */; };
		0FDB808120DA466C005D9C58 /* FULiveModel.m in Sources */ = {isa = PBXBuildFile; fileRef = 0FDB807F20DA466C005D9C58 /* FULiveModel.m */; };
		0FDB808920DA4966005D9C58 /* FUOpenGLView.m in Sources */ = {isa = PBXBuildFile; fileRef = 0FDB808620DA4966005D9C58 /* FUOpenGLView.m */; };
		0FDB808D20DA4A71005D9C58 /* FUMusicPlayer.m in Sources */ = {isa = PBXBuildFile; fileRef = 0FDB808B20DA4A70005D9C58 /* FUMusicPlayer.m */; };
		2FBF73042224F3940054BAEE /* libc++.tbd in Frameworks */ = {isa = PBXBuildFile; fileRef = 2FBF73032224F3940054BAEE /* libc++.tbd */; };
		707BDE572269BD950040211C /* CoreML.framework in Frameworks */ = {isa = PBXBuildFile; fileRef = 707BDE562269BD950040211C /* CoreML.framework */; settings = {ATTRIBUTES = (Weak, ); }; };
		84E6097F2476969400AA04AF /* AgoraRtcKit.framework in Frameworks */ = {isa = PBXBuildFile; fileRef = 84E6097E2476969400AA04AF /* AgoraRtcKit.framework */; };
		84E60B4F24769B6B00AA04AF /* wobushi.bundle in Resources */ = {isa = PBXBuildFile; fileRef = 84E60AB024769B6B00AA04AF /* wobushi.bundle */; };
		84E60B5024769B6B00AA04AF /* gaoshiqing.bundle in Resources */ = {isa = PBXBuildFile; fileRef = 84E60AB124769B6B00AA04AF /* gaoshiqing.bundle */; };
		84E60B5124769B6B00AA04AF /* xueqiu_lm_fu.png in Resources */ = {isa = PBXBuildFile; fileRef = 84E60AB224769B6B00AA04AF /* xueqiu_lm_fu.png */; };
		84E60B5224769B6B00AA04AF /* fashi.bundle in Resources */ = {isa = PBXBuildFile; fileRef = 84E60AB324769B6B00AA04AF /* fashi.bundle */; };
		84E60B5324769B6B00AA04AF /* chri1.png in Resources */ = {isa = PBXBuildFile; fileRef = 84E60AB424769B6B00AA04AF /* chri1.png */; };
		84E60B5424769B6B00AA04AF /* gaoshiqing.png in Resources */ = {isa = PBXBuildFile; fileRef = 84E60AB524769B6B00AA04AF /* gaoshiqing.png */; };
		84E60B5524769B6B00AA04AF /* sdlu.png in Resources */ = {isa = PBXBuildFile; fileRef = 84E60AB624769B6B00AA04AF /* sdlu.png */; };
		84E60B5624769B6B00AA04AF /* sdlu.bundle in Resources */ = {isa = PBXBuildFile; fileRef = 84E60AB724769B6B00AA04AF /* sdlu.bundle */; };
		84E60B5724769B6B00AA04AF /* wobushi.png in Resources */ = {isa = PBXBuildFile; fileRef = 84E60AB824769B6B00AA04AF /* wobushi.png */; };
		84E60B5824769B6B00AA04AF /* xueqiu_lm_fu.bundle in Resources */ = {isa = PBXBuildFile; fileRef = 84E60AB924769B6B00AA04AF /* xueqiu_lm_fu.bundle */; };
		84E60B5924769B6B00AA04AF /* fashi.png in Resources */ = {isa = PBXBuildFile; fileRef = 84E60ABA24769B6B00AA04AF /* fashi.png */; };
		84E60B5A24769B6B00AA04AF /* DaisyPig.png in Resources */ = {isa = PBXBuildFile; fileRef = 84E60ABB24769B6B00AA04AF /* DaisyPig.png */; };
		84E60B5B24769B6B00AA04AF /* chri1.bundle in Resources */ = {isa = PBXBuildFile; fileRef = 84E60ABC24769B6B00AA04AF /* chri1.bundle */; };
		84E60B5C24769B6B00AA04AF /* DaisyPig.bundle in Resources */ = {isa = PBXBuildFile; fileRef = 84E60ABD24769B6B00AA04AF /* DaisyPig.bundle */; };
		84E60B5D24769B6B00AA04AF /* douniuquan_Animoji.bundle in Resources */ = {isa = PBXBuildFile; fileRef = 84E60ABF24769B6B00AA04AF /* douniuquan_Animoji.bundle */; };
		84E60B5E24769B6B00AA04AF /* qgirl_Animoji.png in Resources */ = {isa = PBXBuildFile; fileRef = 84E60AC024769B6B00AA04AF /* qgirl_Animoji.png */; };
		84E60B5F24769B6B00AA04AF /* douniuquan_Animoji.png in Resources */ = {isa = PBXBuildFile; fileRef = 84E60AC124769B6B00AA04AF /* douniuquan_Animoji.png */; };
		84E60B6024769B6B00AA04AF /* qgirl_Animoji.bundle in Resources */ = {isa = PBXBuildFile; fileRef = 84E60AC224769B6B00AA04AF /* qgirl_Animoji.bundle */; };
		84E60B6124769B6B00AA04AF /* kuloutou_Animoji.bundle in Resources */ = {isa = PBXBuildFile; fileRef = 84E60AC324769B6B00AA04AF /* kuloutou_Animoji.bundle */; };
		84E60B6224769B6B00AA04AF /* huangya_Animoji.bundle in Resources */ = {isa = PBXBuildFile; fileRef = 84E60AC424769B6B00AA04AF /* huangya_Animoji.bundle */; };
		84E60B6324769B6B00AA04AF /* kuloutou_Animoji.png in Resources */ = {isa = PBXBuildFile; fileRef = 84E60AC524769B6B00AA04AF /* kuloutou_Animoji.png */; };
		84E60B6424769B6B00AA04AF /* baimao_Animoji.bundle in Resources */ = {isa = PBXBuildFile; fileRef = 84E60AC624769B6B00AA04AF /* baimao_Animoji.bundle */; };
		84E60B6524769B6B00AA04AF /* huangya_Animoji.png in Resources */ = {isa = PBXBuildFile; fileRef = 84E60AC724769B6B00AA04AF /* huangya_Animoji.png */; };
		84E60B6624769B6B00AA04AF /* hashiqi_Animoji.png in Resources */ = {isa = PBXBuildFile; fileRef = 84E60AC824769B6B00AA04AF /* hashiqi_Animoji.png */; };
		84E60B6724769B6B00AA04AF /* baimao_Animoji.png in Resources */ = {isa = PBXBuildFile; fileRef = 84E60AC924769B6B00AA04AF /* baimao_Animoji.png */; };
		84E60B6824769B6B00AA04AF /* hashiqi_Animoji.bundle in Resources */ = {isa = PBXBuildFile; fileRef = 84E60ACA24769B6B00AA04AF /* hashiqi_Animoji.bundle */; };
		84E60B6924769B6B00AA04AF /* frog_Animoji.png in Resources */ = {isa = PBXBuildFile; fileRef = 84E60ACB24769B6B00AA04AF /* frog_Animoji.png */; };
		84E60B6A24769B6B00AA04AF /* hetun_Animoji.bundle in Resources */ = {isa = PBXBuildFile; fileRef = 84E60ACC24769B6B00AA04AF /* hetun_Animoji.bundle */; };
		84E60B6B24769B6B00AA04AF /* hetun_Animoji.png in Resources */ = {isa = PBXBuildFile; fileRef = 84E60ACD24769B6B00AA04AF /* hetun_Animoji.png */; };
		84E60B6C24769B6B00AA04AF /* frog_Animoji.bundle in Resources */ = {isa = PBXBuildFile; fileRef = 84E60ACE24769B6B00AA04AF /* frog_Animoji.bundle */; };
		84E60B6D24769B6B00AA04AF /* fuzzytoonfilter.bundle in Resources */ = {isa = PBXBuildFile; fileRef = 84E60AD024769B6B00AA04AF /* fuzzytoonfilter.bundle */; };
		84E60B6E24769B6B00AA04AF /* ctrl_snow.png in Resources */ = {isa = PBXBuildFile; fileRef = 84E60AD224769B6B00AA04AF /* ctrl_snow.png */; };
		84E60B6F24769B6B00AA04AF /* ssd_thread_cute.bundle in Resources */ = {isa = PBXBuildFile; fileRef = 84E60AD324769B6B00AA04AF /* ssd_thread_cute.bundle */; };
		84E60B7024769B6B00AA04AF /* ctrl_snow.bundle in Resources */ = {isa = PBXBuildFile; fileRef = 84E60AD424769B6B00AA04AF /* ctrl_snow.bundle */; };
		84E60B7124769B6B00AA04AF /* ssd_thread_thumb.bundle in Resources */ = {isa = PBXBuildFile; fileRef = 84E60AD524769B6B00AA04AF /* ssd_thread_thumb.bundle */; };
		84E60B7224769B6B00AA04AF /* ssd_thread_korheart.png in Resources */ = {isa = PBXBuildFile; fileRef = 84E60AD624769B6B00AA04AF /* ssd_thread_korheart.png */; };
		84E60B7324769B6B00AA04AF /* ctrl_flower.bundle in Resources */ = {isa = PBXBuildFile; fileRef = 84E60AD724769B6B00AA04AF /* ctrl_flower.bundle */; };
		84E60B7424769B6B00AA04AF /* ssd_thread_korheart.bundle in Resources */ = {isa = PBXBuildFile; fileRef = 84E60AD824769B6B00AA04AF /* ssd_thread_korheart.bundle */; };
		84E60B7524769B6B00AA04AF /* ctrl_rain.bundle in Resources */ = {isa = PBXBuildFile; fileRef = 84E60AD924769B6B00AA04AF /* ctrl_rain.bundle */; };
		84E60B7624769B6B00AA04AF /* ctrl_flower.png in Resources */ = {isa = PBXBuildFile; fileRef = 84E60ADA24769B6B00AA04AF /* ctrl_flower.png */; };
		84E60B7724769B6B00AA04AF /* ctrl_rain.png in Resources */ = {isa = PBXBuildFile; fileRef = 84E60ADB24769B6B00AA04AF /* ctrl_rain.png */; };
		84E60B7824769B6B00AA04AF /* ssd_thread_thumb.png in Resources */ = {isa = PBXBuildFile; fileRef = 84E60ADC24769B6B00AA04AF /* ssd_thread_thumb.png */; };
		84E60B7924769B6B00AA04AF /* ssd_thread_six.bundle in Resources */ = {isa = PBXBuildFile; fileRef = 84E60ADD24769B6B00AA04AF /* ssd_thread_six.bundle */; };
		84E60B7A24769B6B00AA04AF /* ssd_thread_cute.png in Resources */ = {isa = PBXBuildFile; fileRef = 84E60ADE24769B6B00AA04AF /* ssd_thread_cute.png */; };
		84E60B7B24769B6C00AA04AF /* ssd_thread_six.png in Resources */ = {isa = PBXBuildFile; fileRef = 84E60ADF24769B6B00AA04AF /* ssd_thread_six.png */; };
		84E60B7C24769B6C00AA04AF /* baozi.png in Resources */ = {isa = PBXBuildFile; fileRef = 84E60AE124769B6B00AA04AF /* baozi.png */; };
		84E60B7D24769B6C00AA04AF /* xiongmao.png in Resources */ = {isa = PBXBuildFile; fileRef = 84E60AE224769B6B00AA04AF /* xiongmao.png */; };
		84E60B7E24769B6C00AA04AF /* tiger_bai.bundle in Resources */ = {isa = PBXBuildFile; fileRef = 84E60AE324769B6B00AA04AF /* tiger_bai.bundle */; };
		84E60B7F24769B6C00AA04AF /* tiger.bundle in Resources */ = {isa = PBXBuildFile; fileRef = 84E60AE424769B6B00AA04AF /* tiger.bundle */; };
		84E60B8024769B6C00AA04AF /* tiger_huang.bundle in Resources */ = {isa = PBXBuildFile; fileRef = 84E60AE524769B6B00AA04AF /* tiger_huang.bundle */; };
		84E60B8124769B6C00AA04AF /* xiongmao.bundle in Resources */ = {isa = PBXBuildFile; fileRef = 84E60AE624769B6B00AA04AF /* xiongmao.bundle */; };
		84E60B8224769B6C00AA04AF /* fenhudie.bundle in Resources */ = {isa = PBXBuildFile; fileRef = 84E60AE724769B6B00AA04AF /* fenhudie.bundle */; };
		84E60B8324769B6C00AA04AF /* tiger.png in Resources */ = {isa = PBXBuildFile; fileRef = 84E60AE824769B6B00AA04AF /* tiger.png */; };
		84E60B8424769B6C00AA04AF /* tiger_bai.png in Resources */ = {isa = PBXBuildFile; fileRef = 84E60AE924769B6B00AA04AF /* tiger_bai.png */; };
		84E60B8524769B6C00AA04AF /* fenhudie.png in Resources */ = {isa = PBXBuildFile; fileRef = 84E60AEA24769B6B00AA04AF /* fenhudie.png */; };
		84E60B8624769B6C00AA04AF /* bluebird.bundle in Resources */ = {isa = PBXBuildFile; fileRef = 84E60AEB24769B6B00AA04AF /* bluebird.bundle */; };
		84E60B8724769B6C00AA04AF /* afd.bundle in Resources */ = {isa = PBXBuildFile; fileRef = 84E60AEC24769B6B00AA04AF /* afd.bundle */; };
		84E60B8824769B6C00AA04AF /* baozi.bundle in Resources */ = {isa = PBXBuildFile; fileRef = 84E60AED24769B6B00AA04AF /* baozi.bundle */; };
		84E60B8924769B6C00AA04AF /* tiger_huang.png in Resources */ = {isa = PBXBuildFile; fileRef = 84E60AEE24769B6B00AA04AF /* tiger_huang.png */; };
		84E60B8A24769B6C00AA04AF /* lanhudie.png in Resources */ = {isa = PBXBuildFile; fileRef = 84E60AEF24769B6B00AA04AF /* lanhudie.png */; };
		84E60B8B24769B6C00AA04AF /* bluebird.png in Resources */ = {isa = PBXBuildFile; fileRef = 84E60AF024769B6B00AA04AF /* bluebird.png */; };
		84E60B8C24769B6C00AA04AF /* afd.png in Resources */ = {isa = PBXBuildFile; fileRef = 84E60AF124769B6B00AA04AF /* afd.png */; };
		84E60B8D24769B6C00AA04AF /* lanhudie.bundle in Resources */ = {isa = PBXBuildFile; fileRef = 84E60AF224769B6B00AA04AF /* lanhudie.bundle */; };
		84E60B8E24769B6C00AA04AF /* mask_guocaijie.bundle in Resources */ = {isa = PBXBuildFile; fileRef = 84E60AF424769B6B00AA04AF /* mask_guocaijie.bundle */; };
		84E60B8F24769B6C00AA04AF /* mask_liudehua.png in Resources */ = {isa = PBXBuildFile; fileRef = 84E60AF524769B6B00AA04AF /* mask_liudehua.png */; };
		84E60B9024769B6C00AA04AF /* mask_huangxiaoming.png in Resources */ = {isa = PBXBuildFile; fileRef = 84E60AF624769B6B00AA04AF /* mask_huangxiaoming.png */; };
		84E60B9124769B6C00AA04AF /* mask_luhan.png in Resources */ = {isa = PBXBuildFile; fileRef = 84E60AF724769B6B00AA04AF /* mask_luhan.png */; };
		84E60B9224769B6C00AA04AF /* mask_linzhiling.bundle in Resources */ = {isa = PBXBuildFile; fileRef = 84E60AF824769B6B00AA04AF /* mask_linzhiling.bundle */; };
		84E60B9324769B6C00AA04AF /* mask_guocaijie.png in Resources */ = {isa = PBXBuildFile; fileRef = 84E60AF924769B6B00AA04AF /* mask_guocaijie.png */; };
		84E60B9424769B6C00AA04AF /* mask_luhan.bundle in Resources */ = {isa = PBXBuildFile; fileRef = 84E60AFA24769B6B00AA04AF /* mask_luhan.bundle */; };
		84E60B9524769B6C00AA04AF /* mask_matianyu.bundle in Resources */ = {isa = PBXBuildFile; fileRef = 84E60AFB24769B6B00AA04AF /* mask_matianyu.bundle */; };
		84E60B9624769B6C00AA04AF /* mask_liudehua.bundle in Resources */ = {isa = PBXBuildFile; fileRef = 84E60AFC24769B6B00AA04AF /* mask_liudehua.bundle */; };
		84E60B9724769B6C00AA04AF /* mask_huangxiaoming.bundle in Resources */ = {isa = PBXBuildFile; fileRef = 84E60AFD24769B6B00AA04AF /* mask_huangxiaoming.bundle */; };
		84E60B9824769B6C00AA04AF /* mask_tongliya.bundle in Resources */ = {isa = PBXBuildFile; fileRef = 84E60AFE24769B6B00AA04AF /* mask_tongliya.bundle */; };
		84E60B9924769B6C00AA04AF /* mask_linzhiling.png in Resources */ = {isa = PBXBuildFile; fileRef = 84E60AFF24769B6B00AA04AF /* mask_linzhiling.png */; };
		84E60B9A24769B6C00AA04AF /* mask_matianyu.png in Resources */ = {isa = PBXBuildFile; fileRef = 84E60B0024769B6B00AA04AF /* mask_matianyu.png */; };
		84E60B9B24769B6C00AA04AF /* mask_tongliya.png in Resources */ = {isa = PBXBuildFile; fileRef = 84E60B0124769B6B00AA04AF /* mask_tongliya.png */; };
		84E60B9C24769B6C00AA04AF /* picasso_e2.bundle in Resources */ = {isa = PBXBuildFile; fileRef = 84E60B0324769B6B00AA04AF /* picasso_e2.bundle */; };
		84E60B9D24769B6C00AA04AF /* picasso_e2.png in Resources */ = {isa = PBXBuildFile; fileRef = 84E60B0424769B6B00AA04AF /* picasso_e2.png */; };
		84E60B9E24769B6C00AA04AF /* picasso_e3.png in Resources */ = {isa = PBXBuildFile; fileRef = 84E60B0524769B6B00AA04AF /* picasso_e3.png */; };
		84E60B9F24769B6C00AA04AF /* picasso_e1.png in Resources */ = {isa = PBXBuildFile; fileRef = 84E60B0624769B6B00AA04AF /* picasso_e1.png */; };
		84E60BA024769B6C00AA04AF /* picasso_e3.bundle in Resources */ = {isa = PBXBuildFile; fileRef = 84E60B0724769B6B00AA04AF /* picasso_e3.bundle */; };
		84E60BA124769B6C00AA04AF /* picasso_e1.bundle in Resources */ = {isa = PBXBuildFile; fileRef = 84E60B0824769B6B00AA04AF /* picasso_e1.bundle */; };
		84E60BA224769B6C00AA04AF /* future_warrior.png in Resources */ = {isa = PBXBuildFile; fileRef = 84E60B0A24769B6B00AA04AF /* future_warrior.png */; };
		84E60BA324769B6C00AA04AF /* luhantongkuan_ztt_fu.png in Resources */ = {isa = PBXBuildFile; fileRef = 84E60B0B24769B6B00AA04AF /* luhantongkuan_ztt_fu.png */; };
		84E60BA424769B6C00AA04AF /* sdx2.png in Resources */ = {isa = PBXBuildFile; fileRef = 84E60B0C24769B6B00AA04AF /* sdx2.png */; };
		84E60BA524769B6C00AA04AF /* jet_mask.bundle in Resources */ = {isa = PBXBuildFile; fileRef = 84E60B0D24769B6B00AA04AF /* jet_mask.bundle */; };
		84E60BA624769B6C00AA04AF /* xiaobianzi_zh_fu.bundle in Resources */ = {isa = PBXBuildFile; fileRef = 84E60B0E24769B6B00AA04AF /* xiaobianzi_zh_fu.bundle */; };
		84E60BA724769B6C00AA04AF /* qingqing_ztt_fu.bundle in Resources */ = {isa = PBXBuildFile; fileRef = 84E60B0F24769B6B00AA04AF /* qingqing_ztt_fu.bundle */; };
		84E60BA824769B6C00AA04AF /* qingqing_ztt_fu.png in Resources */ = {isa = PBXBuildFile; fileRef = 84E60B1024769B6B00AA04AF /* qingqing_ztt_fu.png */; };
		84E60BA924769B6C00AA04AF /* xiaoxueshen_ztt_fu.bundle in Resources */ = {isa = PBXBuildFile; fileRef = 84E60B1124769B6B00AA04AF /* xiaoxueshen_ztt_fu.bundle */; };
		84E60BAA24769B6C00AA04AF /* future_warrior.bundle in Resources */ = {isa = PBXBuildFile; fileRef = 84E60B1224769B6B00AA04AF /* future_warrior.bundle */; };
		84E60BAB24769B6C00AA04AF /* luhantongkuan_ztt_fu.bundle in Resources */ = {isa = PBXBuildFile; fileRef = 84E60B1324769B6B00AA04AF /* luhantongkuan_ztt_fu.bundle */; };
		84E60BAC24769B6C00AA04AF /* xiaoxueshen_ztt_fu.png in Resources */ = {isa = PBXBuildFile; fileRef = 84E60B1424769B6B00AA04AF /* xiaoxueshen_ztt_fu.png */; };
		84E60BAD24769B6C00AA04AF /* xiaobianzi_zh_fu.png in Resources */ = {isa = PBXBuildFile; fileRef = 84E60B1524769B6B00AA04AF /* xiaobianzi_zh_fu.png */; };
		84E60BAE24769B6C00AA04AF /* sdx2.bundle in Resources */ = {isa = PBXBuildFile; fileRef = 84E60B1624769B6B00AA04AF /* sdx2.bundle */; };
		84E60BAF24769B6C00AA04AF /* jet_mask.png in Resources */ = {isa = PBXBuildFile; fileRef = 84E60B1724769B6B00AA04AF /* jet_mask.png */; };
		84E60BB024769B6C00AA04AF /* photolive.bundle in Resources */ = {isa = PBXBuildFile; fileRef = 84E60B1924769B6B00AA04AF /* photolive.bundle */; };
		84E60BB124769B6C00AA04AF /* facewarp3.bundle in Resources */ = {isa = PBXBuildFile; fileRef = 84E60B1B24769B6B00AA04AF /* facewarp3.bundle */; };
		84E60BB224769B6C00AA04AF /* facewarp5.bundle in Resources */ = {isa = PBXBuildFile; fileRef = 84E60B1C24769B6B00AA04AF /* facewarp5.bundle */; };
		84E60BB324769B6C00AA04AF /* facewarp6.png in Resources */ = {isa = PBXBuildFile; fileRef = 84E60B1D24769B6B00AA04AF /* facewarp6.png */; };
		84E60BB424769B6C00AA04AF /* facewarp5.png in Resources */ = {isa = PBXBuildFile; fileRef = 84E60B1E24769B6B00AA04AF /* facewarp5.png */; };
		84E60BB524769B6C00AA04AF /* facewarp4.png in Resources */ = {isa = PBXBuildFile; fileRef = 84E60B1F24769B6B00AA04AF /* facewarp4.png */; };
		84E60BB624769B6C00AA04AF /* facewarp3.png in Resources */ = {isa = PBXBuildFile; fileRef = 84E60B2024769B6B00AA04AF /* facewarp3.png */; };
		84E60BB724769B6C00AA04AF /* facewarp2.png in Resources */ = {isa = PBXBuildFile; fileRef = 84E60B2124769B6B00AA04AF /* facewarp2.png */; };
		84E60BB824769B6C00AA04AF /* facewarp2.bundle in Resources */ = {isa = PBXBuildFile; fileRef = 84E60B2224769B6B00AA04AF /* facewarp2.bundle */; };
		84E60BB924769B6C00AA04AF /* facewarp4.bundle in Resources */ = {isa = PBXBuildFile; fileRef = 84E60B2324769B6B00AA04AF /* facewarp4.bundle */; };
		84E60BBA24769B6C00AA04AF /* facewarp6.bundle in Resources */ = {isa = PBXBuildFile; fileRef = 84E60B2424769B6B00AA04AF /* facewarp6.bundle */; };
		84E60BBB24769B6C00AA04AF /* douyin_02.bundle in Resources */ = {isa = PBXBuildFile; fileRef = 84E60B2624769B6B00AA04AF /* douyin_02.bundle */; };
		84E60BBC24769B6C00AA04AF /* douyin.mp3 in Resources */ = {isa = PBXBuildFile; fileRef = 84E60B2724769B6B00AA04AF /* douyin.mp3 */; };
		84E60BBD24769B6C00AA04AF /* douyin_01.png in Resources */ = {isa = PBXBuildFile; fileRef = 84E60B2824769B6B00AA04AF /* douyin_01.png */; };
		84E60BBE24769B6C00AA04AF /* douyin_01.bundle in Resources */ = {isa = PBXBuildFile; fileRef = 84E60B2924769B6B00AA04AF /* douyin_01.bundle */; };
		84E60BBF24769B6C00AA04AF /* douyin_02.png in Resources */ = {isa = PBXBuildFile; fileRef = 84E60B2A24769B6B00AA04AF /* douyin_02.png */; };
		84E60BC024769B6C00AA04AF /* hez_ztt_fu_mp.png in Resources */ = {isa = PBXBuildFile; fileRef = 84E60B2C24769B6B00AA04AF /* hez_ztt_fu_mp.png */; };
		84E60BC124769B6C00AA04AF /* touming.bundle in Resources */ = {isa = PBXBuildFile; fileRef = 84E60B2D24769B6B00AA04AF /* touming.bundle */; };
		84E60BC224769B6C00AA04AF /* touming.png in Resources */ = {isa = PBXBuildFile; fileRef = 84E60B2E24769B6B00AA04AF /* touming.png */; };
		84E60BC324769B6C00AA04AF /* sea_lm_fu_mp.png in Resources */ = {isa = PBXBuildFile; fileRef = 84E60B2F24769B6B00AA04AF /* sea_lm_fu_mp.png */; };
		84E60BC424769B6C00AA04AF /* hez_ztt_fu_mp.bundle in Resources */ = {isa = PBXBuildFile; fileRef = 84E60B3024769B6B00AA04AF /* hez_ztt_fu_mp.bundle */; };
		84E60BC524769B6C00AA04AF /* xiandai_ztt_fu_mp.bundle in Resources */ = {isa = PBXBuildFile; fileRef = 84E60B3124769B6B00AA04AF /* xiandai_ztt_fu_mp.bundle */; };
		84E60BC624769B6C00AA04AF /* gufeng_zh_fu_mp.bundle in Resources */ = {isa = PBXBuildFile; fileRef = 84E60B3224769B6B00AA04AF /* gufeng_zh_fu_mp.bundle */; };
		84E60BC724769B6C00AA04AF /* ice_lm_fu_mp.bundle in Resources */ = {isa = PBXBuildFile; fileRef = 84E60B3324769B6B00AA04AF /* ice_lm_fu_mp.bundle */; };
		84E60BC824769B6C00AA04AF /* sea_lm_fu_mp.bundle in Resources */ = {isa = PBXBuildFile; fileRef = 84E60B3424769B6B00AA04AF /* sea_lm_fu_mp.bundle */; };
		84E60BC924769B6C00AA04AF /* gufeng_zh_fu_mp.png in Resources */ = {isa = PBXBuildFile; fileRef = 84E60B3524769B6B00AA04AF /* gufeng_zh_fu_mp.png */; };
		84E60BCA24769B6C00AA04AF /* xiandai_ztt_fu_mp.png in Resources */ = {isa = PBXBuildFile; fileRef = 84E60B3624769B6B00AA04AF /* xiandai_ztt_fu_mp.png */; };
		84E60BCB24769B6C00AA04AF /* ice_lm_fu_mp.png in Resources */ = {isa = PBXBuildFile; fileRef = 84E60B3724769B6B00AA04AF /* ice_lm_fu_mp.png */; };
		84E60BCC24769B6C00AA04AF /* release_note.txt in Resources */ = {isa = PBXBuildFile; fileRef = 84E60B3924769B6B00AA04AF /* release_note.txt */; };
		84E60BCD24769B6C00AA04AF /* libnama.a in Frameworks */ = {isa = PBXBuildFile; fileRef = 84E60B3A24769B6B00AA04AF /* libnama.a */; };
		84E60BCE24769B6C00AA04AF /* v3.bundle in Resources */ = {isa = PBXBuildFile; fileRef = 84E60B3C24769B6B00AA04AF /* v3.bundle */; };
		84E60BCF24769B6C00AA04AF /* fxaa.bundle in Resources */ = {isa = PBXBuildFile; fileRef = 84E60B3D24769B6B00AA04AF /* fxaa.bundle */; };
		84E60BD024769B6C00AA04AF /* ai_facelandmarks239.bundle in Resources */ = {isa = PBXBuildFile; fileRef = 84E60B3F24769B6B00AA04AF /* ai_facelandmarks239.bundle */; };
		84E60BD124769B6C00AA04AF /* tongue.bundle in Resources */ = {isa = PBXBuildFile; fileRef = 84E60B4024769B6B00AA04AF /* tongue.bundle */; };
		84E60BD224769B6C00AA04AF /* ai_bgseg.bundle in Resources */ = {isa = PBXBuildFile; fileRef = 84E60B4124769B6B00AA04AF /* ai_bgseg.bundle */; };
		84E60BD324769B6C00AA04AF /* ai_facelandmarks209.bundle in Resources */ = {isa = PBXBuildFile; fileRef = 84E60B4224769B6B00AA04AF /* ai_facelandmarks209.bundle */; };
		84E60BD424769B6C00AA04AF /* ai_gesture.bundle in Resources */ = {isa = PBXBuildFile; fileRef = 84E60B4324769B6B00AA04AF /* ai_gesture.bundle */; };
		84E60BD524769B6C00AA04AF /* ai_facelandmarks75.bundle in Resources */ = {isa = PBXBuildFile; fileRef = 84E60B4424769B6B00AA04AF /* ai_facelandmarks75.bundle */; };
		84E60BD624769B6C00AA04AF /* ai_face_processor.bundle in Resources */ = {isa = PBXBuildFile; fileRef = 84E60B4524769B6B00AA04AF /* ai_face_processor.bundle */; };
		84E60BD724769B6C00AA04AF /* ai_hairseg.bundle in Resources */ = {isa = PBXBuildFile; fileRef = 84E60B4624769B6B00AA04AF /* ai_hairseg.bundle */; };
		84E60BD824769B6C00AA04AF /* ai_humanpose.bundle in Resources */ = {isa = PBXBuildFile; fileRef = 84E60B4724769B6B00AA04AF /* ai_humanpose.bundle */; };
		84E60BD924769B6C00AA04AF /* face_beautification.bundle in Resources */ = {isa = PBXBuildFile; fileRef = 84E60B4824769B6B00AA04AF /* face_beautification.bundle */; };
		84E60BDC24769B6C00AA04AF /* libfuai.a in Frameworks */ = {isa = PBXBuildFile; fileRef = 84E60B4E24769B6B00AA04AF /* libfuai.a */; };
		E376188F23FE226100166865 /* dataSource.plist in Resources */ = {isa = PBXBuildFile; fileRef = E376188E23FE226100166865 /* dataSource.plist */; };
/* End PBXBuildFile section */

/* Begin PBXCopyFilesBuildPhase section */
		0F29C6F92052DACE000F8159 /* CopyFiles */ = {
			isa = PBXCopyFilesBuildPhase;
			buildActionMask = 2147483647;
			dstPath = "";
			dstSubfolderSpec = 10;
			files = (
				09EF1A1D246D7D3E0013C1EF /* AGMCapturer.framework in CopyFiles */,
				09EF1A1F246D7D410013C1EF /* AGMBase.framework in CopyFiles */,
				09EF1A1B246D7D390013C1EF /* FUAPIDemoBar.framework in CopyFiles */,
			);
			runOnlyForDeploymentPostprocessing = 0;
		};
/* End PBXCopyFilesBuildPhase section */

/* Begin PBXFileReference section */
		09A71CDF246D7217007AE11A /* FUAPIDemoBar.framework */ = {isa = PBXFileReference; lastKnownFileType = wrapper.framework; path = FUAPIDemoBar.framework; sourceTree = "<group>"; };
		09A71CE1246D724D007AE11A /* AGMBase.framework */ = {isa = PBXFileReference; lastKnownFileType = wrapper.framework; path = AGMBase.framework; sourceTree = "<group>"; };
		09A71CE2246D724D007AE11A /* AGMCapturer.framework */ = {isa = PBXFileReference; lastKnownFileType = wrapper.framework; path = AGMCapturer.framework; sourceTree = "<group>"; };
		09A71CE3246D724E007AE11A /* AgoraRtcEngineKit.framework */ = {isa = PBXFileReference; lastKnownFileType = wrapper.framework; path = AgoraRtcEngineKit.framework; sourceTree = "<group>"; };
		0F02C1EF20550936006EF198 /* MainViewController.h */ = {isa = PBXFileReference; lastKnownFileType = sourcecode.c.h; path = MainViewController.h; sourceTree = "<group>"; };
		0F02C1F020550936006EF198 /* MainViewController.m */ = {isa = PBXFileReference; lastKnownFileType = sourcecode.c.objc; path = MainViewController.m; sourceTree = "<group>"; };
		0F02C1F220550948006EF198 /* RoomViewController.h */ = {isa = PBXFileReference; lastKnownFileType = sourcecode.c.h; path = RoomViewController.h; sourceTree = "<group>"; };
		0F02C1F320550948006EF198 /* RoomViewController.m */ = {isa = PBXFileReference; lastKnownFileType = sourcecode.c.objc; path = RoomViewController.m; sourceTree = "<group>"; };
		0F280F94205666D100CF70CC /* KeyCenter.m */ = {isa = PBXFileReference; fileEncoding = 4; lastKnownFileType = sourcecode.c.objc; path = KeyCenter.m; sourceTree = "<group>"; };
		0F280F95205666D100CF70CC /* KeyCenter.h */ = {isa = PBXFileReference; fileEncoding = 4; lastKnownFileType = sourcecode.c.h; path = KeyCenter.h; sourceTree = "<group>"; };
		0F29C65720525BC6000F8159 /* AgoraWithFaceunity.app */ = {isa = PBXFileReference; explicitFileType = wrapper.application; includeInIndex = 0; path = AgoraWithFaceunity.app; sourceTree = BUILT_PRODUCTS_DIR; };
		0F29C65A20525BC6000F8159 /* AppDelegate.h */ = {isa = PBXFileReference; lastKnownFileType = sourcecode.c.h; path = AppDelegate.h; sourceTree = "<group>"; };
		0F29C65B20525BC6000F8159 /* AppDelegate.m */ = {isa = PBXFileReference; lastKnownFileType = sourcecode.c.objc; path = AppDelegate.m; sourceTree = "<group>"; };
		0F29C66120525BC6000F8159 /* Base */ = {isa = PBXFileReference; lastKnownFileType = file.storyboard; name = Base; path = Base.lproj/Main.storyboard; sourceTree = "<group>"; };
		0F29C66320525BC6000F8159 /* Assets.xcassets */ = {isa = PBXFileReference; lastKnownFileType = folder.assetcatalog; path = Assets.xcassets; sourceTree = "<group>"; };
		0F29C66620525BC6000F8159 /* Base */ = {isa = PBXFileReference; lastKnownFileType = file.storyboard; name = Base; path = Base.lproj/LaunchScreen.storyboard; sourceTree = "<group>"; };
		0F29C66820525BC6000F8159 /* Info.plist */ = {isa = PBXFileReference; lastKnownFileType = text.plist.xml; path = Info.plist; sourceTree = "<group>"; };
		0F29C66920525BC6000F8159 /* main.m */ = {isa = PBXFileReference; lastKnownFileType = sourcecode.c.objc; path = main.m; sourceTree = "<group>"; };
		0F29C6D9205271C1000F8159 /* Accelerate.framework */ = {isa = PBXFileReference; lastKnownFileType = wrapper.framework; name = Accelerate.framework; path = System/Library/Frameworks/Accelerate.framework; sourceTree = SDKROOT; };
		0F29C6E320527DF4000F8159 /* SystemConfiguration.framework */ = {isa = PBXFileReference; lastKnownFileType = wrapper.framework; name = SystemConfiguration.framework; path = System/Library/Frameworks/SystemConfiguration.framework; sourceTree = SDKROOT; };
		0F29C6E520527DFC000F8159 /* CoreMedia.framework */ = {isa = PBXFileReference; lastKnownFileType = wrapper.framework; name = CoreMedia.framework; path = System/Library/Frameworks/CoreMedia.framework; sourceTree = SDKROOT; };
		0F29C6E720527E0B000F8159 /* CoreMotion.framework */ = {isa = PBXFileReference; lastKnownFileType = wrapper.framework; name = CoreMotion.framework; path = System/Library/Frameworks/CoreMotion.framework; sourceTree = SDKROOT; };
		0F29C6E920527E15000F8159 /* CoreTelephony.framework */ = {isa = PBXFileReference; lastKnownFileType = wrapper.framework; name = CoreTelephony.framework; path = System/Library/Frameworks/CoreTelephony.framework; sourceTree = SDKROOT; };
		0F29C6EB20527E23000F8159 /* AVFoundation.framework */ = {isa = PBXFileReference; lastKnownFileType = wrapper.framework; name = AVFoundation.framework; path = System/Library/Frameworks/AVFoundation.framework; sourceTree = SDKROOT; };
		0F29C6ED20527E2F000F8159 /* VideoToolbox.framework */ = {isa = PBXFileReference; lastKnownFileType = wrapper.framework; name = VideoToolbox.framework; path = System/Library/Frameworks/VideoToolbox.framework; sourceTree = SDKROOT; };
		0F29C6EF20527E3A000F8159 /* AudioToolbox.framework */ = {isa = PBXFileReference; lastKnownFileType = wrapper.framework; name = AudioToolbox.framework; path = System/Library/Frameworks/AudioToolbox.framework; sourceTree = SDKROOT; };
		0F29C6F120527E45000F8159 /* libc++.1.tbd */ = {isa = PBXFileReference; lastKnownFileType = "sourcecode.text-based-dylib-definition"; name = "libc++.1.tbd"; path = "usr/lib/libc++.1.tbd"; sourceTree = SDKROOT; };
		0F29C6F320527E50000F8159 /* libresolv.tbd */ = {isa = PBXFileReference; lastKnownFileType = "sourcecode.text-based-dylib-definition"; name = libresolv.tbd; path = usr/lib/libresolv.tbd; sourceTree = SDKROOT; };
		0F7FAAF920E09DC400EF49FD /* FUItemsView.h */ = {isa = PBXFileReference; fileEncoding = 4; lastKnownFileType = sourcecode.c.h; path = FUItemsView.h; sourceTree = "<group>"; };
		0F7FAAFA20E09DC400EF49FD /* FUItemsView.m */ = {isa = PBXFileReference; fileEncoding = 4; lastKnownFileType = sourcecode.c.objc; path = FUItemsView.m; sourceTree = "<group>"; };
		0F7FAAFC20E09E1200EF49FD /* FUItemsViewCell.h */ = {isa = PBXFileReference; fileEncoding = 4; lastKnownFileType = sourcecode.c.h; path = FUItemsViewCell.h; sourceTree = "<group>"; };
		0F7FAAFD20E09E1200EF49FD /* FUItemsViewCell.m */ = {isa = PBXFileReference; fileEncoding = 4; lastKnownFileType = sourcecode.c.objc; path = FUItemsViewCell.m; sourceTree = "<group>"; };
		0F7FAAFF20E0A49F00EF49FD /* FUCamera.h */ = {isa = PBXFileReference; fileEncoding = 4; lastKnownFileType = sourcecode.c.h; path = FUCamera.h; sourceTree = "<group>"; };
		0F7FAB0020E0A49F00EF49FD /* FUCamera.m */ = {isa = PBXFileReference; fileEncoding = 4; lastKnownFileType = sourcecode.c.objc; path = FUCamera.m; sourceTree = "<group>"; };
		0F7FAB0220E0D61D00EF49FD /* FUManager.h */ = {isa = PBXFileReference; fileEncoding = 4; lastKnownFileType = sourcecode.c.h; path = FUManager.h; sourceTree = "<group>"; };
		0F7FAB0320E0D61D00EF49FD /* FUManager.m */ = {isa = PBXFileReference; fileEncoding = 4; lastKnownFileType = sourcecode.c.objc; path = FUManager.m; sourceTree = "<group>"; };
		0FD4E2022105C4D5006E46A1 /* zh-Hans */ = {isa = PBXFileReference; lastKnownFileType = text.plist.strings; name = "zh-Hans"; path = "zh-Hans.lproj/Main.strings"; sourceTree = "<group>"; };
		0FD4E2062105C747006E46A1 /* zh-Hans */ = {isa = PBXFileReference; lastKnownFileType = text.plist.strings; name = "zh-Hans"; path = "zh-Hans.lproj/Localizable.strings"; sourceTree = "<group>"; };
		0FD4E2082105C754006E46A1 /* en */ = {isa = PBXFileReference; lastKnownFileType = text.plist.strings; name = en; path = en.lproj/Localizable.strings; sourceTree = "<group>"; };
		0FD4E20A2105C84A006E46A1 /* Base */ = {isa = PBXFileReference; lastKnownFileType = text.plist.strings; name = Base; path = Base.lproj/Localizable.strings; sourceTree = "<group>"; };
		0FDB807C20DA4633005D9C58 /* FULiveCell.h */ = {isa = PBXFileReference; lastKnownFileType = sourcecode.c.h; path = FULiveCell.h; sourceTree = "<group>"; };
		0FDB807D20DA4633005D9C58 /* FULiveCell.m */ = {isa = PBXFileReference; lastKnownFileType = sourcecode.c.objc; path = FULiveCell.m; sourceTree = "<group>"; };
		0FDB807F20DA466C005D9C58 /* FULiveModel.m */ = {isa = PBXFileReference; fileEncoding = 4; lastKnownFileType = sourcecode.c.objc; path = FULiveModel.m; sourceTree = "<group>"; };
		0FDB808020DA466C005D9C58 /* FULiveModel.h */ = {isa = PBXFileReference; fileEncoding = 4; lastKnownFileType = sourcecode.c.h; path = FULiveModel.h; sourceTree = "<group>"; };
		0FDB808620DA4966005D9C58 /* FUOpenGLView.m */ = {isa = PBXFileReference; fileEncoding = 4; lastKnownFileType = sourcecode.c.objc; path = FUOpenGLView.m; sourceTree = "<group>"; };
		0FDB808720DA4966005D9C58 /* FUOpenGLView.h */ = {isa = PBXFileReference; fileEncoding = 4; lastKnownFileType = sourcecode.c.h; path = FUOpenGLView.h; sourceTree = "<group>"; };
		0FDB808B20DA4A70005D9C58 /* FUMusicPlayer.m */ = {isa = PBXFileReference; fileEncoding = 4; lastKnownFileType = sourcecode.c.objc; path = FUMusicPlayer.m; sourceTree = "<group>"; };
		0FDB808C20DA4A70005D9C58 /* FUMusicPlayer.h */ = {isa = PBXFileReference; fileEncoding = 4; lastKnownFileType = sourcecode.c.h; path = FUMusicPlayer.h; sourceTree = "<group>"; };
		2FBF73032224F3940054BAEE /* libc++.tbd */ = {isa = PBXFileReference; lastKnownFileType = "sourcecode.text-based-dylib-definition"; name = "libc++.tbd"; path = "usr/lib/libc++.tbd"; sourceTree = SDKROOT; };
		707BDE562269BD950040211C /* CoreML.framework */ = {isa = PBXFileReference; lastKnownFileType = wrapper.framework; name = CoreML.framework; path = System/Library/Frameworks/CoreML.framework; sourceTree = SDKROOT; };
		84E6097E2476969400AA04AF /* AgoraRtcKit.framework */ = {isa = PBXFileReference; lastKnownFileType = wrapper.framework; path = AgoraRtcKit.framework; sourceTree = "<group>"; };
		84E60AB024769B6B00AA04AF /* wobushi.bundle */ = {isa = PBXFileReference; lastKnownFileType = file; path = wobushi.bundle; sourceTree = "<group>"; };
		84E60AB124769B6B00AA04AF /* gaoshiqing.bundle */ = {isa = PBXFileReference; lastKnownFileType = file; path = gaoshiqing.bundle; sourceTree = "<group>"; };
		84E60AB224769B6B00AA04AF /* xueqiu_lm_fu.png */ = {isa = PBXFileReference; lastKnownFileType = image.png; path = xueqiu_lm_fu.png; sourceTree = "<group>"; };
		84E60AB324769B6B00AA04AF /* fashi.bundle */ = {isa = PBXFileReference; lastKnownFileType = file; path = fashi.bundle; sourceTree = "<group>"; };
		84E60AB424769B6B00AA04AF /* chri1.png */ = {isa = PBXFileReference; lastKnownFileType = image.png; path = chri1.png; sourceTree = "<group>"; };
		84E60AB524769B6B00AA04AF /* gaoshiqing.png */ = {isa = PBXFileReference; lastKnownFileType = image.png; path = gaoshiqing.png; sourceTree = "<group>"; };
		84E60AB624769B6B00AA04AF /* sdlu.png */ = {isa = PBXFileReference; lastKnownFileType = image.png; path = sdlu.png; sourceTree = "<group>"; };
		84E60AB724769B6B00AA04AF /* sdlu.bundle */ = {isa = PBXFileReference; lastKnownFileType = file; path = sdlu.bundle; sourceTree = "<group>"; };
		84E60AB824769B6B00AA04AF /* wobushi.png */ = {isa = PBXFileReference; lastKnownFileType = image.png; path = wobushi.png; sourceTree = "<group>"; };
		84E60AB924769B6B00AA04AF /* xueqiu_lm_fu.bundle */ = {isa = PBXFileReference; lastKnownFileType = file; path = xueqiu_lm_fu.bundle; sourceTree = "<group>"; };
		84E60ABA24769B6B00AA04AF /* fashi.png */ = {isa = PBXFileReference; lastKnownFileType = image.png; path = fashi.png; sourceTree = "<group>"; };
		84E60ABB24769B6B00AA04AF /* DaisyPig.png */ = {isa = PBXFileReference; lastKnownFileType = image.png; path = DaisyPig.png; sourceTree = "<group>"; };
		84E60ABC24769B6B00AA04AF /* chri1.bundle */ = {isa = PBXFileReference; lastKnownFileType = file; path = chri1.bundle; sourceTree = "<group>"; };
		84E60ABD24769B6B00AA04AF /* DaisyPig.bundle */ = {isa = PBXFileReference; lastKnownFileType = file; path = DaisyPig.bundle; sourceTree = "<group>"; };
		84E60ABF24769B6B00AA04AF /* douniuquan_Animoji.bundle */ = {isa = PBXFileReference; lastKnownFileType = file; path = douniuquan_Animoji.bundle; sourceTree = "<group>"; };
		84E60AC024769B6B00AA04AF /* qgirl_Animoji.png */ = {isa = PBXFileReference; lastKnownFileType = image.png; path = qgirl_Animoji.png; sourceTree = "<group>"; };
		84E60AC124769B6B00AA04AF /* douniuquan_Animoji.png */ = {isa = PBXFileReference; lastKnownFileType = image.png; path = douniuquan_Animoji.png; sourceTree = "<group>"; };
		84E60AC224769B6B00AA04AF /* qgirl_Animoji.bundle */ = {isa = PBXFileReference; lastKnownFileType = file; path = qgirl_Animoji.bundle; sourceTree = "<group>"; };
		84E60AC324769B6B00AA04AF /* kuloutou_Animoji.bundle */ = {isa = PBXFileReference; lastKnownFileType = file; path = kuloutou_Animoji.bundle; sourceTree = "<group>"; };
		84E60AC424769B6B00AA04AF /* huangya_Animoji.bundle */ = {isa = PBXFileReference; lastKnownFileType = file; path = huangya_Animoji.bundle; sourceTree = "<group>"; };
		84E60AC524769B6B00AA04AF /* kuloutou_Animoji.png */ = {isa = PBXFileReference; lastKnownFileType = image.png; path = kuloutou_Animoji.png; sourceTree = "<group>"; };
		84E60AC624769B6B00AA04AF /* baimao_Animoji.bundle */ = {isa = PBXFileReference; lastKnownFileType = file; path = baimao_Animoji.bundle; sourceTree = "<group>"; };
		84E60AC724769B6B00AA04AF /* huangya_Animoji.png */ = {isa = PBXFileReference; lastKnownFileType = image.png; path = huangya_Animoji.png; sourceTree = "<group>"; };
		84E60AC824769B6B00AA04AF /* hashiqi_Animoji.png */ = {isa = PBXFileReference; lastKnownFileType = image.png; path = hashiqi_Animoji.png; sourceTree = "<group>"; };
		84E60AC924769B6B00AA04AF /* baimao_Animoji.png */ = {isa = PBXFileReference; lastKnownFileType = image.png; path = baimao_Animoji.png; sourceTree = "<group>"; };
		84E60ACA24769B6B00AA04AF /* hashiqi_Animoji.bundle */ = {isa = PBXFileReference; lastKnownFileType = file; path = hashiqi_Animoji.bundle; sourceTree = "<group>"; };
		84E60ACB24769B6B00AA04AF /* frog_Animoji.png */ = {isa = PBXFileReference; lastKnownFileType = image.png; path = frog_Animoji.png; sourceTree = "<group>"; };
		84E60ACC24769B6B00AA04AF /* hetun_Animoji.bundle */ = {isa = PBXFileReference; lastKnownFileType = file; path = hetun_Animoji.bundle; sourceTree = "<group>"; };
		84E60ACD24769B6B00AA04AF /* hetun_Animoji.png */ = {isa = PBXFileReference; lastKnownFileType = image.png; path = hetun_Animoji.png; sourceTree = "<group>"; };
		84E60ACE24769B6B00AA04AF /* frog_Animoji.bundle */ = {isa = PBXFileReference; lastKnownFileType = file; path = frog_Animoji.bundle; sourceTree = "<group>"; };
		84E60AD024769B6B00AA04AF /* fuzzytoonfilter.bundle */ = {isa = PBXFileReference; lastKnownFileType = file; path = fuzzytoonfilter.bundle; sourceTree = "<group>"; };
		84E60AD224769B6B00AA04AF /* ctrl_snow.png */ = {isa = PBXFileReference; lastKnownFileType = image.png; path = ctrl_snow.png; sourceTree = "<group>"; };
		84E60AD324769B6B00AA04AF /* ssd_thread_cute.bundle */ = {isa = PBXFileReference; lastKnownFileType = file; path = ssd_thread_cute.bundle; sourceTree = "<group>"; };
		84E60AD424769B6B00AA04AF /* ctrl_snow.bundle */ = {isa = PBXFileReference; lastKnownFileType = file; path = ctrl_snow.bundle; sourceTree = "<group>"; };
		84E60AD524769B6B00AA04AF /* ssd_thread_thumb.bundle */ = {isa = PBXFileReference; lastKnownFileType = file; path = ssd_thread_thumb.bundle; sourceTree = "<group>"; };
		84E60AD624769B6B00AA04AF /* ssd_thread_korheart.png */ = {isa = PBXFileReference; lastKnownFileType = image.png; path = ssd_thread_korheart.png; sourceTree = "<group>"; };
		84E60AD724769B6B00AA04AF /* ctrl_flower.bundle */ = {isa = PBXFileReference; lastKnownFileType = file; path = ctrl_flower.bundle; sourceTree = "<group>"; };
		84E60AD824769B6B00AA04AF /* ssd_thread_korheart.bundle */ = {isa = PBXFileReference; lastKnownFileType = file; path = ssd_thread_korheart.bundle; sourceTree = "<group>"; };
		84E60AD924769B6B00AA04AF /* ctrl_rain.bundle */ = {isa = PBXFileReference; lastKnownFileType = file; path = ctrl_rain.bundle; sourceTree = "<group>"; };
		84E60ADA24769B6B00AA04AF /* ctrl_flower.png */ = {isa = PBXFileReference; lastKnownFileType = image.png; path = ctrl_flower.png; sourceTree = "<group>"; };
		84E60ADB24769B6B00AA04AF /* ctrl_rain.png */ = {isa = PBXFileReference; lastKnownFileType = image.png; path = ctrl_rain.png; sourceTree = "<group>"; };
		84E60ADC24769B6B00AA04AF /* ssd_thread_thumb.png */ = {isa = PBXFileReference; lastKnownFileType = image.png; path = ssd_thread_thumb.png; sourceTree = "<group>"; };
		84E60ADD24769B6B00AA04AF /* ssd_thread_six.bundle */ = {isa = PBXFileReference; lastKnownFileType = file; path = ssd_thread_six.bundle; sourceTree = "<group>"; };
		84E60ADE24769B6B00AA04AF /* ssd_thread_cute.png */ = {isa = PBXFileReference; lastKnownFileType = image.png; path = ssd_thread_cute.png; sourceTree = "<group>"; };
		84E60ADF24769B6B00AA04AF /* ssd_thread_six.png */ = {isa = PBXFileReference; lastKnownFileType = image.png; path = ssd_thread_six.png; sourceTree = "<group>"; };
		84E60AE124769B6B00AA04AF /* baozi.png */ = {isa = PBXFileReference; lastKnownFileType = image.png; path = baozi.png; sourceTree = "<group>"; };
		84E60AE224769B6B00AA04AF /* xiongmao.png */ = {isa = PBXFileReference; lastKnownFileType = image.png; path = xiongmao.png; sourceTree = "<group>"; };
		84E60AE324769B6B00AA04AF /* tiger_bai.bundle */ = {isa = PBXFileReference; fileEncoding = 4; lastKnownFileType = text; path = tiger_bai.bundle; sourceTree = "<group>"; };
		84E60AE424769B6B00AA04AF /* tiger.bundle */ = {isa = PBXFileReference; lastKnownFileType = file; path = tiger.bundle; sourceTree = "<group>"; };
		84E60AE524769B6B00AA04AF /* tiger_huang.bundle */ = {isa = PBXFileReference; lastKnownFileType = file; path = tiger_huang.bundle; sourceTree = "<group>"; };
		84E60AE624769B6B00AA04AF /* xiongmao.bundle */ = {isa = PBXFileReference; lastKnownFileType = file; path = xiongmao.bundle; sourceTree = "<group>"; };
		84E60AE724769B6B00AA04AF /* fenhudie.bundle */ = {isa = PBXFileReference; lastKnownFileType = file; path = fenhudie.bundle; sourceTree = "<group>"; };
		84E60AE824769B6B00AA04AF /* tiger.png */ = {isa = PBXFileReference; lastKnownFileType = image.png; path = tiger.png; sourceTree = "<group>"; };
		84E60AE924769B6B00AA04AF /* tiger_bai.png */ = {isa = PBXFileReference; lastKnownFileType = image.png; path = tiger_bai.png; sourceTree = "<group>"; };
		84E60AEA24769B6B00AA04AF /* fenhudie.png */ = {isa = PBXFileReference; lastKnownFileType = image.png; path = fenhudie.png; sourceTree = "<group>"; };
		84E60AEB24769B6B00AA04AF /* bluebird.bundle */ = {isa = PBXFileReference; lastKnownFileType = file; path = bluebird.bundle; sourceTree = "<group>"; };
		84E60AEC24769B6B00AA04AF /* afd.bundle */ = {isa = PBXFileReference; lastKnownFileType = file; path = afd.bundle; sourceTree = "<group>"; };
		84E60AED24769B6B00AA04AF /* baozi.bundle */ = {isa = PBXFileReference; lastKnownFileType = file; path = baozi.bundle; sourceTree = "<group>"; };
		84E60AEE24769B6B00AA04AF /* tiger_huang.png */ = {isa = PBXFileReference; lastKnownFileType = image.png; path = tiger_huang.png; sourceTree = "<group>"; };
		84E60AEF24769B6B00AA04AF /* lanhudie.png */ = {isa = PBXFileReference; lastKnownFileType = image.png; path = lanhudie.png; sourceTree = "<group>"; };
		84E60AF024769B6B00AA04AF /* bluebird.png */ = {isa = PBXFileReference; lastKnownFileType = image.png; path = bluebird.png; sourceTree = "<group>"; };
		84E60AF124769B6B00AA04AF /* afd.png */ = {isa = PBXFileReference; lastKnownFileType = image.png; path = afd.png; sourceTree = "<group>"; };
		84E60AF224769B6B00AA04AF /* lanhudie.bundle */ = {isa = PBXFileReference; lastKnownFileType = file; path = lanhudie.bundle; sourceTree = "<group>"; };
		84E60AF424769B6B00AA04AF /* mask_guocaijie.bundle */ = {isa = PBXFileReference; lastKnownFileType = file; path = mask_guocaijie.bundle; sourceTree = "<group>"; };
		84E60AF524769B6B00AA04AF /* mask_liudehua.png */ = {isa = PBXFileReference; lastKnownFileType = image.png; path = mask_liudehua.png; sourceTree = "<group>"; };
		84E60AF624769B6B00AA04AF /* mask_huangxiaoming.png */ = {isa = PBXFileReference; lastKnownFileType = image.png; path = mask_huangxiaoming.png; sourceTree = "<group>"; };
		84E60AF724769B6B00AA04AF /* mask_luhan.png */ = {isa = PBXFileReference; lastKnownFileType = image.png; path = mask_luhan.png; sourceTree = "<group>"; };
		84E60AF824769B6B00AA04AF /* mask_linzhiling.bundle */ = {isa = PBXFileReference; lastKnownFileType = file; path = mask_linzhiling.bundle; sourceTree = "<group>"; };
		84E60AF924769B6B00AA04AF /* mask_guocaijie.png */ = {isa = PBXFileReference; lastKnownFileType = image.png; path = mask_guocaijie.png; sourceTree = "<group>"; };
		84E60AFA24769B6B00AA04AF /* mask_luhan.bundle */ = {isa = PBXFileReference; lastKnownFileType = file; path = mask_luhan.bundle; sourceTree = "<group>"; };
		84E60AFB24769B6B00AA04AF /* mask_matianyu.bundle */ = {isa = PBXFileReference; lastKnownFileType = file; path = mask_matianyu.bundle; sourceTree = "<group>"; };
		84E60AFC24769B6B00AA04AF /* mask_liudehua.bundle */ = {isa = PBXFileReference; lastKnownFileType = file; path = mask_liudehua.bundle; sourceTree = "<group>"; };
		84E60AFD24769B6B00AA04AF /* mask_huangxiaoming.bundle */ = {isa = PBXFileReference; lastKnownFileType = file; path = mask_huangxiaoming.bundle; sourceTree = "<group>"; };
		84E60AFE24769B6B00AA04AF /* mask_tongliya.bundle */ = {isa = PBXFileReference; lastKnownFileType = file; path = mask_tongliya.bundle; sourceTree = "<group>"; };
		84E60AFF24769B6B00AA04AF /* mask_linzhiling.png */ = {isa = PBXFileReference; lastKnownFileType = image.png; path = mask_linzhiling.png; sourceTree = "<group>"; };
		84E60B0024769B6B00AA04AF /* mask_matianyu.png */ = {isa = PBXFileReference; lastKnownFileType = image.png; path = mask_matianyu.png; sourceTree = "<group>"; };
		84E60B0124769B6B00AA04AF /* mask_tongliya.png */ = {isa = PBXFileReference; lastKnownFileType = image.png; path = mask_tongliya.png; sourceTree = "<group>"; };
		84E60B0324769B6B00AA04AF /* picasso_e2.bundle */ = {isa = PBXFileReference; lastKnownFileType = file; path = picasso_e2.bundle; sourceTree = "<group>"; };
		84E60B0424769B6B00AA04AF /* picasso_e2.png */ = {isa = PBXFileReference; lastKnownFileType = image.png; path = picasso_e2.png; sourceTree = "<group>"; };
		84E60B0524769B6B00AA04AF /* picasso_e3.png */ = {isa = PBXFileReference; lastKnownFileType = image.png; path = picasso_e3.png; sourceTree = "<group>"; };
		84E60B0624769B6B00AA04AF /* picasso_e1.png */ = {isa = PBXFileReference; lastKnownFileType = image.png; path = picasso_e1.png; sourceTree = "<group>"; };
		84E60B0724769B6B00AA04AF /* picasso_e3.bundle */ = {isa = PBXFileReference; lastKnownFileType = file; path = picasso_e3.bundle; sourceTree = "<group>"; };
		84E60B0824769B6B00AA04AF /* picasso_e1.bundle */ = {isa = PBXFileReference; lastKnownFileType = file; path = picasso_e1.bundle; sourceTree = "<group>"; };
		84E60B0A24769B6B00AA04AF /* future_warrior.png */ = {isa = PBXFileReference; lastKnownFileType = image.png; path = future_warrior.png; sourceTree = "<group>"; };
		84E60B0B24769B6B00AA04AF /* luhantongkuan_ztt_fu.png */ = {isa = PBXFileReference; lastKnownFileType = image.png; path = luhantongkuan_ztt_fu.png; sourceTree = "<group>"; };
		84E60B0C24769B6B00AA04AF /* sdx2.png */ = {isa = PBXFileReference; lastKnownFileType = image.png; path = sdx2.png; sourceTree = "<group>"; };
		84E60B0D24769B6B00AA04AF /* jet_mask.bundle */ = {isa = PBXFileReference; lastKnownFileType = file; path = jet_mask.bundle; sourceTree = "<group>"; };
		84E60B0E24769B6B00AA04AF /* xiaobianzi_zh_fu.bundle */ = {isa = PBXFileReference; lastKnownFileType = file; path = xiaobianzi_zh_fu.bundle; sourceTree = "<group>"; };
		84E60B0F24769B6B00AA04AF /* qingqing_ztt_fu.bundle */ = {isa = PBXFileReference; lastKnownFileType = file; path = qingqing_ztt_fu.bundle; sourceTree = "<group>"; };
		84E60B1024769B6B00AA04AF /* qingqing_ztt_fu.png */ = {isa = PBXFileReference; lastKnownFileType = image.png; path = qingqing_ztt_fu.png; sourceTree = "<group>"; };
		84E60B1124769B6B00AA04AF /* xiaoxueshen_ztt_fu.bundle */ = {isa = PBXFileReference; lastKnownFileType = file; path = xiaoxueshen_ztt_fu.bundle; sourceTree = "<group>"; };
		84E60B1224769B6B00AA04AF /* future_warrior.bundle */ = {isa = PBXFileReference; lastKnownFileType = file; path = future_warrior.bundle; sourceTree = "<group>"; };
		84E60B1324769B6B00AA04AF /* luhantongkuan_ztt_fu.bundle */ = {isa = PBXFileReference; lastKnownFileType = file; path = luhantongkuan_ztt_fu.bundle; sourceTree = "<group>"; };
		84E60B1424769B6B00AA04AF /* xiaoxueshen_ztt_fu.png */ = {isa = PBXFileReference; lastKnownFileType = image.png; path = xiaoxueshen_ztt_fu.png; sourceTree = "<group>"; };
		84E60B1524769B6B00AA04AF /* xiaobianzi_zh_fu.png */ = {isa = PBXFileReference; lastKnownFileType = image.png; path = xiaobianzi_zh_fu.png; sourceTree = "<group>"; };
		84E60B1624769B6B00AA04AF /* sdx2.bundle */ = {isa = PBXFileReference; lastKnownFileType = file; path = sdx2.bundle; sourceTree = "<group>"; };
		84E60B1724769B6B00AA04AF /* jet_mask.png */ = {isa = PBXFileReference; lastKnownFileType = image.png; path = jet_mask.png; sourceTree = "<group>"; };
		84E60B1924769B6B00AA04AF /* photolive.bundle */ = {isa = PBXFileReference; lastKnownFileType = file; path = photolive.bundle; sourceTree = "<group>"; };
		84E60B1B24769B6B00AA04AF /* facewarp3.bundle */ = {isa = PBXFileReference; lastKnownFileType = file; path = facewarp3.bundle; sourceTree = "<group>"; };
		84E60B1C24769B6B00AA04AF /* facewarp5.bundle */ = {isa = PBXFileReference; lastKnownFileType = file; path = facewarp5.bundle; sourceTree = "<group>"; };
		84E60B1D24769B6B00AA04AF /* facewarp6.png */ = {isa = PBXFileReference; lastKnownFileType = image.png; path = facewarp6.png; sourceTree = "<group>"; };
		84E60B1E24769B6B00AA04AF /* facewarp5.png */ = {isa = PBXFileReference; lastKnownFileType = image.png; path = facewarp5.png; sourceTree = "<group>"; };
		84E60B1F24769B6B00AA04AF /* facewarp4.png */ = {isa = PBXFileReference; lastKnownFileType = image.png; path = facewarp4.png; sourceTree = "<group>"; };
		84E60B2024769B6B00AA04AF /* facewarp3.png */ = {isa = PBXFileReference; lastKnownFileType = image.png; path = facewarp3.png; sourceTree = "<group>"; };
		84E60B2124769B6B00AA04AF /* facewarp2.png */ = {isa = PBXFileReference; lastKnownFileType = image.png; path = facewarp2.png; sourceTree = "<group>"; };
		84E60B2224769B6B00AA04AF /* facewarp2.bundle */ = {isa = PBXFileReference; lastKnownFileType = file; path = facewarp2.bundle; sourceTree = "<group>"; };
		84E60B2324769B6B00AA04AF /* facewarp4.bundle */ = {isa = PBXFileReference; lastKnownFileType = file; path = facewarp4.bundle; sourceTree = "<group>"; };
		84E60B2424769B6B00AA04AF /* facewarp6.bundle */ = {isa = PBXFileReference; lastKnownFileType = file; path = facewarp6.bundle; sourceTree = "<group>"; };
		84E60B2624769B6B00AA04AF /* douyin_02.bundle */ = {isa = PBXFileReference; lastKnownFileType = file; path = douyin_02.bundle; sourceTree = "<group>"; };
		84E60B2724769B6B00AA04AF /* douyin.mp3 */ = {isa = PBXFileReference; lastKnownFileType = audio.mp3; path = douyin.mp3; sourceTree = "<group>"; };
		84E60B2824769B6B00AA04AF /* douyin_01.png */ = {isa = PBXFileReference; lastKnownFileType = image.png; path = douyin_01.png; sourceTree = "<group>"; };
		84E60B2924769B6B00AA04AF /* douyin_01.bundle */ = {isa = PBXFileReference; lastKnownFileType = file; path = douyin_01.bundle; sourceTree = "<group>"; };
		84E60B2A24769B6B00AA04AF /* douyin_02.png */ = {isa = PBXFileReference; lastKnownFileType = image.png; path = douyin_02.png; sourceTree = "<group>"; };
		84E60B2C24769B6B00AA04AF /* hez_ztt_fu_mp.png */ = {isa = PBXFileReference; lastKnownFileType = image.png; path = hez_ztt_fu_mp.png; sourceTree = "<group>"; };
		84E60B2D24769B6B00AA04AF /* touming.bundle */ = {isa = PBXFileReference; lastKnownFileType = file; path = touming.bundle; sourceTree = "<group>"; };
		84E60B2E24769B6B00AA04AF /* touming.png */ = {isa = PBXFileReference; lastKnownFileType = image.png; path = touming.png; sourceTree = "<group>"; };
		84E60B2F24769B6B00AA04AF /* sea_lm_fu_mp.png */ = {isa = PBXFileReference; lastKnownFileType = image.png; path = sea_lm_fu_mp.png; sourceTree = "<group>"; };
		84E60B3024769B6B00AA04AF /* hez_ztt_fu_mp.bundle */ = {isa = PBXFileReference; lastKnownFileType = file; path = hez_ztt_fu_mp.bundle; sourceTree = "<group>"; };
		84E60B3124769B6B00AA04AF /* xiandai_ztt_fu_mp.bundle */ = {isa = PBXFileReference; lastKnownFileType = file; path = xiandai_ztt_fu_mp.bundle; sourceTree = "<group>"; };
		84E60B3224769B6B00AA04AF /* gufeng_zh_fu_mp.bundle */ = {isa = PBXFileReference; lastKnownFileType = file; path = gufeng_zh_fu_mp.bundle; sourceTree = "<group>"; };
		84E60B3324769B6B00AA04AF /* ice_lm_fu_mp.bundle */ = {isa = PBXFileReference; lastKnownFileType = file; path = ice_lm_fu_mp.bundle; sourceTree = "<group>"; };
		84E60B3424769B6B00AA04AF /* sea_lm_fu_mp.bundle */ = {isa = PBXFileReference; lastKnownFileType = file; path = sea_lm_fu_mp.bundle; sourceTree = "<group>"; };
		84E60B3524769B6B00AA04AF /* gufeng_zh_fu_mp.png */ = {isa = PBXFileReference; lastKnownFileType = image.png; path = gufeng_zh_fu_mp.png; sourceTree = "<group>"; };
		84E60B3624769B6B00AA04AF /* xiandai_ztt_fu_mp.png */ = {isa = PBXFileReference; lastKnownFileType = image.png; path = xiandai_ztt_fu_mp.png; sourceTree = "<group>"; };
		84E60B3724769B6B00AA04AF /* ice_lm_fu_mp.png */ = {isa = PBXFileReference; lastKnownFileType = image.png; path = ice_lm_fu_mp.png; sourceTree = "<group>"; };
		84E60B3924769B6B00AA04AF /* release_note.txt */ = {isa = PBXFileReference; fileEncoding = 4; lastKnownFileType = text; path = release_note.txt; sourceTree = "<group>"; };
		84E60B3A24769B6B00AA04AF /* libnama.a */ = {isa = PBXFileReference; lastKnownFileType = archive.ar; path = libnama.a; sourceTree = "<group>"; };
		84E60B3C24769B6B00AA04AF /* v3.bundle */ = {isa = PBXFileReference; lastKnownFileType = file; path = v3.bundle; sourceTree = "<group>"; };
		84E60B3D24769B6B00AA04AF /* fxaa.bundle */ = {isa = PBXFileReference; lastKnownFileType = file; path = fxaa.bundle; sourceTree = "<group>"; };
		84E60B3F24769B6B00AA04AF /* ai_facelandmarks239.bundle */ = {isa = PBXFileReference; lastKnownFileType = file; path = ai_facelandmarks239.bundle; sourceTree = "<group>"; };
		84E60B4024769B6B00AA04AF /* tongue.bundle */ = {isa = PBXFileReference; lastKnownFileType = file; path = tongue.bundle; sourceTree = "<group>"; };
		84E60B4124769B6B00AA04AF /* ai_bgseg.bundle */ = {isa = PBXFileReference; lastKnownFileType = file; path = ai_bgseg.bundle; sourceTree = "<group>"; };
		84E60B4224769B6B00AA04AF /* ai_facelandmarks209.bundle */ = {isa = PBXFileReference; lastKnownFileType = file; path = ai_facelandmarks209.bundle; sourceTree = "<group>"; };
		84E60B4324769B6B00AA04AF /* ai_gesture.bundle */ = {isa = PBXFileReference; lastKnownFileType = file; path = ai_gesture.bundle; sourceTree = "<group>"; };
		84E60B4424769B6B00AA04AF /* ai_facelandmarks75.bundle */ = {isa = PBXFileReference; lastKnownFileType = file; path = ai_facelandmarks75.bundle; sourceTree = "<group>"; };
		84E60B4524769B6B00AA04AF /* ai_face_processor.bundle */ = {isa = PBXFileReference; lastKnownFileType = file; path = ai_face_processor.bundle; sourceTree = "<group>"; };
		84E60B4624769B6B00AA04AF /* ai_hairseg.bundle */ = {isa = PBXFileReference; lastKnownFileType = file; path = ai_hairseg.bundle; sourceTree = "<group>"; };
		84E60B4724769B6B00AA04AF /* ai_humanpose.bundle */ = {isa = PBXFileReference; lastKnownFileType = file; path = ai_humanpose.bundle; sourceTree = "<group>"; };
		84E60B4824769B6B00AA04AF /* face_beautification.bundle */ = {isa = PBXFileReference; lastKnownFileType = file; path = face_beautification.bundle; sourceTree = "<group>"; };
		84E60B4C24769B6B00AA04AF /* funama.h */ = {isa = PBXFileReference; fileEncoding = 4; lastKnownFileType = sourcecode.c.h; path = funama.h; sourceTree = "<group>"; };
		84E60B4D24769B6B00AA04AF /* FURenderer.h */ = {isa = PBXFileReference; fileEncoding = 4; lastKnownFileType = sourcecode.c.h; path = FURenderer.h; sourceTree = "<group>"; };
		84E60B4E24769B6B00AA04AF /* libfuai.a */ = {isa = PBXFileReference; lastKnownFileType = archive.ar; path = libfuai.a; sourceTree = "<group>"; };
		84E60BDD24769DDD00AA04AF /* authpack.h */ = {isa = PBXFileReference; fileEncoding = 4; lastKnownFileType = sourcecode.c.h; path = authpack.h; sourceTree = "<group>"; };
		E376188E23FE226100166865 /* dataSource.plist */ = {isa = PBXFileReference; fileEncoding = 4; lastKnownFileType = text.plist.xml; path = dataSource.plist; sourceTree = "<group>"; };
/* End PBXFileReference section */

/* Begin PBXFrameworksBuildPhase section */
		0F29C65420525BC6000F8159 /* Frameworks */ = {
			isa = PBXFrameworksBuildPhase;
			buildActionMask = 2147483647;
			files = (
				84E6097F2476969400AA04AF /* AgoraRtcKit.framework in Frameworks */,
				707BDE572269BD950040211C /* CoreML.framework in Frameworks */,
				09EF1A1C246D7D3E0013C1EF /* AGMCapturer.framework in Frameworks */,
				2FBF73042224F3940054BAEE /* libc++.tbd in Frameworks */,
				84E60BCD24769B6C00AA04AF /* libnama.a in Frameworks */,
				0F02C1FB20561D1B006EF198 /* AudioToolbox.framework in Frameworks */,
				0F02C1FA20561D14006EF198 /* VideoToolbox.framework in Frameworks */,
				0F02C1F920561D0D006EF198 /* AVFoundation.framework in Frameworks */,
				09A71CE0246D7217007AE11A /* FUAPIDemoBar.framework in Frameworks */,
				0F02C1F820561D04006EF198 /* CoreTelephony.framework in Frameworks */,
				09EF1A1A246D7D390013C1EF /* FUAPIDemoBar.framework in Frameworks */,
				0F02C1F620561CF6006EF198 /* CoreMedia.framework in Frameworks */,
				09EF1A1E246D7D410013C1EF /* AGMBase.framework in Frameworks */,
				0F02C1F720561CF6006EF198 /* CoreMotion.framework in Frameworks */,
				0F29C6F420527E50000F8159 /* libresolv.tbd in Frameworks */,
				0F29C6E420527DF4000F8159 /* SystemConfiguration.framework in Frameworks */,
				84E60BDC24769B6C00AA04AF /* libfuai.a in Frameworks */,
				09A71CE4246D724E007AE11A /* AGMBase.framework in Frameworks */,
				0F29C6DA205271C1000F8159 /* Accelerate.framework in Frameworks */,
				09A71CE5246D724E007AE11A /* AGMCapturer.framework in Frameworks */,
			);
			runOnlyForDeploymentPostprocessing = 0;
		};
/* End PBXFrameworksBuildPhase section */

/* Begin PBXGroup section */
		0F02C1F520561AB6006EF198 /* Controllers */ = {
			isa = PBXGroup;
			children = (
				0F02C1EF20550936006EF198 /* MainViewController.h */,
				0F02C1F020550936006EF198 /* MainViewController.m */,
				0F02C1F220550948006EF198 /* RoomViewController.h */,
				0F02C1F320550948006EF198 /* RoomViewController.m */,
			);
			path = Controllers;
			sourceTree = "<group>";
		};
		0F29C64E20525BC6000F8159 = {
			isa = PBXGroup;
			children = (
				0F29C65920525BC6000F8159 /* AgoraWithFaceunity */,
				0F29C65820525BC6000F8159 /* Products */,
				0F29C6D8205271C0000F8159 /* Frameworks */,
			);
			sourceTree = "<group>";
		};
		0F29C65820525BC6000F8159 /* Products */ = {
			isa = PBXGroup;
			children = (
				0F29C65720525BC6000F8159 /* AgoraWithFaceunity.app */,
			);
			name = Products;
			sourceTree = "<group>";
		};
		0F29C65920525BC6000F8159 /* AgoraWithFaceunity */ = {
			isa = PBXGroup;
			children = (
				0F280F95205666D100CF70CC /* KeyCenter.h */,
				0F280F94205666D100CF70CC /* KeyCenter.m */,
				84E60AAD24769B6B00AA04AF /* Faceunity */,
				0F29C66020525BC6000F8159 /* Main.storyboard */,
				0F02C1F520561AB6006EF198 /* Controllers */,
				0F29C6C320525C9E000F8159 /* FaceunityUtils */,
				A7DB2641218BF54800F6C5AC /* Supporting Files */,
			);
			path = AgoraWithFaceunity;
			sourceTree = "<group>";
		};
		0F29C6C320525C9E000F8159 /* FaceunityUtils */ = {
			isa = PBXGroup;
			children = (
				09A71CDF246D7217007AE11A /* FUAPIDemoBar.framework */,
				0FDB807B20DA45F7005D9C58 /* Views */,
				0F7FAB0220E0D61D00EF49FD /* FUManager.h */,
				0F7FAB0320E0D61D00EF49FD /* FUManager.m */,
				0F7FAAFF20E0A49F00EF49FD /* FUCamera.h */,
				0F7FAB0020E0A49F00EF49FD /* FUCamera.m */,
				0FDB808720DA4966005D9C58 /* FUOpenGLView.h */,
				0FDB808620DA4966005D9C58 /* FUOpenGLView.m */,
				0FDB808C20DA4A70005D9C58 /* FUMusicPlayer.h */,
				0FDB808B20DA4A70005D9C58 /* FUMusicPlayer.m */,
				0FDB808020DA466C005D9C58 /* FULiveModel.h */,
				0FDB807F20DA466C005D9C58 /* FULiveModel.m */,
			);
			path = FaceunityUtils;
			sourceTree = "<group>";
		};
		0F29C6D8205271C0000F8159 /* Frameworks */ = {
			isa = PBXGroup;
			children = (
				84E6097E2476969400AA04AF /* AgoraRtcKit.framework */,
				09A71CE1246D724D007AE11A /* AGMBase.framework */,
				09A71CE2246D724D007AE11A /* AGMCapturer.framework */,
				09A71CE3246D724E007AE11A /* AgoraRtcEngineKit.framework */,
				707BDE562269BD950040211C /* CoreML.framework */,
				2FBF73032224F3940054BAEE /* libc++.tbd */,
				0F29C6F320527E50000F8159 /* libresolv.tbd */,
				0F29C6F120527E45000F8159 /* libc++.1.tbd */,
				0F29C6EF20527E3A000F8159 /* AudioToolbox.framework */,
				0F29C6ED20527E2F000F8159 /* VideoToolbox.framework */,
				0F29C6EB20527E23000F8159 /* AVFoundation.framework */,
				0F29C6E920527E15000F8159 /* CoreTelephony.framework */,
				0F29C6E720527E0B000F8159 /* CoreMotion.framework */,
				0F29C6E520527DFC000F8159 /* CoreMedia.framework */,
				0F29C6E320527DF4000F8159 /* SystemConfiguration.framework */,
				0F29C6D9205271C1000F8159 /* Accelerate.framework */,
			);
			name = Frameworks;
			sourceTree = "<group>";
		};
		0FDB807B20DA45F7005D9C58 /* Views */ = {
			isa = PBXGroup;
			children = (
				0F7FAAF920E09DC400EF49FD /* FUItemsView.h */,
				0F7FAAFA20E09DC400EF49FD /* FUItemsView.m */,
				0F7FAAFC20E09E1200EF49FD /* FUItemsViewCell.h */,
				0F7FAAFD20E09E1200EF49FD /* FUItemsViewCell.m */,
				0FDB807C20DA4633005D9C58 /* FULiveCell.h */,
				0FDB807D20DA4633005D9C58 /* FULiveCell.m */,
			);
			path = Views;
			sourceTree = "<group>";
		};
		84E60AAD24769B6B00AA04AF /* Faceunity */ = {
			isa = PBXGroup;
			children = (
				84E60AAE24769B6B00AA04AF /* items */,
				84E60B3824769B6B00AA04AF /* FaceUnity-SDK-iOS */,
			);
			path = Faceunity;
			sourceTree = "<group>";
		};
		84E60AAE24769B6B00AA04AF /* items */ = {
			isa = PBXGroup;
			children = (
				84E60AAF24769B6B00AA04AF /* 道具贴纸 */,
				84E60ABE24769B6B00AA04AF /* Animoji */,
				84E60ACF24769B6B00AA04AF /* 动漫滤镜 */,
				84E60AD124769B6B00AA04AF /* 手势识别 */,
				84E60AE024769B6B00AA04AF /* AR面具 */,
				84E60AF324769B6B00AA04AF /* 换脸 */,
				84E60B0224769B6B00AA04AF /* 人像驱动 */,
				84E60B0924769B6B00AA04AF /* 表情识别 */,
				84E60B1824769B6B00AA04AF /* 异图 */,
				84E60B1A24769B6B00AA04AF /* 哈哈镜 */,
				84E60B2524769B6B00AA04AF /* 音乐滤镜 */,
				84E60B2B24769B6B00AA04AF /* 背景分割 */,
			);
			path = items;
			sourceTree = "<group>";
		};
		84E60AAF24769B6B00AA04AF /* 道具贴纸 */ = {
			isa = PBXGroup;
			children = (
				84E60AB024769B6B00AA04AF /* wobushi.bundle */,
				84E60AB124769B6B00AA04AF /* gaoshiqing.bundle */,
				84E60AB224769B6B00AA04AF /* xueqiu_lm_fu.png */,
				84E60AB324769B6B00AA04AF /* fashi.bundle */,
				84E60AB424769B6B00AA04AF /* chri1.png */,
				84E60AB524769B6B00AA04AF /* gaoshiqing.png */,
				84E60AB624769B6B00AA04AF /* sdlu.png */,
				84E60AB724769B6B00AA04AF /* sdlu.bundle */,
				84E60AB824769B6B00AA04AF /* wobushi.png */,
				84E60AB924769B6B00AA04AF /* xueqiu_lm_fu.bundle */,
				84E60ABA24769B6B00AA04AF /* fashi.png */,
				84E60ABB24769B6B00AA04AF /* DaisyPig.png */,
				84E60ABC24769B6B00AA04AF /* chri1.bundle */,
				84E60ABD24769B6B00AA04AF /* DaisyPig.bundle */,
			);
			path = "道具贴纸";
			sourceTree = "<group>";
		};
		84E60ABE24769B6B00AA04AF /* Animoji */ = {
			isa = PBXGroup;
			children = (
				84E60ABF24769B6B00AA04AF /* douniuquan_Animoji.bundle */,
				84E60AC024769B6B00AA04AF /* qgirl_Animoji.png */,
				84E60AC124769B6B00AA04AF /* douniuquan_Animoji.png */,
				84E60AC224769B6B00AA04AF /* qgirl_Animoji.bundle */,
				84E60AC324769B6B00AA04AF /* kuloutou_Animoji.bundle */,
				84E60AC424769B6B00AA04AF /* huangya_Animoji.bundle */,
				84E60AC524769B6B00AA04AF /* kuloutou_Animoji.png */,
				84E60AC624769B6B00AA04AF /* baimao_Animoji.bundle */,
				84E60AC724769B6B00AA04AF /* huangya_Animoji.png */,
				84E60AC824769B6B00AA04AF /* hashiqi_Animoji.png */,
				84E60AC924769B6B00AA04AF /* baimao_Animoji.png */,
				84E60ACA24769B6B00AA04AF /* hashiqi_Animoji.bundle */,
				84E60ACB24769B6B00AA04AF /* frog_Animoji.png */,
				84E60ACC24769B6B00AA04AF /* hetun_Animoji.bundle */,
				84E60ACD24769B6B00AA04AF /* hetun_Animoji.png */,
				84E60ACE24769B6B00AA04AF /* frog_Animoji.bundle */,
			);
			path = Animoji;
			sourceTree = "<group>";
		};
		84E60ACF24769B6B00AA04AF /* 动漫滤镜 */ = {
			isa = PBXGroup;
			children = (
				84E60AD024769B6B00AA04AF /* fuzzytoonfilter.bundle */,
			);
			path = "动漫滤镜";
			sourceTree = "<group>";
		};
		84E60AD124769B6B00AA04AF /* 手势识别 */ = {
			isa = PBXGroup;
			children = (
				84E60AD224769B6B00AA04AF /* ctrl_snow.png */,
				84E60AD324769B6B00AA04AF /* ssd_thread_cute.bundle */,
				84E60AD424769B6B00AA04AF /* ctrl_snow.bundle */,
				84E60AD524769B6B00AA04AF /* ssd_thread_thumb.bundle */,
				84E60AD624769B6B00AA04AF /* ssd_thread_korheart.png */,
				84E60AD724769B6B00AA04AF /* ctrl_flower.bundle */,
				84E60AD824769B6B00AA04AF /* ssd_thread_korheart.bundle */,
				84E60AD924769B6B00AA04AF /* ctrl_rain.bundle */,
				84E60ADA24769B6B00AA04AF /* ctrl_flower.png */,
				84E60ADB24769B6B00AA04AF /* ctrl_rain.png */,
				84E60ADC24769B6B00AA04AF /* ssd_thread_thumb.png */,
				84E60ADD24769B6B00AA04AF /* ssd_thread_six.bundle */,
				84E60ADE24769B6B00AA04AF /* ssd_thread_cute.png */,
				84E60ADF24769B6B00AA04AF /* ssd_thread_six.png */,
			);
			path = "手势识别";
			sourceTree = "<group>";
		};
		84E60AE024769B6B00AA04AF /* AR面具 */ = {
			isa = PBXGroup;
			children = (
				84E60AE124769B6B00AA04AF /* baozi.png */,
				84E60AE224769B6B00AA04AF /* xiongmao.png */,
				84E60AE324769B6B00AA04AF /* tiger_bai.bundle */,
				84E60AE424769B6B00AA04AF /* tiger.bundle */,
				84E60AE524769B6B00AA04AF /* tiger_huang.bundle */,
				84E60AE624769B6B00AA04AF /* xiongmao.bundle */,
				84E60AE724769B6B00AA04AF /* fenhudie.bundle */,
				84E60AE824769B6B00AA04AF /* tiger.png */,
				84E60AE924769B6B00AA04AF /* tiger_bai.png */,
				84E60AEA24769B6B00AA04AF /* fenhudie.png */,
				84E60AEB24769B6B00AA04AF /* bluebird.bundle */,
				84E60AEC24769B6B00AA04AF /* afd.bundle */,
				84E60AED24769B6B00AA04AF /* baozi.bundle */,
				84E60AEE24769B6B00AA04AF /* tiger_huang.png */,
				84E60AEF24769B6B00AA04AF /* lanhudie.png */,
				84E60AF024769B6B00AA04AF /* bluebird.png */,
				84E60AF124769B6B00AA04AF /* afd.png */,
				84E60AF224769B6B00AA04AF /* lanhudie.bundle */,
			);
			path = "AR面具";
			sourceTree = "<group>";
		};
		84E60AF324769B6B00AA04AF /* 换脸 */ = {
			isa = PBXGroup;
			children = (
				84E60AF424769B6B00AA04AF /* mask_guocaijie.bundle */,
				84E60AF524769B6B00AA04AF /* mask_liudehua.png */,
				84E60AF624769B6B00AA04AF /* mask_huangxiaoming.png */,
				84E60AF724769B6B00AA04AF /* mask_luhan.png */,
				84E60AF824769B6B00AA04AF /* mask_linzhiling.bundle */,
				84E60AF924769B6B00AA04AF /* mask_guocaijie.png */,
				84E60AFA24769B6B00AA04AF /* mask_luhan.bundle */,
				84E60AFB24769B6B00AA04AF /* mask_matianyu.bundle */,
				84E60AFC24769B6B00AA04AF /* mask_liudehua.bundle */,
				84E60AFD24769B6B00AA04AF /* mask_huangxiaoming.bundle */,
				84E60AFE24769B6B00AA04AF /* mask_tongliya.bundle */,
				84E60AFF24769B6B00AA04AF /* mask_linzhiling.png */,
				84E60B0024769B6B00AA04AF /* mask_matianyu.png */,
				84E60B0124769B6B00AA04AF /* mask_tongliya.png */,
			);
			path = "换脸";
			sourceTree = "<group>";
		};
		84E60B0224769B6B00AA04AF /* 人像驱动 */ = {
			isa = PBXGroup;
			children = (
				84E60B0324769B6B00AA04AF /* picasso_e2.bundle */,
				84E60B0424769B6B00AA04AF /* picasso_e2.png */,
				84E60B0524769B6B00AA04AF /* picasso_e3.png */,
				84E60B0624769B6B00AA04AF /* picasso_e1.png */,
				84E60B0724769B6B00AA04AF /* picasso_e3.bundle */,
				84E60B0824769B6B00AA04AF /* picasso_e1.bundle */,
			);
			path = "人像驱动";
			sourceTree = "<group>";
		};
		84E60B0924769B6B00AA04AF /* 表情识别 */ = {
			isa = PBXGroup;
			children = (
				84E60B0A24769B6B00AA04AF /* future_warrior.png */,
				84E60B0B24769B6B00AA04AF /* luhantongkuan_ztt_fu.png */,
				84E60B0C24769B6B00AA04AF /* sdx2.png */,
				84E60B0D24769B6B00AA04AF /* jet_mask.bundle */,
				84E60B0E24769B6B00AA04AF /* xiaobianzi_zh_fu.bundle */,
				84E60B0F24769B6B00AA04AF /* qingqing_ztt_fu.bundle */,
				84E60B1024769B6B00AA04AF /* qingqing_ztt_fu.png */,
				84E60B1124769B6B00AA04AF /* xiaoxueshen_ztt_fu.bundle */,
				84E60B1224769B6B00AA04AF /* future_warrior.bundle */,
				84E60B1324769B6B00AA04AF /* luhantongkuan_ztt_fu.bundle */,
				84E60B1424769B6B00AA04AF /* xiaoxueshen_ztt_fu.png */,
				84E60B1524769B6B00AA04AF /* xiaobianzi_zh_fu.png */,
				84E60B1624769B6B00AA04AF /* sdx2.bundle */,
				84E60B1724769B6B00AA04AF /* jet_mask.png */,
			);
			path = "表情识别";
			sourceTree = "<group>";
		};
		84E60B1824769B6B00AA04AF /* 异图 */ = {
			isa = PBXGroup;
			children = (
				84E60B1924769B6B00AA04AF /* photolive.bundle */,
			);
			path = "异图";
			sourceTree = "<group>";
		};
		84E60B1A24769B6B00AA04AF /* 哈哈镜 */ = {
			isa = PBXGroup;
			children = (
				84E60B1B24769B6B00AA04AF /* facewarp3.bundle */,
				84E60B1C24769B6B00AA04AF /* facewarp5.bundle */,
				84E60B1D24769B6B00AA04AF /* facewarp6.png */,
				84E60B1E24769B6B00AA04AF /* facewarp5.png */,
				84E60B1F24769B6B00AA04AF /* facewarp4.png */,
				84E60B2024769B6B00AA04AF /* facewarp3.png */,
				84E60B2124769B6B00AA04AF /* facewarp2.png */,
				84E60B2224769B6B00AA04AF /* facewarp2.bundle */,
				84E60B2324769B6B00AA04AF /* facewarp4.bundle */,
				84E60B2424769B6B00AA04AF /* facewarp6.bundle */,
			);
			path = "哈哈镜";
			sourceTree = "<group>";
		};
		84E60B2524769B6B00AA04AF /* 音乐滤镜 */ = {
			isa = PBXGroup;
			children = (
				84E60B2624769B6B00AA04AF /* douyin_02.bundle */,
				84E60B2724769B6B00AA04AF /* douyin.mp3 */,
				84E60B2824769B6B00AA04AF /* douyin_01.png */,
				84E60B2924769B6B00AA04AF /* douyin_01.bundle */,
				84E60B2A24769B6B00AA04AF /* douyin_02.png */,
			);
			path = "音乐滤镜";
			sourceTree = "<group>";
		};
		84E60B2B24769B6B00AA04AF /* 背景分割 */ = {
			isa = PBXGroup;
			children = (
				84E60B2C24769B6B00AA04AF /* hez_ztt_fu_mp.png */,
				84E60B2D24769B6B00AA04AF /* touming.bundle */,
				84E60B2E24769B6B00AA04AF /* touming.png */,
				84E60B2F24769B6B00AA04AF /* sea_lm_fu_mp.png */,
				84E60B3024769B6B00AA04AF /* hez_ztt_fu_mp.bundle */,
				84E60B3124769B6B00AA04AF /* xiandai_ztt_fu_mp.bundle */,
				84E60B3224769B6B00AA04AF /* gufeng_zh_fu_mp.bundle */,
				84E60B3324769B6B00AA04AF /* ice_lm_fu_mp.bundle */,
				84E60B3424769B6B00AA04AF /* sea_lm_fu_mp.bundle */,
				84E60B3524769B6B00AA04AF /* gufeng_zh_fu_mp.png */,
				84E60B3624769B6B00AA04AF /* xiandai_ztt_fu_mp.png */,
				84E60B3724769B6B00AA04AF /* ice_lm_fu_mp.png */,
			);
			path = "背景分割";
			sourceTree = "<group>";
		};
		84E60B3824769B6B00AA04AF /* FaceUnity-SDK-iOS */ = {
			isa = PBXGroup;
			children = (
				84E60B3924769B6B00AA04AF /* release_note.txt */,
				84E60B3A24769B6B00AA04AF /* libnama.a */,
				84E60B3B24769B6B00AA04AF /* Resources */,
				84E60B4B24769B6B00AA04AF /* Headers */,
				84E60B4E24769B6B00AA04AF /* libfuai.a */,
			);
			path = "FaceUnity-SDK-iOS";
			sourceTree = "<group>";
		};
		84E60B3B24769B6B00AA04AF /* Resources */ = {
			isa = PBXGroup;
			children = (
				84E60B3C24769B6B00AA04AF /* v3.bundle */,
				84E60B3D24769B6B00AA04AF /* fxaa.bundle */,
				84E60B3E24769B6B00AA04AF /* AI_model */,
				84E60B4824769B6B00AA04AF /* face_beautification.bundle */,
			);
			path = Resources;
			sourceTree = "<group>";
		};
		84E60B3E24769B6B00AA04AF /* AI_model */ = {
			isa = PBXGroup;
			children = (
				84E60B3F24769B6B00AA04AF /* ai_facelandmarks239.bundle */,
				84E60B4024769B6B00AA04AF /* tongue.bundle */,
				84E60B4124769B6B00AA04AF /* ai_bgseg.bundle */,
				84E60B4224769B6B00AA04AF /* ai_facelandmarks209.bundle */,
				84E60B4324769B6B00AA04AF /* ai_gesture.bundle */,
				84E60B4424769B6B00AA04AF /* ai_facelandmarks75.bundle */,
				84E60B4524769B6B00AA04AF /* ai_face_processor.bundle */,
				84E60B4624769B6B00AA04AF /* ai_hairseg.bundle */,
				84E60B4724769B6B00AA04AF /* ai_humanpose.bundle */,
			);
			path = AI_model;
			sourceTree = "<group>";
		};
		84E60B4B24769B6B00AA04AF /* Headers */ = {
			isa = PBXGroup;
			children = (
				84E60BDD24769DDD00AA04AF /* authpack.h */,
				84E60B4C24769B6B00AA04AF /* funama.h */,
				84E60B4D24769B6B00AA04AF /* FURenderer.h */,
			);
			path = Headers;
			sourceTree = "<group>";
		};
		A7DB2641218BF54800F6C5AC /* Supporting Files */ = {
			isa = PBXGroup;
			children = (
				E376188E23FE226100166865 /* dataSource.plist */,
				0F29C65A20525BC6000F8159 /* AppDelegate.h */,
				0F29C65B20525BC6000F8159 /* AppDelegate.m */,
				0F29C66320525BC6000F8159 /* Assets.xcassets */,
				0F29C66520525BC6000F8159 /* LaunchScreen.storyboard */,
				0FD4E2072105C747006E46A1 /* Localizable.strings */,
				0F29C66820525BC6000F8159 /* Info.plist */,
				0F29C66920525BC6000F8159 /* main.m */,
			);
			name = "Supporting Files";
			sourceTree = "<group>";
		};
/* End PBXGroup section */

/* Begin PBXNativeTarget section */
		0F29C65620525BC6000F8159 /* AgoraWithFaceunity */ = {
			isa = PBXNativeTarget;
			buildConfigurationList = 0F29C68320525BC7000F8159 /* Build configuration list for PBXNativeTarget "AgoraWithFaceunity" */;
			buildPhases = (
				0F29C65320525BC6000F8159 /* Sources */,
				E376189023FEA57E00166865 /* unzip */,
				0F29C65420525BC6000F8159 /* Frameworks */,
				0F29C65520525BC6000F8159 /* Resources */,
				0F29C6F92052DACE000F8159 /* CopyFiles */,
			);
			buildRules = (
			);
			dependencies = (
			);
			name = AgoraWithFaceunity;
			productName = AgoraWithFaceunity;
			productReference = 0F29C65720525BC6000F8159 /* AgoraWithFaceunity.app */;
			productType = "com.apple.product-type.application";
		};
/* End PBXNativeTarget section */

/* Begin PBXProject section */
		0F29C64F20525BC6000F8159 /* Project object */ = {
			isa = PBXProject;
			attributes = {
				CLASSPREFIX = "";
				LastUpgradeCheck = 0920;
				ORGANIZATIONNAME = Agora;
				TargetAttributes = {
					0F29C65620525BC6000F8159 = {
						CreatedOnToolsVersion = 9.2;
						ProvisioningStyle = Automatic;
					};
				};
			};
			buildConfigurationList = 0F29C65220525BC6000F8159 /* Build configuration list for PBXProject "AgoraWithFaceunity" */;
			compatibilityVersion = "Xcode 8.0";
			developmentRegion = en;
			hasScannedForEncodings = 0;
			knownRegions = (
				en,
				Base,
				"zh-Hans",
			);
			mainGroup = 0F29C64E20525BC6000F8159;
			productRefGroup = 0F29C65820525BC6000F8159 /* Products */;
			projectDirPath = "";
			projectRoot = "";
			targets = (
				0F29C65620525BC6000F8159 /* AgoraWithFaceunity */,
			);
		};
/* End PBXProject section */

/* Begin PBXResourcesBuildPhase section */
		0F29C65520525BC6000F8159 /* Resources */ = {
			isa = PBXResourcesBuildPhase;
			buildActionMask = 2147483647;
			files = (
				84E60BA124769B6C00AA04AF /* picasso_e1.bundle in Resources */,
				84E60BB724769B6C00AA04AF /* facewarp2.png in Resources */,
				0F29C66720525BC6000F8159 /* LaunchScreen.storyboard in Resources */,
				84E60B9624769B6C00AA04AF /* mask_liudehua.bundle in Resources */,
				84E60BD124769B6C00AA04AF /* tongue.bundle in Resources */,
				84E60BBC24769B6C00AA04AF /* douyin.mp3 in Resources */,
				84E60BA224769B6C00AA04AF /* future_warrior.png in Resources */,
				84E60B8124769B6C00AA04AF /* xiongmao.bundle in Resources */,
				84E60B8C24769B6C00AA04AF /* afd.png in Resources */,
				84E60B9F24769B6C00AA04AF /* picasso_e1.png in Resources */,
				84E60B7224769B6B00AA04AF /* ssd_thread_korheart.png in Resources */,
				84E60BA624769B6C00AA04AF /* xiaobianzi_zh_fu.bundle in Resources */,
				84E60B6424769B6B00AA04AF /* baimao_Animoji.bundle in Resources */,
				84E60BC024769B6C00AA04AF /* hez_ztt_fu_mp.png in Resources */,
				84E60BBD24769B6C00AA04AF /* douyin_01.png in Resources */,
				84E60BCE24769B6C00AA04AF /* v3.bundle in Resources */,
				84E60B8B24769B6C00AA04AF /* bluebird.png in Resources */,
				84E60B7B24769B6C00AA04AF /* ssd_thread_six.png in Resources */,
				84E60BB124769B6C00AA04AF /* facewarp3.bundle in Resources */,
				84E60BD524769B6C00AA04AF /* ai_facelandmarks75.bundle in Resources */,
				84E60BC124769B6C00AA04AF /* touming.bundle in Resources */,
				84E60B9B24769B6C00AA04AF /* mask_tongliya.png in Resources */,
				84E60BA924769B6C00AA04AF /* xiaoxueshen_ztt_fu.bundle in Resources */,
				84E60BB324769B6C00AA04AF /* facewarp6.png in Resources */,
				84E60B6724769B6B00AA04AF /* baimao_Animoji.png in Resources */,
				84E60B9E24769B6C00AA04AF /* picasso_e3.png in Resources */,
				84E60B8E24769B6C00AA04AF /* mask_guocaijie.bundle in Resources */,
				84E60BD024769B6C00AA04AF /* ai_facelandmarks239.bundle in Resources */,
				84E60BB224769B6C00AA04AF /* facewarp5.bundle in Resources */,
				84E60BAC24769B6C00AA04AF /* xiaoxueshen_ztt_fu.png in Resources */,
				84E60BA424769B6C00AA04AF /* sdx2.png in Resources */,
				84E60B6E24769B6B00AA04AF /* ctrl_snow.png in Resources */,
				84E60BD424769B6C00AA04AF /* ai_gesture.bundle in Resources */,
				84E60BAB24769B6C00AA04AF /* luhantongkuan_ztt_fu.bundle in Resources */,
				84E60BAF24769B6C00AA04AF /* jet_mask.png in Resources */,
				84E60B5C24769B6B00AA04AF /* DaisyPig.bundle in Resources */,
				84E60BB624769B6C00AA04AF /* facewarp3.png in Resources */,
				84E60B6C24769B6B00AA04AF /* frog_Animoji.bundle in Resources */,
				84E60BC424769B6C00AA04AF /* hez_ztt_fu_mp.bundle in Resources */,
				84E60B8724769B6C00AA04AF /* afd.bundle in Resources */,
				84E60B8424769B6C00AA04AF /* tiger_bai.png in Resources */,
				84E60B7424769B6B00AA04AF /* ssd_thread_korheart.bundle in Resources */,
				84E60B6B24769B6B00AA04AF /* hetun_Animoji.png in Resources */,
				84E60B9224769B6C00AA04AF /* mask_linzhiling.bundle in Resources */,
				84E60B5E24769B6B00AA04AF /* qgirl_Animoji.png in Resources */,
				84E60BA524769B6C00AA04AF /* jet_mask.bundle in Resources */,
				84E60B7E24769B6C00AA04AF /* tiger_bai.bundle in Resources */,
				84E60B8D24769B6C00AA04AF /* lanhudie.bundle in Resources */,
				84E60B8924769B6C00AA04AF /* tiger_huang.png in Resources */,
				84E60B8324769B6C00AA04AF /* tiger.png in Resources */,
				84E60BC524769B6C00AA04AF /* xiandai_ztt_fu_mp.bundle in Resources */,
				84E60BBA24769B6C00AA04AF /* facewarp6.bundle in Resources */,
				84E60BD724769B6C00AA04AF /* ai_hairseg.bundle in Resources */,
				84E60BD924769B6C00AA04AF /* face_beautification.bundle in Resources */,
				84E60B5A24769B6B00AA04AF /* DaisyPig.png in Resources */,
				84E60B9D24769B6C00AA04AF /* picasso_e2.png in Resources */,
				84E60B9A24769B6C00AA04AF /* mask_matianyu.png in Resources */,
				84E60B9424769B6C00AA04AF /* mask_luhan.bundle in Resources */,
				84E60BA824769B6C00AA04AF /* qingqing_ztt_fu.png in Resources */,
				84E60BC324769B6C00AA04AF /* sea_lm_fu_mp.png in Resources */,
				84E60BA024769B6C00AA04AF /* picasso_e3.bundle in Resources */,
				84E60B6524769B6B00AA04AF /* huangya_Animoji.png in Resources */,
				84E60B5F24769B6B00AA04AF /* douniuquan_Animoji.png in Resources */,
				84E60BD324769B6C00AA04AF /* ai_facelandmarks209.bundle in Resources */,
				84E60B4F24769B6B00AA04AF /* wobushi.bundle in Resources */,
				84E60BCC24769B6C00AA04AF /* release_note.txt in Resources */,
				84E60BC924769B6C00AA04AF /* gufeng_zh_fu_mp.png in Resources */,
				84E60B8524769B6C00AA04AF /* fenhudie.png in Resources */,
				84E60B5024769B6B00AA04AF /* gaoshiqing.bundle in Resources */,
				84E60BCB24769B6C00AA04AF /* ice_lm_fu_mp.png in Resources */,
				84E60B9324769B6C00AA04AF /* mask_guocaijie.png in Resources */,
				84E60B6A24769B6B00AA04AF /* hetun_Animoji.bundle in Resources */,
				84E60B7D24769B6C00AA04AF /* xiongmao.png in Resources */,
				84E60B7F24769B6C00AA04AF /* tiger.bundle in Resources */,
				0F29C66420525BC6000F8159 /* Assets.xcassets in Resources */,
				84E60B9024769B6C00AA04AF /* mask_huangxiaoming.png in Resources */,
				84E60BB024769B6C00AA04AF /* photolive.bundle in Resources */,
				84E60B7924769B6B00AA04AF /* ssd_thread_six.bundle in Resources */,
				84E60BB524769B6C00AA04AF /* facewarp4.png in Resources */,
				84E60B7124769B6B00AA04AF /* ssd_thread_thumb.bundle in Resources */,
				84E60B8824769B6C00AA04AF /* baozi.bundle in Resources */,
				84E60B8224769B6C00AA04AF /* fenhudie.bundle in Resources */,
				84E60B7724769B6B00AA04AF /* ctrl_rain.png in Resources */,
				84E60B6F24769B6B00AA04AF /* ssd_thread_cute.bundle in Resources */,
				84E60BA724769B6C00AA04AF /* qingqing_ztt_fu.bundle in Resources */,
				84E60BC224769B6C00AA04AF /* touming.png in Resources */,
				84E60B8024769B6C00AA04AF /* tiger_huang.bundle in Resources */,
				84E60B6824769B6B00AA04AF /* hashiqi_Animoji.bundle in Resources */,
				84E60BAD24769B6C00AA04AF /* xiaobianzi_zh_fu.png in Resources */,
				84E60BB924769B6C00AA04AF /* facewarp4.bundle in Resources */,
				84E60B8A24769B6C00AA04AF /* lanhudie.png in Resources */,
				84E60B9824769B6C00AA04AF /* mask_tongliya.bundle in Resources */,
				E376188F23FE226100166865 /* dataSource.plist in Resources */,
				84E60B7624769B6B00AA04AF /* ctrl_flower.png in Resources */,
				84E60BC624769B6C00AA04AF /* gufeng_zh_fu_mp.bundle in Resources */,
				84E60BC724769B6C00AA04AF /* ice_lm_fu_mp.bundle in Resources */,
				84E60B6024769B6B00AA04AF /* qgirl_Animoji.bundle in Resources */,
				84E60B9C24769B6C00AA04AF /* picasso_e2.bundle in Resources */,
				84E60BBF24769B6C00AA04AF /* douyin_02.png in Resources */,
				84E60BCA24769B6C00AA04AF /* xiandai_ztt_fu_mp.png in Resources */,
				84E60BB424769B6C00AA04AF /* facewarp5.png in Resources */,
				84E60BD624769B6C00AA04AF /* ai_face_processor.bundle in Resources */,
				84E60B7524769B6B00AA04AF /* ctrl_rain.bundle in Resources */,
				84E60B5824769B6B00AA04AF /* xueqiu_lm_fu.bundle in Resources */,
				84E60B6324769B6B00AA04AF /* kuloutou_Animoji.png in Resources */,
				84E60B5D24769B6B00AA04AF /* douniuquan_Animoji.bundle in Resources */,
				0F29C66220525BC6000F8159 /* Main.storyboard in Resources */,
				84E60B9724769B6C00AA04AF /* mask_huangxiaoming.bundle in Resources */,
				84E60B8F24769B6C00AA04AF /* mask_liudehua.png in Resources */,
				84E60B5924769B6B00AA04AF /* fashi.png in Resources */,
				84E60BC824769B6C00AA04AF /* sea_lm_fu_mp.bundle in Resources */,
				84E60B9924769B6C00AA04AF /* mask_linzhiling.png in Resources */,
				84E60B8624769B6C00AA04AF /* bluebird.bundle in Resources */,
				84E60B9124769B6C00AA04AF /* mask_luhan.png in Resources */,
				84E60B5B24769B6B00AA04AF /* chri1.bundle in Resources */,
				84E60B5224769B6B00AA04AF /* fashi.bundle in Resources */,
				84E60B5724769B6B00AA04AF /* wobushi.png in Resources */,
				84E60BD824769B6C00AA04AF /* ai_humanpose.bundle in Resources */,
				84E60B5424769B6B00AA04AF /* gaoshiqing.png in Resources */,
				84E60B6924769B6B00AA04AF /* frog_Animoji.png in Resources */,
				84E60BBE24769B6C00AA04AF /* douyin_01.bundle in Resources */,
				84E60B7A24769B6B00AA04AF /* ssd_thread_cute.png in Resources */,
				84E60B7824769B6B00AA04AF /* ssd_thread_thumb.png in Resources */,
				84E60B9524769B6C00AA04AF /* mask_matianyu.bundle in Resources */,
				84E60B5624769B6B00AA04AF /* sdlu.bundle in Resources */,
				84E60B6D24769B6B00AA04AF /* fuzzytoonfilter.bundle in Resources */,
				84E60B7024769B6B00AA04AF /* ctrl_snow.bundle in Resources */,
				84E60B7C24769B6C00AA04AF /* baozi.png in Resources */,
				84E60BAA24769B6C00AA04AF /* future_warrior.bundle in Resources */,
				84E60B5324769B6B00AA04AF /* chri1.png in Resources */,
				84E60B5124769B6B00AA04AF /* xueqiu_lm_fu.png in Resources */,
				84E60BB824769B6C00AA04AF /* facewarp2.bundle in Resources */,
				84E60BAE24769B6C00AA04AF /* sdx2.bundle in Resources */,
				84E60B6124769B6B00AA04AF /* kuloutou_Animoji.bundle in Resources */,
				84E60BBB24769B6C00AA04AF /* douyin_02.bundle in Resources */,
				84E60BD224769B6C00AA04AF /* ai_bgseg.bundle in Resources */,
				84E60BCF24769B6C00AA04AF /* fxaa.bundle in Resources */,
				84E60B6624769B6B00AA04AF /* hashiqi_Animoji.png in Resources */,
				0FD4E2052105C747006E46A1 /* Localizable.strings in Resources */,
				84E60B6224769B6B00AA04AF /* huangya_Animoji.bundle in Resources */,
				84E60BA324769B6C00AA04AF /* luhantongkuan_ztt_fu.png in Resources */,
				84E60B5524769B6B00AA04AF /* sdlu.png in Resources */,
				84E60B7324769B6B00AA04AF /* ctrl_flower.bundle in Resources */,
			);
			runOnlyForDeploymentPostprocessing = 0;
		};
/* End PBXResourcesBuildPhase section */

/* Begin PBXShellScriptBuildPhase section */
		E376189023FEA57E00166865 /* unzip */ = {
			isa = PBXShellScriptBuildPhase;
			buildActionMask = 2147483647;
			files = (
			);
			inputFileListPaths = (
			);
			inputPaths = (
			);
			name = unzip;
			outputFileListPaths = (
			);
			outputPaths = (
			);
			runOnlyForDeploymentPostprocessing = 0;
			shellPath = /bin/sh;
			shellScript = "# Type a script or drag a script file from your workspace to insert its path.\n#!/bin/sh/\ncd AgoraWithFaceunity/Faceunity/FaceUnity-SDK-iOS\nfilename=libnama.a\nzipname=libnama.zip\n\nfilename2=libfuai.a\nzipname2=libfuai.zip\nmdcode=$(md5 $filename)\n\nif [ -f \"$zipname\" ];\nthen\nrm -f $filename\nunzip $zipname\nrm -f $zipname\n\nrm -f $filename2\nunzip $zipname2\nrm -f $zipname2\nfi\n";
		};
/* End PBXShellScriptBuildPhase section */

/* Begin PBXSourcesBuildPhase section */
		0F29C65320525BC6000F8159 /* Sources */ = {
			isa = PBXSourcesBuildPhase;
			buildActionMask = 2147483647;
			files = (
				0F7FAAFB20E09DC400EF49FD /* FUItemsView.m in Sources */,
				0F7FAB0420E0D61E00EF49FD /* FUManager.m in Sources */,
				0F29C66A20525BC6000F8159 /* main.m in Sources */,
				0FDB807E20DA4633005D9C58 /* FULiveCell.m in Sources */,
				0FDB808120DA466C005D9C58 /* FULiveModel.m in Sources */,
				0F112314233C39CC00414A13 /* KeyCenter.m in Sources */,
				0F7FAB0120E0A4A000EF49FD /* FUCamera.m in Sources */,
				0F7FAAFE20E09E1200EF49FD /* FUItemsViewCell.m in Sources */,
				0FDB808920DA4966005D9C58 /* FUOpenGLView.m in Sources */,
				0FDB808D20DA4A71005D9C58 /* FUMusicPlayer.m in Sources */,
				0F02C1F420550948006EF198 /* RoomViewController.m in Sources */,
				0F02C1F120550936006EF198 /* MainViewController.m in Sources */,
				0F29C65C20525BC6000F8159 /* AppDelegate.m in Sources */,
			);
			runOnlyForDeploymentPostprocessing = 0;
		};
/* End PBXSourcesBuildPhase section */

/* Begin PBXVariantGroup section */
		0F29C66020525BC6000F8159 /* Main.storyboard */ = {
			isa = PBXVariantGroup;
			children = (
				0F29C66120525BC6000F8159 /* Base */,
				0FD4E2022105C4D5006E46A1 /* zh-Hans */,
			);
			name = Main.storyboard;
			sourceTree = "<group>";
		};
		0F29C66520525BC6000F8159 /* LaunchScreen.storyboard */ = {
			isa = PBXVariantGroup;
			children = (
				0F29C66620525BC6000F8159 /* Base */,
			);
			name = LaunchScreen.storyboard;
			sourceTree = "<group>";
		};
		0FD4E2072105C747006E46A1 /* Localizable.strings */ = {
			isa = PBXVariantGroup;
			children = (
				0FD4E2062105C747006E46A1 /* zh-Hans */,
				0FD4E2082105C754006E46A1 /* en */,
				0FD4E20A2105C84A006E46A1 /* Base */,
			);
			name = Localizable.strings;
			sourceTree = "<group>";
		};
/* End PBXVariantGroup section */

/* Begin XCBuildConfiguration section */
		0F29C68120525BC7000F8159 /* Debug */ = {
			isa = XCBuildConfiguration;
			buildSettings = {
				ALWAYS_SEARCH_USER_PATHS = NO;
				CLANG_ANALYZER_LOCALIZABILITY_NONLOCALIZED = YES;
				CLANG_ANALYZER_NONNULL = YES;
				CLANG_ANALYZER_NUMBER_OBJECT_CONVERSION = YES_AGGRESSIVE;
				CLANG_CXX_LANGUAGE_STANDARD = "gnu++14";
				CLANG_CXX_LIBRARY = "libc++";
				CLANG_ENABLE_MODULES = YES;
				CLANG_ENABLE_OBJC_ARC = YES;
				CLANG_WARN_BLOCK_CAPTURE_AUTORELEASING = YES;
				CLANG_WARN_BOOL_CONVERSION = YES;
				CLANG_WARN_COMMA = YES;
				CLANG_WARN_CONSTANT_CONVERSION = YES;
				CLANG_WARN_DEPRECATED_OBJC_IMPLEMENTATIONS = YES;
				CLANG_WARN_DIRECT_OBJC_ISA_USAGE = YES_ERROR;
				CLANG_WARN_DOCUMENTATION_COMMENTS = YES;
				CLANG_WARN_EMPTY_BODY = YES;
				CLANG_WARN_ENUM_CONVERSION = YES;
				CLANG_WARN_INFINITE_RECURSION = YES;
				CLANG_WARN_INT_CONVERSION = YES;
				CLANG_WARN_NON_LITERAL_NULL_CONVERSION = YES;
				CLANG_WARN_OBJC_IMPLICIT_RETAIN_SELF = YES;
				CLANG_WARN_OBJC_LITERAL_CONVERSION = YES;
				CLANG_WARN_OBJC_ROOT_CLASS = YES_ERROR;
				CLANG_WARN_RANGE_LOOP_ANALYSIS = YES;
				CLANG_WARN_STRICT_PROTOTYPES = YES;
				CLANG_WARN_SUSPICIOUS_MOVE = YES;
				CLANG_WARN_UNGUARDED_AVAILABILITY = YES_AGGRESSIVE;
				CLANG_WARN_UNREACHABLE_CODE = YES;
				CLANG_WARN__DUPLICATE_METHOD_MATCH = YES;
				CODE_SIGN_IDENTITY = "iPhone Developer";
				COPY_PHASE_STRIP = NO;
				DEBUG_INFORMATION_FORMAT = dwarf;
				ENABLE_STRICT_OBJC_MSGSEND = YES;
				ENABLE_TESTABILITY = YES;
				GCC_C_LANGUAGE_STANDARD = gnu11;
				GCC_DYNAMIC_NO_PIC = NO;
				GCC_NO_COMMON_BLOCKS = YES;
				GCC_OPTIMIZATION_LEVEL = 0;
				GCC_PREPROCESSOR_DEFINITIONS = (
					"DEBUG=1",
					"$(inherited)",
				);
				GCC_WARN_64_TO_32_BIT_CONVERSION = YES;
				GCC_WARN_ABOUT_RETURN_TYPE = YES_ERROR;
				GCC_WARN_UNDECLARED_SELECTOR = YES;
				GCC_WARN_UNINITIALIZED_AUTOS = YES_AGGRESSIVE;
				GCC_WARN_UNUSED_FUNCTION = YES;
				GCC_WARN_UNUSED_VARIABLE = YES;
				IPHONEOS_DEPLOYMENT_TARGET = 8.0;
				MTL_ENABLE_DEBUG_INFO = YES;
				ONLY_ACTIVE_ARCH = YES;
				SDKROOT = iphoneos;
			};
			name = Debug;
		};
		0F29C68220525BC7000F8159 /* Release */ = {
			isa = XCBuildConfiguration;
			buildSettings = {
				ALWAYS_SEARCH_USER_PATHS = NO;
				CLANG_ANALYZER_LOCALIZABILITY_NONLOCALIZED = YES;
				CLANG_ANALYZER_NONNULL = YES;
				CLANG_ANALYZER_NUMBER_OBJECT_CONVERSION = YES_AGGRESSIVE;
				CLANG_CXX_LANGUAGE_STANDARD = "gnu++14";
				CLANG_CXX_LIBRARY = "libc++";
				CLANG_ENABLE_MODULES = YES;
				CLANG_ENABLE_OBJC_ARC = YES;
				CLANG_WARN_BLOCK_CAPTURE_AUTORELEASING = YES;
				CLANG_WARN_BOOL_CONVERSION = YES;
				CLANG_WARN_COMMA = YES;
				CLANG_WARN_CONSTANT_CONVERSION = YES;
				CLANG_WARN_DEPRECATED_OBJC_IMPLEMENTATIONS = YES;
				CLANG_WARN_DIRECT_OBJC_ISA_USAGE = YES_ERROR;
				CLANG_WARN_DOCUMENTATION_COMMENTS = YES;
				CLANG_WARN_EMPTY_BODY = YES;
				CLANG_WARN_ENUM_CONVERSION = YES;
				CLANG_WARN_INFINITE_RECURSION = YES;
				CLANG_WARN_INT_CONVERSION = YES;
				CLANG_WARN_NON_LITERAL_NULL_CONVERSION = YES;
				CLANG_WARN_OBJC_IMPLICIT_RETAIN_SELF = YES;
				CLANG_WARN_OBJC_LITERAL_CONVERSION = YES;
				CLANG_WARN_OBJC_ROOT_CLASS = YES_ERROR;
				CLANG_WARN_RANGE_LOOP_ANALYSIS = YES;
				CLANG_WARN_STRICT_PROTOTYPES = YES;
				CLANG_WARN_SUSPICIOUS_MOVE = YES;
				CLANG_WARN_UNGUARDED_AVAILABILITY = YES_AGGRESSIVE;
				CLANG_WARN_UNREACHABLE_CODE = YES;
				CLANG_WARN__DUPLICATE_METHOD_MATCH = YES;
				CODE_SIGN_IDENTITY = "iPhone Developer";
				COPY_PHASE_STRIP = NO;
				DEBUG_INFORMATION_FORMAT = "dwarf-with-dsym";
				ENABLE_NS_ASSERTIONS = NO;
				ENABLE_STRICT_OBJC_MSGSEND = YES;
				GCC_C_LANGUAGE_STANDARD = gnu11;
				GCC_NO_COMMON_BLOCKS = YES;
				GCC_WARN_64_TO_32_BIT_CONVERSION = YES;
				GCC_WARN_ABOUT_RETURN_TYPE = YES_ERROR;
				GCC_WARN_UNDECLARED_SELECTOR = YES;
				GCC_WARN_UNINITIALIZED_AUTOS = YES_AGGRESSIVE;
				GCC_WARN_UNUSED_FUNCTION = YES;
				GCC_WARN_UNUSED_VARIABLE = YES;
				IPHONEOS_DEPLOYMENT_TARGET = 8.0;
				MTL_ENABLE_DEBUG_INFO = NO;
				SDKROOT = iphoneos;
				VALIDATE_PRODUCT = YES;
			};
			name = Release;
		};
		0F29C68420525BC7000F8159 /* Debug */ = {
			isa = XCBuildConfiguration;
			buildSettings = {
				ASSETCATALOG_COMPILER_APPICON_NAME = AppIcon;
				CODE_SIGN_IDENTITY = "Apple Development";
				"CODE_SIGN_IDENTITY[sdk=iphoneos*]" = "iPhone Developer";
				CODE_SIGN_STYLE = Automatic;
				DEVELOPMENT_TEAM = 4578F4TGJA;
				ENABLE_BITCODE = NO;
				FRAMEWORK_SEARCH_PATHS = (
					"$(inherited)",
					"$(PROJECT_DIR)/AgoraWithFaceunity/FaceunityUtils",
					"$(PROJECT_DIR)/AgoraWithFaceunity",
					"$(PROJECT_DIR)",
				);
				HEADER_SEARCH_PATHS = "\"$(SRCROOT)/AgoraWithFaceunity/VideoUtils/Helper/third_party/libyuv/include\"";
				INFOPLIST_FILE = AgoraWithFaceunity/Info.plist;
				IPHONEOS_DEPLOYMENT_TARGET = 9.0;
				LD_RUNPATH_SEARCH_PATHS = "$(inherited) @executable_path/Frameworks";
				LIBRARY_SEARCH_PATHS = (
					"$(inherited)",
					"$(PROJECT_DIR)/AgoraWithFaceunity/Faceunity/FaceUnity-SDK-iOS",
					"$(PROJECT_DIR)",
					"$(PROJECT_DIR)/AgoraWithFaceunity/Controllers/Faceunity/FaceUnity-SDK-iOS",
				);
				OTHER_LDFLAGS = (
					"$(inherited)",
					"-ObjC",
				);
				PRODUCT_BUNDLE_IDENTIFIER = io.agora.rtcwithfuqoo;
				PRODUCT_NAME = "$(TARGET_NAME)";
				PROVISIONING_PROFILE = "";
				PROVISIONING_PROFILE_SPECIFIER = "";
				TARGETED_DEVICE_FAMILY = "1,2";
			};
			name = Debug;
		};
		0F29C68520525BC7000F8159 /* Release */ = {
			isa = XCBuildConfiguration;
			buildSettings = {
				ASSETCATALOG_COMPILER_APPICON_NAME = AppIcon;
				CODE_SIGN_IDENTITY = "Apple Development";
				"CODE_SIGN_IDENTITY[sdk=iphoneos*]" = "iPhone Developer";
				CODE_SIGN_STYLE = Automatic;
				DEVELOPMENT_TEAM = 4578F4TGJA;
				ENABLE_BITCODE = NO;
				FRAMEWORK_SEARCH_PATHS = (
					"$(inherited)",
					"$(PROJECT_DIR)/AgoraWithFaceunity/FaceunityUtils",
					"$(PROJECT_DIR)/AgoraWithFaceunity",
					"$(PROJECT_DIR)",
				);
				HEADER_SEARCH_PATHS = "\"$(SRCROOT)/AgoraWithFaceunity/VideoUtils/Helper/third_party/libyuv/include\"";
				INFOPLIST_FILE = AgoraWithFaceunity/Info.plist;
				IPHONEOS_DEPLOYMENT_TARGET = 9.0;
				LD_RUNPATH_SEARCH_PATHS = "$(inherited) @executable_path/Frameworks";
				LIBRARY_SEARCH_PATHS = (
					"$(inherited)",
					"$(PROJECT_DIR)/AgoraWithFaceunity/Faceunity/FaceUnity-SDK-iOS",
					"$(PROJECT_DIR)",
					"$(PROJECT_DIR)/AgoraWithFaceunity/Controllers/Faceunity/FaceUnity-SDK-iOS",
				);
				OTHER_LDFLAGS = (
					"$(inherited)",
					"-ObjC",
				);
				PRODUCT_BUNDLE_IDENTIFIER = io.agora.rtcwithfuqoo;
				PRODUCT_NAME = "$(TARGET_NAME)";
				PROVISIONING_PROFILE = "";
				PROVISIONING_PROFILE_SPECIFIER = "";
				TARGETED_DEVICE_FAMILY = "1,2";
			};
			name = Release;
		};
/* End XCBuildConfiguration section */

/* Begin XCConfigurationList section */
		0F29C65220525BC6000F8159 /* Build configuration list for PBXProject "AgoraWithFaceunity" */ = {
			isa = XCConfigurationList;
			buildConfigurations = (
				0F29C68120525BC7000F8159 /* Debug */,
				0F29C68220525BC7000F8159 /* Release */,
			);
			defaultConfigurationIsVisible = 0;
			defaultConfigurationName = Release;
		};
		0F29C68320525BC7000F8159 /* Build configuration list for PBXNativeTarget "AgoraWithFaceunity" */ = {
			isa = XCConfigurationList;
			buildConfigurations = (
				0F29C68420525BC7000F8159 /* Debug */,
				0F29C68520525BC7000F8159 /* Release */,
			);
			defaultConfigurationIsVisible = 0;
			defaultConfigurationName = Release;
		};
/* End XCConfigurationList section */
	};
	rootObject = 0F29C64F20525BC6000F8159 /* Project object */;
}
